// !$*UTF8*$!
{
	archiveVersion = 1;
	classes = {
	};
	objectVersion = 46;
	objects = {

/* Begin PBXBuildFile section */
		C214DBBF1C872021000C269E /* WLLSearchedCollectionViewCell.m in Sources */ = {isa = PBXBuildFile; fileRef = C214DBBD1C872021000C269E /* WLLSearchedCollectionViewCell.m */; settings = {ASSET_TAGS = (); }; };
		C214DBC01C872021000C269E /* WLLSearchedCollectionViewCell.xib in Resources */ = {isa = PBXBuildFile; fileRef = C214DBBE1C872021000C269E /* WLLSearchedCollectionViewCell.xib */; settings = {ASSET_TAGS = (); }; };
		C214DBC41C872A2C000C269E /* WLLGuidanceCollectionViewCell.m in Sources */ = {isa = PBXBuildFile; fileRef = C214DBC21C872A2C000C269E /* WLLGuidanceCollectionViewCell.m */; settings = {ASSET_TAGS = (); }; };
		C214DBC51C872A2C000C269E /* WLLGuidanceCollectionViewCell.xib in Resources */ = {isa = PBXBuildFile; fileRef = C214DBC31C872A2C000C269E /* WLLGuidanceCollectionViewCell.xib */; settings = {ASSET_TAGS = (); }; };
		C2431EF01C84672A0061FAB1 /* main.m in Sources */ = {isa = PBXBuildFile; fileRef = C2431EEF1C84672A0061FAB1 /* main.m */; };
		C2431EF91C84672A0061FAB1 /* Main.storyboard in Resources */ = {isa = PBXBuildFile; fileRef = C2431EF71C84672A0061FAB1 /* Main.storyboard */; };
		C2431EFC1C84672A0061FAB1 /* TakingYouFurther.xcdatamodeld in Sources */ = {isa = PBXBuildFile; fileRef = C2431EFA1C84672A0061FAB1 /* TakingYouFurther.xcdatamodeld */; };
		C2431EFE1C84672A0061FAB1 /* Assets.xcassets in Resources */ = {isa = PBXBuildFile; fileRef = C2431EFD1C84672A0061FAB1 /* Assets.xcassets */; };
		C2431F011C84672B0061FAB1 /* LaunchScreen.storyboard in Resources */ = {isa = PBXBuildFile; fileRef = C2431EFF1C84672B0061FAB1 /* LaunchScreen.storyboard */; };
		C2431F171C84687E0061FAB1 /* AppDelegate.m in Sources */ = {isa = PBXBuildFile; fileRef = C2431F0B1C84687E0061FAB1 /* AppDelegate.m */; settings = {ASSET_TAGS = (); }; };
		C2431F191C8468A90061FAB1 /* File1 in Resources */ = {isa = PBXBuildFile; fileRef = C2431F181C8468A90061FAB1 /* File1 */; settings = {ASSET_TAGS = (); }; };
		C2431F1B1C8468B40061FAB1 /* File2 in Resources */ = {isa = PBXBuildFile; fileRef = C2431F1A1C8468B40061FAB1 /* File2 */; settings = {ASSET_TAGS = (); }; };
		C2431F1D1C8468BE0061FAB1 /* File3 in Resources */ = {isa = PBXBuildFile; fileRef = C2431F1C1C8468BE0061FAB1 /* File3 */; settings = {ASSET_TAGS = (); }; };
		C2431F1F1C8468C60061FAB1 /* File4 in Resources */ = {isa = PBXBuildFile; fileRef = C2431F1E1C8468C60061FAB1 /* File4 */; settings = {ASSET_TAGS = (); }; };
		C2431F211C8468CE0061FAB1 /* File5 in Resources */ = {isa = PBXBuildFile; fileRef = C2431F201C8468CE0061FAB1 /* File5 */; settings = {ASSET_TAGS = (); }; };
		C2431F251C8468DD0061FAB1 /* File6 in Resources */ = {isa = PBXBuildFile; fileRef = C2431F241C8468DD0061FAB1 /* File6 */; settings = {ASSET_TAGS = (); }; };
		C2431F291C8468EE0061FAB1 /* File8 in Resources */ = {isa = PBXBuildFile; fileRef = C2431F281C8468EE0061FAB1 /* File8 */; settings = {ASSET_TAGS = (); }; };
		C2431F321C846B870061FAB1 /* WLLHomePageViewController.m in Sources */ = {isa = PBXBuildFile; fileRef = C2431F301C846B870061FAB1 /* WLLHomePageViewController.m */; settings = {ASSET_TAGS = (); }; };
		C2431F331C846B870061FAB1 /* WLLHomePageViewController.xib in Resources */ = {isa = PBXBuildFile; fileRef = C2431F311C846B870061FAB1 /* WLLHomePageViewController.xib */; settings = {ASSET_TAGS = (); }; };
		C2431F371C846BBE0061FAB1 /* WLLDestinationViewController.m in Sources */ = {isa = PBXBuildFile; fileRef = C2431F351C846BBE0061FAB1 /* WLLDestinationViewController.m */; settings = {ASSET_TAGS = (); }; };
		C2431F381C846BBE0061FAB1 /* WLLDestinationViewController.xib in Resources */ = {isa = PBXBuildFile; fileRef = C2431F361C846BBE0061FAB1 /* WLLDestinationViewController.xib */; settings = {ASSET_TAGS = (); }; };
		C2431F3C1C846BD60061FAB1 /* WLLUserViewController.m in Sources */ = {isa = PBXBuildFile; fileRef = C2431F3A1C846BD60061FAB1 /* WLLUserViewController.m */; settings = {ASSET_TAGS = (); }; };
		C2431F3D1C846BD60061FAB1 /* WLLUserViewController.xib in Resources */ = {isa = PBXBuildFile; fileRef = C2431F3B1C846BD60061FAB1 /* WLLUserViewController.xib */; settings = {ASSET_TAGS = (); }; };
		C26E9BA31C87D086001EACFB /* WLLTodayNotesTableViewCell.m in Sources */ = {isa = PBXBuildFile; fileRef = C26E9BA11C87D086001EACFB /* WLLTodayNotesTableViewCell.m */; settings = {ASSET_TAGS = (); }; };
		C26E9BA41C87D086001EACFB /* WLLTodayNotesTableViewCell.xib in Resources */ = {isa = PBXBuildFile; fileRef = C26E9BA21C87D086001EACFB /* WLLTodayNotesTableViewCell.xib */; settings = {ASSET_TAGS = (); }; };
		C26E9BA81C87E821001EACFB /* WLLPopDestinationCollectionViewCell.m in Sources */ = {isa = PBXBuildFile; fileRef = C26E9BA61C87E821001EACFB /* WLLPopDestinationCollectionViewCell.m */; settings = {ASSET_TAGS = (); }; };
		C26E9BA91C87E821001EACFB /* WLLPopDestinationCollectionViewCell.xib in Resources */ = {isa = PBXBuildFile; fileRef = C26E9BA71C87E821001EACFB /* WLLPopDestinationCollectionViewCell.xib */; settings = {ASSET_TAGS = (); }; };
		C26E9BAD1C88141A001EACFB /* WLLRecommendDestinationCollectionViewCell.m in Sources */ = {isa = PBXBuildFile; fileRef = C26E9BAB1C88141A001EACFB /* WLLRecommendDestinationCollectionViewCell.m */; settings = {ASSET_TAGS = (); }; };
		C26E9BAE1C88141A001EACFB /* WLLRecommendDestinationCollectionViewCell.xib in Resources */ = {isa = PBXBuildFile; fileRef = C26E9BAC1C88141A001EACFB /* WLLRecommendDestinationCollectionViewCell.xib */; settings = {ASSET_TAGS = (); }; };
		C26E9BF21C886CF3001EACFB /* WLLFistTableViewCell.m in Sources */ = {isa = PBXBuildFile; fileRef = C26E9BF01C886CF3001EACFB /* WLLFistTableViewCell.m */; settings = {ASSET_TAGS = (); }; };
		C26E9BF31C886CF3001EACFB /* WLLFistTableViewCell.xib in Resources */ = {isa = PBXBuildFile; fileRef = C26E9BF11C886CF3001EACFB /* WLLFistTableViewCell.xib */; settings = {ASSET_TAGS = (); }; };
		C26E9BF51C886F92001EACFB /* 6.jpeg in Resources */ = {isa = PBXBuildFile; fileRef = C26E9BF41C886F92001EACFB /* 6.jpeg */; settings = {ASSET_TAGS = (); }; };
		C26E9BF91C887317001EACFB /* WLLSearchedTableViewCell.m in Sources */ = {isa = PBXBuildFile; fileRef = C26E9BF71C887317001EACFB /* WLLSearchedTableViewCell.m */; settings = {ASSET_TAGS = (); }; };
		C26E9BFA1C887317001EACFB /* WLLSearchedTableViewCell.xib in Resources */ = {isa = PBXBuildFile; fileRef = C26E9BF81C887317001EACFB /* WLLSearchedTableViewCell.xib */; settings = {ASSET_TAGS = (); }; };
		C26E9BFE1C887A57001EACFB /* WLLGuidanceTableViewCell.m in Sources */ = {isa = PBXBuildFile; fileRef = C26E9BFC1C887A57001EACFB /* WLLGuidanceTableViewCell.m */; settings = {ASSET_TAGS = (); }; };
		C26E9BFF1C887A57001EACFB /* WLLGuidanceTableViewCell.xib in Resources */ = {isa = PBXBuildFile; fileRef = C26E9BFD1C887A57001EACFB /* WLLGuidanceTableViewCell.xib */; settings = {ASSET_TAGS = (); }; };
		C26E9C031C8889DE001EACFB /* WLLPopDstinationTableViewCell.m in Sources */ = {isa = PBXBuildFile; fileRef = C26E9C011C8889DE001EACFB /* WLLPopDstinationTableViewCell.m */; settings = {ASSET_TAGS = (); }; };
		C26E9C041C8889DE001EACFB /* WLLPopDstinationTableViewCell.xib in Resources */ = {isa = PBXBuildFile; fileRef = C26E9C021C8889DE001EACFB /* WLLPopDstinationTableViewCell.xib */; settings = {ASSET_TAGS = (); }; };
/* End PBXBuildFile section */

/* Begin PBXFileReference section */
		C214DBBC1C872021000C269E /* WLLSearchedCollectionViewCell.h */ = {isa = PBXFileReference; fileEncoding = 4; lastKnownFileType = sourcecode.c.h; path = WLLSearchedCollectionViewCell.h; sourceTree = "<group>"; };
		C214DBBD1C872021000C269E /* WLLSearchedCollectionViewCell.m */ = {isa = PBXFileReference; fileEncoding = 4; lastKnownFileType = sourcecode.c.objc; path = WLLSearchedCollectionViewCell.m; sourceTree = "<group>"; };
		C214DBBE1C872021000C269E /* WLLSearchedCollectionViewCell.xib */ = {isa = PBXFileReference; fileEncoding = 4; lastKnownFileType = file.xib; path = WLLSearchedCollectionViewCell.xib; sourceTree = "<group>"; };
		C214DBC11C872A2C000C269E /* WLLGuidanceCollectionViewCell.h */ = {isa = PBXFileReference; fileEncoding = 4; lastKnownFileType = sourcecode.c.h; path = WLLGuidanceCollectionViewCell.h; sourceTree = "<group>"; };
		C214DBC21C872A2C000C269E /* WLLGuidanceCollectionViewCell.m */ = {isa = PBXFileReference; fileEncoding = 4; lastKnownFileType = sourcecode.c.objc; path = WLLGuidanceCollectionViewCell.m; sourceTree = "<group>"; };
		C214DBC31C872A2C000C269E /* WLLGuidanceCollectionViewCell.xib */ = {isa = PBXFileReference; fileEncoding = 4; lastKnownFileType = file.xib; path = WLLGuidanceCollectionViewCell.xib; sourceTree = "<group>"; };
		C2431EEB1C84672A0061FAB1 /* TakingYouFurther.app */ = {isa = PBXFileReference; explicitFileType = wrapper.application; includeInIndex = 0; path = TakingYouFurther.app; sourceTree = BUILT_PRODUCTS_DIR; };
		C2431EEF1C84672A0061FAB1 /* main.m */ = {isa = PBXFileReference; lastKnownFileType = sourcecode.c.objc; path = main.m; sourceTree = "<group>"; };
		C2431EF81C84672A0061FAB1 /* Base */ = {isa = PBXFileReference; lastKnownFileType = file.storyboard; name = Base; path = Base.lproj/Main.storyboard; sourceTree = "<group>"; };
		C2431EFB1C84672A0061FAB1 /* TakingYouFurther.xcdatamodel */ = {isa = PBXFileReference; lastKnownFileType = wrapper.xcdatamodel; path = TakingYouFurther.xcdatamodel; sourceTree = "<group>"; };
		C2431EFD1C84672A0061FAB1 /* Assets.xcassets */ = {isa = PBXFileReference; lastKnownFileType = folder.assetcatalog; path = Assets.xcassets; sourceTree = "<group>"; };
		C2431F001C84672B0061FAB1 /* Base */ = {isa = PBXFileReference; lastKnownFileType = file.storyboard; name = Base; path = Base.lproj/LaunchScreen.storyboard; sourceTree = "<group>"; };
		C2431F021C84672B0061FAB1 /* Info.plist */ = {isa = PBXFileReference; lastKnownFileType = text.plist.xml; path = Info.plist; sourceTree = "<group>"; };
		C2431F0A1C84687E0061FAB1 /* AppDelegate.h */ = {isa = PBXFileReference; fileEncoding = 4; lastKnownFileType = sourcecode.c.h; path = AppDelegate.h; sourceTree = "<group>"; };
		C2431F0B1C84687E0061FAB1 /* AppDelegate.m */ = {isa = PBXFileReference; fileEncoding = 4; lastKnownFileType = sourcecode.c.objc; path = AppDelegate.m; sourceTree = "<group>"; };
		C2431F181C8468A90061FAB1 /* File1 */ = {isa = PBXFileReference; fileEncoding = 4; lastKnownFileType = text; path = File1; sourceTree = "<group>"; };
		C2431F1A1C8468B40061FAB1 /* File2 */ = {isa = PBXFileReference; fileEncoding = 4; lastKnownFileType = text; path = File2; sourceTree = "<group>"; };
		C2431F1C1C8468BE0061FAB1 /* File3 */ = {isa = PBXFileReference; fileEncoding = 4; lastKnownFileType = text; path = File3; sourceTree = "<group>"; };
		C2431F1E1C8468C60061FAB1 /* File4 */ = {isa = PBXFileReference; fileEncoding = 4; lastKnownFileType = text; path = File4; sourceTree = "<group>"; };
		C2431F201C8468CE0061FAB1 /* File5 */ = {isa = PBXFileReference; fileEncoding = 4; lastKnownFileType = text; path = File5; sourceTree = "<group>"; };
		C2431F241C8468DD0061FAB1 /* File6 */ = {isa = PBXFileReference; fileEncoding = 4; lastKnownFileType = text; path = File6; sourceTree = "<group>"; };
		C2431F281C8468EE0061FAB1 /* File8 */ = {isa = PBXFileReference; fileEncoding = 4; lastKnownFileType = text; path = File8; sourceTree = "<group>"; };
		C2431F2F1C846B870061FAB1 /* WLLHomePageViewController.h */ = {isa = PBXFileReference; fileEncoding = 4; lastKnownFileType = sourcecode.c.h; path = WLLHomePageViewController.h; sourceTree = "<group>"; };
		C2431F301C846B870061FAB1 /* WLLHomePageViewController.m */ = {isa = PBXFileReference; fileEncoding = 4; lastKnownFileType = sourcecode.c.objc; path = WLLHomePageViewController.m; sourceTree = "<group>"; };
		C2431F311C846B870061FAB1 /* WLLHomePageViewController.xib */ = {isa = PBXFileReference; fileEncoding = 4; lastKnownFileType = file.xib; path = WLLHomePageViewController.xib; sourceTree = "<group>"; };
		C2431F341C846BBE0061FAB1 /* WLLDestinationViewController.h */ = {isa = PBXFileReference; fileEncoding = 4; lastKnownFileType = sourcecode.c.h; path = WLLDestinationViewController.h; sourceTree = "<group>"; };
		C2431F351C846BBE0061FAB1 /* WLLDestinationViewController.m */ = {isa = PBXFileReference; fileEncoding = 4; lastKnownFileType = sourcecode.c.objc; path = WLLDestinationViewController.m; sourceTree = "<group>"; };
		C2431F361C846BBE0061FAB1 /* WLLDestinationViewController.xib */ = {isa = PBXFileReference; fileEncoding = 4; lastKnownFileType = file.xib; path = WLLDestinationViewController.xib; sourceTree = "<group>"; };
		C2431F391C846BD60061FAB1 /* WLLUserViewController.h */ = {isa = PBXFileReference; fileEncoding = 4; lastKnownFileType = sourcecode.c.h; path = WLLUserViewController.h; sourceTree = "<group>"; };
		C2431F3A1C846BD60061FAB1 /* WLLUserViewController.m */ = {isa = PBXFileReference; fileEncoding = 4; lastKnownFileType = sourcecode.c.objc; path = WLLUserViewController.m; sourceTree = "<group>"; };
		C2431F3B1C846BD60061FAB1 /* WLLUserViewController.xib */ = {isa = PBXFileReference; fileEncoding = 4; lastKnownFileType = file.xib; path = WLLUserViewController.xib; sourceTree = "<group>"; };
		C26E9BA01C87D086001EACFB /* WLLTodayNotesTableViewCell.h */ = {isa = PBXFileReference; fileEncoding = 4; lastKnownFileType = sourcecode.c.h; path = WLLTodayNotesTableViewCell.h; sourceTree = "<group>"; };
		C26E9BA11C87D086001EACFB /* WLLTodayNotesTableViewCell.m */ = {isa = PBXFileReference; fileEncoding = 4; lastKnownFileType = sourcecode.c.objc; path = WLLTodayNotesTableViewCell.m; sourceTree = "<group>"; };
		C26E9BA21C87D086001EACFB /* WLLTodayNotesTableViewCell.xib */ = {isa = PBXFileReference; fileEncoding = 4; lastKnownFileType = file.xib; path = WLLTodayNotesTableViewCell.xib; sourceTree = "<group>"; };
		C26E9BA51C87E821001EACFB /* WLLPopDestinationCollectionViewCell.h */ = {isa = PBXFileReference; fileEncoding = 4; lastKnownFileType = sourcecode.c.h; path = WLLPopDestinationCollectionViewCell.h; sourceTree = "<group>"; };
		C26E9BA61C87E821001EACFB /* WLLPopDestinationCollectionViewCell.m */ = {isa = PBXFileReference; fileEncoding = 4; lastKnownFileType = sourcecode.c.objc; path = WLLPopDestinationCollectionViewCell.m; sourceTree = "<group>"; };
		C26E9BA71C87E821001EACFB /* WLLPopDestinationCollectionViewCell.xib */ = {isa = PBXFileReference; fileEncoding = 4; lastKnownFileType = file.xib; path = WLLPopDestinationCollectionViewCell.xib; sourceTree = "<group>"; };
		C26E9BAA1C88141A001EACFB /* WLLRecommendDestinationCollectionViewCell.h */ = {isa = PBXFileReference; fileEncoding = 4; lastKnownFileType = sourcecode.c.h; path = WLLRecommendDestinationCollectionViewCell.h; sourceTree = "<group>"; };
		C26E9BAB1C88141A001EACFB /* WLLRecommendDestinationCollectionViewCell.m */ = {isa = PBXFileReference; fileEncoding = 4; lastKnownFileType = sourcecode.c.objc; path = WLLRecommendDestinationCollectionViewCell.m; sourceTree = "<group>"; };
		C26E9BAC1C88141A001EACFB /* WLLRecommendDestinationCollectionViewCell.xib */ = {isa = PBXFileReference; fileEncoding = 4; lastKnownFileType = file.xib; path = WLLRecommendDestinationCollectionViewCell.xib; sourceTree = "<group>"; };
		C26E9BEF1C886CF3001EACFB /* WLLFistTableViewCell.h */ = {isa = PBXFileReference; fileEncoding = 4; lastKnownFileType = sourcecode.c.h; path = WLLFistTableViewCell.h; sourceTree = "<group>"; };
		C26E9BF01C886CF3001EACFB /* WLLFistTableViewCell.m */ = {isa = PBXFileReference; fileEncoding = 4; lastKnownFileType = sourcecode.c.objc; path = WLLFistTableViewCell.m; sourceTree = "<group>"; };
		C26E9BF11C886CF3001EACFB /* WLLFistTableViewCell.xib */ = {isa = PBXFileReference; fileEncoding = 4; lastKnownFileType = file.xib; path = WLLFistTableViewCell.xib; sourceTree = "<group>"; };
		C26E9BF41C886F92001EACFB /* 6.jpeg */ = {isa = PBXFileReference; lastKnownFileType = image.jpeg; path = 6.jpeg; sourceTree = "<group>"; };
		C26E9BF61C887317001EACFB /* WLLSearchedTableViewCell.h */ = {isa = PBXFileReference; fileEncoding = 4; lastKnownFileType = sourcecode.c.h; path = WLLSearchedTableViewCell.h; sourceTree = "<group>"; };
		C26E9BF71C887317001EACFB /* WLLSearchedTableViewCell.m */ = {isa = PBXFileReference; fileEncoding = 4; lastKnownFileType = sourcecode.c.objc; path = WLLSearchedTableViewCell.m; sourceTree = "<group>"; };
		C26E9BF81C887317001EACFB /* WLLSearchedTableViewCell.xib */ = {isa = PBXFileReference; fileEncoding = 4; lastKnownFileType = file.xib; path = WLLSearchedTableViewCell.xib; sourceTree = "<group>"; };
		C26E9BFB1C887A57001EACFB /* WLLGuidanceTableViewCell.h */ = {isa = PBXFileReference; fileEncoding = 4; lastKnownFileType = sourcecode.c.h; path = WLLGuidanceTableViewCell.h; sourceTree = "<group>"; };
		C26E9BFC1C887A57001EACFB /* WLLGuidanceTableViewCell.m */ = {isa = PBXFileReference; fileEncoding = 4; lastKnownFileType = sourcecode.c.objc; path = WLLGuidanceTableViewCell.m; sourceTree = "<group>"; };
		C26E9BFD1C887A57001EACFB /* WLLGuidanceTableViewCell.xib */ = {isa = PBXFileReference; fileEncoding = 4; lastKnownFileType = file.xib; path = WLLGuidanceTableViewCell.xib; sourceTree = "<group>"; };
		C26E9C001C8889DE001EACFB /* WLLPopDstinationTableViewCell.h */ = {isa = PBXFileReference; fileEncoding = 4; lastKnownFileType = sourcecode.c.h; path = WLLPopDstinationTableViewCell.h; sourceTree = "<group>"; };
		C26E9C011C8889DE001EACFB /* WLLPopDstinationTableViewCell.m */ = {isa = PBXFileReference; fileEncoding = 4; lastKnownFileType = sourcecode.c.objc; path = WLLPopDstinationTableViewCell.m; sourceTree = "<group>"; };
		C26E9C021C8889DE001EACFB /* WLLPopDstinationTableViewCell.xib */ = {isa = PBXFileReference; fileEncoding = 4; lastKnownFileType = file.xib; path = WLLPopDstinationTableViewCell.xib; sourceTree = "<group>"; };
/* End PBXFileReference section */

/* Begin PBXFrameworksBuildPhase section */
		C2431EE81C84672A0061FAB1 /* Frameworks */ = {
			isa = PBXFrameworksBuildPhase;
			buildActionMask = 2147483647;
			files = (
			);
			runOnlyForDeploymentPostprocessing = 0;
		};
/* End PBXFrameworksBuildPhase section */

/* Begin PBXGroup section */
		C214DBB61C871FFB000C269E /* HomePageViews */ = {
			isa = PBXGroup;
			children = (
				C26E9BEF1C886CF3001EACFB /* WLLFistTableViewCell.h */,
				C26E9BF01C886CF3001EACFB /* WLLFistTableViewCell.m */,
				C26E9BF11C886CF3001EACFB /* WLLFistTableViewCell.xib */,
				C26E9BF61C887317001EACFB /* WLLSearchedTableViewCell.h */,
				C26E9BF71C887317001EACFB /* WLLSearchedTableViewCell.m */,
				C26E9BF81C887317001EACFB /* WLLSearchedTableViewCell.xib */,
				C214DBBC1C872021000C269E /* WLLSearchedCollectionViewCell.h */,
				C214DBBD1C872021000C269E /* WLLSearchedCollectionViewCell.m */,
				C214DBBE1C872021000C269E /* WLLSearchedCollectionViewCell.xib */,
				C26E9BFB1C887A57001EACFB /* WLLGuidanceTableViewCell.h */,
				C26E9BFC1C887A57001EACFB /* WLLGuidanceTableViewCell.m */,
				C26E9BFD1C887A57001EACFB /* WLLGuidanceTableViewCell.xib */,
				C214DBC11C872A2C000C269E /* WLLGuidanceCollectionViewCell.h */,
				C214DBC21C872A2C000C269E /* WLLGuidanceCollectionViewCell.m */,
				C214DBC31C872A2C000C269E /* WLLGuidanceCollectionViewCell.xib */,
				C26E9BA01C87D086001EACFB /* WLLTodayNotesTableViewCell.h */,
				C26E9BA11C87D086001EACFB /* WLLTodayNotesTableViewCell.m */,
				C26E9BA21C87D086001EACFB /* WLLTodayNotesTableViewCell.xib */,
				C26E9C001C8889DE001EACFB /* WLLPopDstinationTableViewCell.h */,
				C26E9C011C8889DE001EACFB /* WLLPopDstinationTableViewCell.m */,
				C26E9C021C8889DE001EACFB /* WLLPopDstinationTableViewCell.xib */,
				C26E9BA51C87E821001EACFB /* WLLPopDestinationCollectionViewCell.h */,
				C26E9BA61C87E821001EACFB /* WLLPopDestinationCollectionViewCell.m */,
				C26E9BA71C87E821001EACFB /* WLLPopDestinationCollectionViewCell.xib */,
				C26E9BAA1C88141A001EACFB /* WLLRecommendDestinationCollectionViewCell.h */,
				C26E9BAB1C88141A001EACFB /* WLLRecommendDestinationCollectionViewCell.m */,
				C26E9BAC1C88141A001EACFB /* WLLRecommendDestinationCollectionViewCell.xib */,
			);
			path = HomePageViews;
			sourceTree = "<group>";
		};
		C2431EE21C84672A0061FAB1 = {
			isa = PBXGroup;
			children = (
				C2431EED1C84672A0061FAB1 /* TakingYouFurther */,
				C2431EEC1C84672A0061FAB1 /* Products */,
			);
			sourceTree = "<group>";
		};
		C2431EEC1C84672A0061FAB1 /* Products */ = {
			isa = PBXGroup;
			children = (
				C2431EEB1C84672A0061FAB1 /* TakingYouFurther.app */,
			);
			name = Products;
			sourceTree = "<group>";
		};
		C2431EED1C84672A0061FAB1 /* TakingYouFurther */ = {
			isa = PBXGroup;
			children = (
				C2431F081C84687E0061FAB1 /* Classes */,
				C2431EF71C84672A0061FAB1 /* Main.storyboard */,
				C2431EFD1C84672A0061FAB1 /* Assets.xcassets */,
				C2431EFF1C84672B0061FAB1 /* LaunchScreen.storyboard */,
				C2431F021C84672B0061FAB1 /* Info.plist */,
				C2431EFA1C84672A0061FAB1 /* TakingYouFurther.xcdatamodeld */,
				C2431EEE1C84672A0061FAB1 /* Supporting Files */,
			);
			path = TakingYouFurther;
			sourceTree = "<group>";
		};
		C2431EEE1C84672A0061FAB1 /* Supporting Files */ = {
			isa = PBXGroup;
			children = (
				C2431EEF1C84672A0061FAB1 /* main.m */,
			);
			name = "Supporting Files";
			sourceTree = "<group>";
		};
		C2431F081C84687E0061FAB1 /* Classes */ = {
			isa = PBXGroup;
			children = (
				C2431F091C84687E0061FAB1 /* AppDelegate */,
				C2431F0C1C84687E0061FAB1 /* Headers */,
				C2431F0D1C84687E0061FAB1 /* Helpers */,
				C2431F0E1C84687E0061FAB1 /* Models */,
				C2431F0F1C84687E0061FAB1 /* Resources */,
				C2431F101C84687E0061FAB1 /* ThirdParties */,
				C2431F111C84687E0061FAB1 /* ViewControllers */,
				C2431F141C84687E0061FAB1 /* Views */,
			);
			path = Classes;
			sourceTree = "<group>";
		};
		C2431F091C84687E0061FAB1 /* AppDelegate */ = {
			isa = PBXGroup;
			children = (
				C2431F0A1C84687E0061FAB1 /* AppDelegate.h */,
				C2431F0B1C84687E0061FAB1 /* AppDelegate.m */,
			);
			path = AppDelegate;
			sourceTree = "<group>";
		};
		C2431F0C1C84687E0061FAB1 /* Headers */ = {
			isa = PBXGroup;
			children = (
				C2431F181C8468A90061FAB1 /* File1 */,
			);
			path = Headers;
			sourceTree = "<group>";
		};
		C2431F0D1C84687E0061FAB1 /* Helpers */ = {
			isa = PBXGroup;
			children = (
				C2431F1A1C8468B40061FAB1 /* File2 */,
			);
			path = Helpers;
			sourceTree = "<group>";
		};
		C2431F0E1C84687E0061FAB1 /* Models */ = {
			isa = PBXGroup;
			children = (
				C2431F1C1C8468BE0061FAB1 /* File3 */,
			);
			path = Models;
			sourceTree = "<group>";
		};
		C2431F0F1C84687E0061FAB1 /* Resources */ = {
			isa = PBXGroup;
			children = (
				C2431F1E1C8468C60061FAB1 /* File4 */,
			);
			path = Resources;
			sourceTree = "<group>";
		};
		C2431F101C84687E0061FAB1 /* ThirdParties */ = {
			isa = PBXGroup;
			children = (
				C2431F201C8468CE0061FAB1 /* File5 */,
			);
			path = ThirdParties;
			sourceTree = "<group>";
		};
		C2431F111C84687E0061FAB1 /* ViewControllers */ = {
			isa = PBXGroup;
			children = (
				C2431F121C84687E0061FAB1 /* BaseViewControllers */,
				C2431F131C84687E0061FAB1 /* NormalViewControllers */,
			);
			path = ViewControllers;
			sourceTree = "<group>";
		};
		C2431F121C84687E0061FAB1 /* BaseViewControllers */ = {
			isa = PBXGroup;
			children = (
				C2431F2F1C846B870061FAB1 /* WLLHomePageViewController.h */,
				C2431F301C846B870061FAB1 /* WLLHomePageViewController.m */,
				C2431F311C846B870061FAB1 /* WLLHomePageViewController.xib */,
				C26E9BF41C886F92001EACFB /* 6.jpeg */,
				C2431F341C846BBE0061FAB1 /* WLLDestinationViewController.h */,
				C2431F351C846BBE0061FAB1 /* WLLDestinationViewController.m */,
				C2431F361C846BBE0061FAB1 /* WLLDestinationViewController.xib */,
				C2431F391C846BD60061FAB1 /* WLLUserViewController.h */,
				C2431F3A1C846BD60061FAB1 /* WLLUserViewController.m */,
				C2431F3B1C846BD60061FAB1 /* WLLUserViewController.xib */,
			);
			path = BaseViewControllers;
			sourceTree = "<group>";
		};
		C2431F131C84687E0061FAB1 /* NormalViewControllers */ = {
			isa = PBXGroup;
			children = (
				C2431F241C8468DD0061FAB1 /* File6 */,
			);
			path = NormalViewControllers;
			sourceTree = "<group>";
		};
		C2431F141C84687E0061FAB1 /* Views */ = {
			isa = PBXGroup;
			children = (
				C2431F151C84687E0061FAB1 /* BaseViews */,
				C2431F161C84687E0061FAB1 /* NormalViews */,
			);
			path = Views;
			sourceTree = "<group>";
		};
		C2431F151C84687E0061FAB1 /* BaseViews */ = {
			isa = PBXGroup;
			children = (
				C214DBB61C871FFB000C269E /* HomePageViews */,
			);
			path = BaseViews;
			sourceTree = "<group>";
		};
		C2431F161C84687E0061FAB1 /* NormalViews */ = {
			isa = PBXGroup;
			children = (
				C2431F281C8468EE0061FAB1 /* File8 */,
			);
			path = NormalViews;
			sourceTree = "<group>";
		};
/* End PBXGroup section */

/* Begin PBXNativeTarget section */
		C2431EEA1C84672A0061FAB1 /* TakingYouFurther */ = {
			isa = PBXNativeTarget;
			buildConfigurationList = C2431F051C84672B0061FAB1 /* Build configuration list for PBXNativeTarget "TakingYouFurther" */;
			buildPhases = (
				C2431EE71C84672A0061FAB1 /* Sources */,
				C2431EE81C84672A0061FAB1 /* Frameworks */,
				C2431EE91C84672A0061FAB1 /* Resources */,
			);
			buildRules = (
			);
			dependencies = (
			);
			name = TakingYouFurther;
			productName = TakingYouFurther;
			productReference = C2431EEB1C84672A0061FAB1 /* TakingYouFurther.app */;
			productType = "com.apple.product-type.application";
		};
/* End PBXNativeTarget section */

/* Begin PBXProject section */
		C2431EE31C84672A0061FAB1 /* Project object */ = {
			isa = PBXProject;
			attributes = {
				LastUpgradeCheck = 0700;
				ORGANIZATIONNAME = lanou3g;
				TargetAttributes = {
					C2431EEA1C84672A0061FAB1 = {
						CreatedOnToolsVersion = 7.0;
					};
				};
			};
			buildConfigurationList = C2431EE61C84672A0061FAB1 /* Build configuration list for PBXProject "TakingYouFurther" */;
			compatibilityVersion = "Xcode 3.2";
			developmentRegion = English;
			hasScannedForEncodings = 0;
			knownRegions = (
				en,
				Base,
			);
			mainGroup = C2431EE21C84672A0061FAB1;
			productRefGroup = C2431EEC1C84672A0061FAB1 /* Products */;
			projectDirPath = "";
			projectRoot = "";
			targets = (
				C2431EEA1C84672A0061FAB1 /* TakingYouFurther */,
			);
		};
/* End PBXProject section */

/* Begin PBXResourcesBuildPhase section */
		C2431EE91C84672A0061FAB1 /* Resources */ = {
			isa = PBXResourcesBuildPhase;
			buildActionMask = 2147483647;
			files = (
				C26E9BF51C886F92001EACFB /* 6.jpeg in Resources */,
				C2431F191C8468A90061FAB1 /* File1 in Resources */,
				C214DBC51C872A2C000C269E /* WLLGuidanceCollectionViewCell.xib in Resources */,
				C2431F011C84672B0061FAB1 /* LaunchScreen.storyboard in Resources */,
				C2431F1F1C8468C60061FAB1 /* File4 in Resources */,
				C2431F1D1C8468BE0061FAB1 /* File3 in Resources */,
				C26E9BFA1C887317001EACFB /* WLLSearchedTableViewCell.xib in Resources */,
				C214DBC01C872021000C269E /* WLLSearchedCollectionViewCell.xib in Resources */,
				C26E9BA91C87E821001EACFB /* WLLPopDestinationCollectionViewCell.xib in Resources */,
				C2431F251C8468DD0061FAB1 /* File6 in Resources */,
				C2431F211C8468CE0061FAB1 /* File5 in Resources */,
				C2431F381C846BBE0061FAB1 /* WLLDestinationViewController.xib in Resources */,
				C2431EFE1C84672A0061FAB1 /* Assets.xcassets in Resources */,
				C26E9BF31C886CF3001EACFB /* WLLFistTableViewCell.xib in Resources */,
				C2431F291C8468EE0061FAB1 /* File8 in Resources */,
				C26E9BA41C87D086001EACFB /* WLLTodayNotesTableViewCell.xib in Resources */,
				C2431EF91C84672A0061FAB1 /* Main.storyboard in Resources */,
				C26E9BFF1C887A57001EACFB /* WLLGuidanceTableViewCell.xib in Resources */,
				C26E9C041C8889DE001EACFB /* WLLPopDstinationTableViewCell.xib in Resources */,
				C26E9BAE1C88141A001EACFB /* WLLRecommendDestinationCollectionViewCell.xib in Resources */,
				C2431F3D1C846BD60061FAB1 /* WLLUserViewController.xib in Resources */,
				C2431F1B1C8468B40061FAB1 /* File2 in Resources */,
				C2431F331C846B870061FAB1 /* WLLHomePageViewController.xib in Resources */,
			);
			runOnlyForDeploymentPostprocessing = 0;
		};
/* End PBXResourcesBuildPhase section */

/* Begin PBXSourcesBuildPhase section */
		C2431EE71C84672A0061FAB1 /* Sources */ = {
			isa = PBXSourcesBuildPhase;
			buildActionMask = 2147483647;
			files = (
				C214DBC41C872A2C000C269E /* WLLGuidanceCollectionViewCell.m in Sources */,
				C26E9C031C8889DE001EACFB /* WLLPopDstinationTableViewCell.m in Sources */,
				C26E9BAD1C88141A001EACFB /* WLLRecommendDestinationCollectionViewCell.m in Sources */,
				C26E9BA31C87D086001EACFB /* WLLTodayNotesTableViewCell.m in Sources */,
				C2431F371C846BBE0061FAB1 /* WLLDestinationViewController.m in Sources */,
				C2431EFC1C84672A0061FAB1 /* TakingYouFurther.xcdatamodeld in Sources */,
				C2431EF01C84672A0061FAB1 /* main.m in Sources */,
				C2431F321C846B870061FAB1 /* WLLHomePageViewController.m in Sources */,
				C26E9BFE1C887A57001EACFB /* WLLGuidanceTableViewCell.m in Sources */,
				C214DBBF1C872021000C269E /* WLLSearchedCollectionViewCell.m in Sources */,
				C26E9BA81C87E821001EACFB /* WLLPopDestinationCollectionViewCell.m in Sources */,
				C26E9BF21C886CF3001EACFB /* WLLFistTableViewCell.m in Sources */,
				C2431F171C84687E0061FAB1 /* AppDelegate.m in Sources */,
				C2431F3C1C846BD60061FAB1 /* WLLUserViewController.m in Sources */,
				C26E9BF91C887317001EACFB /* WLLSearchedTableViewCell.m in Sources */,
			);
			runOnlyForDeploymentPostprocessing = 0;
		};
/* End PBXSourcesBuildPhase section */

/* Begin PBXVariantGroup section */
		C2431EF71C84672A0061FAB1 /* Main.storyboard */ = {
			isa = PBXVariantGroup;
			children = (
				C2431EF81C84672A0061FAB1 /* Base */,
			);
			name = Main.storyboard;
			sourceTree = "<group>";
		};
		C2431EFF1C84672B0061FAB1 /* LaunchScreen.storyboard */ = {
			isa = PBXVariantGroup;
			children = (
				C2431F001C84672B0061FAB1 /* Base */,
			);
			name = LaunchScreen.storyboard;
			sourceTree = "<group>";
		};
/* End PBXVariantGroup section */

/* Begin XCBuildConfiguration section */
		C2431F031C84672B0061FAB1 /* Debug */ = {
			isa = XCBuildConfiguration;
			buildSettings = {
				ALWAYS_SEARCH_USER_PATHS = NO;
				CLANG_CXX_LANGUAGE_STANDARD = "gnu++0x";
				CLANG_CXX_LIBRARY = "libc++";
				CLANG_ENABLE_MODULES = YES;
				CLANG_ENABLE_OBJC_ARC = YES;
				CLANG_WARN_BOOL_CONVERSION = YES;
				CLANG_WARN_CONSTANT_CONVERSION = YES;
				CLANG_WARN_DIRECT_OBJC_ISA_USAGE = YES_ERROR;
				CLANG_WARN_EMPTY_BODY = YES;
				CLANG_WARN_ENUM_CONVERSION = YES;
				CLANG_WARN_INT_CONVERSION = YES;
				CLANG_WARN_OBJC_ROOT_CLASS = YES_ERROR;
				CLANG_WARN_UNREACHABLE_CODE = YES;
				CLANG_WARN__DUPLICATE_METHOD_MATCH = YES;
				"CODE_SIGN_IDENTITY[sdk=iphoneos*]" = "iPhone Developer";
				COPY_PHASE_STRIP = NO;
				DEBUG_INFORMATION_FORMAT = dwarf;
				ENABLE_STRICT_OBJC_MSGSEND = YES;
				ENABLE_TESTABILITY = YES;
				GCC_C_LANGUAGE_STANDARD = gnu99;
				GCC_DYNAMIC_NO_PIC = NO;
				GCC_NO_COMMON_BLOCKS = YES;
				GCC_OPTIMIZATION_LEVEL = 0;
				GCC_PREPROCESSOR_DEFINITIONS = (
					"DEBUG=1",
					"$(inherited)",
				);
				GCC_WARN_64_TO_32_BIT_CONVERSION = YES;
				GCC_WARN_ABOUT_RETURN_TYPE = YES_ERROR;
				GCC_WARN_UNDECLARED_SELECTOR = YES;
				GCC_WARN_UNINITIALIZED_AUTOS = YES_AGGRESSIVE;
				GCC_WARN_UNUSED_FUNCTION = YES;
				GCC_WARN_UNUSED_VARIABLE = YES;
				IPHONEOS_DEPLOYMENT_TARGET = 9.0;
				MTL_ENABLE_DEBUG_INFO = YES;
				ONLY_ACTIVE_ARCH = YES;
				SDKROOT = iphoneos;
			};
			name = Debug;
		};
		C2431F041C84672B0061FAB1 /* Release */ = {
			isa = XCBuildConfiguration;
			buildSettings = {
				ALWAYS_SEARCH_USER_PATHS = NO;
				CLANG_CXX_LANGUAGE_STANDARD = "gnu++0x";
				CLANG_CXX_LIBRARY = "libc++";
				CLANG_ENABLE_MODULES = YES;
				CLANG_ENABLE_OBJC_ARC = YES;
				CLANG_WARN_BOOL_CONVERSION = YES;
				CLANG_WARN_CONSTANT_CONVERSION = YES;
				CLANG_WARN_DIRECT_OBJC_ISA_USAGE = YES_ERROR;
				CLANG_WARN_EMPTY_BODY = YES;
				CLANG_WARN_ENUM_CONVERSION = YES;
				CLANG_WARN_INT_CONVERSION = YES;
				CLANG_WARN_OBJC_ROOT_CLASS = YES_ERROR;
				CLANG_WARN_UNREACHABLE_CODE = YES;
				CLANG_WARN__DUPLICATE_METHOD_MATCH = YES;
				"CODE_SIGN_IDENTITY[sdk=iphoneos*]" = "iPhone Developer";
				COPY_PHASE_STRIP = NO;
				DEBUG_INFORMATION_FORMAT = "dwarf-with-dsym";
				ENABLE_NS_ASSERTIONS = NO;
				ENABLE_STRICT_OBJC_MSGSEND = YES;
				GCC_C_LANGUAGE_STANDARD = gnu99;
				GCC_NO_COMMON_BLOCKS = YES;
				GCC_WARN_64_TO_32_BIT_CONVERSION = YES;
				GCC_WARN_ABOUT_RETURN_TYPE = YES_ERROR;
				GCC_WARN_UNDECLARED_SELECTOR = YES;
				GCC_WARN_UNINITIALIZED_AUTOS = YES_AGGRESSIVE;
				GCC_WARN_UNUSED_FUNCTION = YES;
				GCC_WARN_UNUSED_VARIABLE = YES;
				IPHONEOS_DEPLOYMENT_TARGET = 9.0;
				MTL_ENABLE_DEBUG_INFO = NO;
				SDKROOT = iphoneos;
				VALIDATE_PRODUCT = YES;
			};
			name = Release;
		};
		C2431F061C84672B0061FAB1 /* Debug */ = {
			isa = XCBuildConfiguration;
			buildSettings = {
				ASSETCATALOG_COMPILER_APPICON_NAME = AppIcon;
				INFOPLIST_FILE = TakingYouFurther/Info.plist;
				LD_RUNPATH_SEARCH_PATHS = "$(inherited) @executable_path/Frameworks";
				PRODUCT_BUNDLE_IDENTIFIER = com.lanou3g.TakingYouFurther;
				PRODUCT_NAME = "$(TARGET_NAME)";
			};
			name = Debug;
		};
		C2431F071C84672B0061FAB1 /* Release */ = {
			isa = XCBuildConfiguration;
			buildSettings = {
				ASSETCATALOG_COMPILER_APPICON_NAME = AppIcon;
				INFOPLIST_FILE = TakingYouFurther/Info.plist;
				LD_RUNPATH_SEARCH_PATHS = "$(inherited) @executable_path/Frameworks";
				PRODUCT_BUNDLE_IDENTIFIER = com.lanou3g.TakingYouFurther;
				PRODUCT_NAME = "$(TARGET_NAME)";
			};
			name = Release;
		};
/* End XCBuildConfiguration section */

/* Begin XCConfigurationList section */
		C2431EE61C84672A0061FAB1 /* Build configuration list for PBXProject "TakingYouFurther" */ = {
			isa = XCConfigurationList;
			buildConfigurations = (
				C2431F031C84672B0061FAB1 /* Debug */,
				C2431F041C84672B0061FAB1 /* Release */,
			);
			defaultConfigurationIsVisible = 0;
			defaultConfigurationName = Release;
		};
		C2431F051C84672B0061FAB1 /* Build configuration list for PBXNativeTarget "TakingYouFurther" */ = {
			isa = XCConfigurationList;
			buildConfigurations = (
				C2431F061C84672B0061FAB1 /* Debug */,
				C2431F071C84672B0061FAB1 /* Release */,
			);
			defaultConfigurationIsVisible = 0;
			defaultConfigurationName = Release;
		};
/* End XCConfigurationList section */

/* Begin XCVersionGroup section */
		C2431EFA1C84672A0061FAB1 /* TakingYouFurther.xcdatamodeld */ = {
			isa = XCVersionGroup;
			children = (
				C2431EFB1C84672A0061FAB1 /* TakingYouFurther.xcdatamodel */,
			);
			currentVersion = C2431EFB1C84672A0061FAB1 /* TakingYouFurther.xcdatamodel */;
			path = TakingYouFurther.xcdatamodeld;
			sourceTree = "<group>";
			versionGroupType = wrapper.xcdatamodel;
		};
/* End XCVersionGroup section */
	};
	rootObject = C2431EE31C84672A0061FAB1 /* Project object */;
}
