// !$*UTF8*$!
{
	archiveVersion = 1;
	classes = {
	};
	objectVersion = 46;
	objects = {

/* Begin PBXBuildFile section */
		C214DBBF1C872021000C269E /* WLLSearchedCollectionViewCell.m in Sources */ = {isa = PBXBuildFile; fileRef = C214DBBD1C872021000C269E /* WLLSearchedCollectionViewCell.m */; settings = {ASSET_TAGS = (); }; };
		C214DBC01C872021000C269E /* WLLSearchedCollectionViewCell.xib in Resources */ = {isa = PBXBuildFile; fileRef = C214DBBE1C872021000C269E /* WLLSearchedCollectionViewCell.xib */; settings = {ASSET_TAGS = (); }; };
		C214DBC41C872A2C000C269E /* WLLGuidanceCollectionViewCell.m in Sources */ = {isa = PBXBuildFile; fileRef = C214DBC21C872A2C000C269E /* WLLGuidanceCollectionViewCell.m */; settings = {ASSET_TAGS = (); }; };
		C214DBC51C872A2C000C269E /* WLLGuidanceCollectionViewCell.xib in Resources */ = {isa = PBXBuildFile; fileRef = C214DBC31C872A2C000C269E /* WLLGuidanceCollectionViewCell.xib */; settings = {ASSET_TAGS = (); }; };
		C2431EF01C84672A0061FAB1 /* main.m in Sources */ = {isa = PBXBuildFile; fileRef = C2431EEF1C84672A0061FAB1 /* main.m */; };
		C2431EF91C84672A0061FAB1 /* Main.storyboard in Resources */ = {isa = PBXBuildFile; fileRef = C2431EF71C84672A0061FAB1 /* Main.storyboard */; };
		C2431EFC1C84672A0061FAB1 /* TakingYouFurther.xcdatamodeld in Sources */ = {isa = PBXBuildFile; fileRef = C2431EFA1C84672A0061FAB1 /* TakingYouFurther.xcdatamodeld */; };
		C2431EFE1C84672A0061FAB1 /* Assets.xcassets in Resources */ = {isa = PBXBuildFile; fileRef = C2431EFD1C84672A0061FAB1 /* Assets.xcassets */; };
		C2431F011C84672B0061FAB1 /* LaunchScreen.storyboard in Resources */ = {isa = PBXBuildFile; fileRef = C2431EFF1C84672B0061FAB1 /* LaunchScreen.storyboard */; };
		C2431F171C84687E0061FAB1 /* AppDelegate.m in Sources */ = {isa = PBXBuildFile; fileRef = C2431F0B1C84687E0061FAB1 /* AppDelegate.m */; settings = {ASSET_TAGS = (); }; };
		C2431F191C8468A90061FAB1 /* File1 in Resources */ = {isa = PBXBuildFile; fileRef = C2431F181C8468A90061FAB1 /* File1 */; settings = {ASSET_TAGS = (); }; };
		C2431F1D1C8468BE0061FAB1 /* File3 in Resources */ = {isa = PBXBuildFile; fileRef = C2431F1C1C8468BE0061FAB1 /* File3 */; settings = {ASSET_TAGS = (); }; };
		C2431F1F1C8468C60061FAB1 /* File4 in Resources */ = {isa = PBXBuildFile; fileRef = C2431F1E1C8468C60061FAB1 /* File4 */; settings = {ASSET_TAGS = (); }; };
		C2431F291C8468EE0061FAB1 /* dsfg in Resources */ = {isa = PBXBuildFile; fileRef = C2431F281C8468EE0061FAB1 /* dsfg */; settings = {ASSET_TAGS = (); }; };
		C2431F321C846B870061FAB1 /* WLLHomePageViewController.m in Sources */ = {isa = PBXBuildFile; fileRef = C2431F301C846B870061FAB1 /* WLLHomePageViewController.m */; settings = {ASSET_TAGS = (); }; };
		C2431F331C846B870061FAB1 /* WLLHomePageViewController.xib in Resources */ = {isa = PBXBuildFile; fileRef = C2431F311C846B870061FAB1 /* WLLHomePageViewController.xib */; settings = {ASSET_TAGS = (); }; };
		C2431F371C846BBE0061FAB1 /* WLLDestinationViewController.m in Sources */ = {isa = PBXBuildFile; fileRef = C2431F351C846BBE0061FAB1 /* WLLDestinationViewController.m */; settings = {ASSET_TAGS = (); }; };
		C2431F381C846BBE0061FAB1 /* WLLDestinationViewController.xib in Resources */ = {isa = PBXBuildFile; fileRef = C2431F361C846BBE0061FAB1 /* WLLDestinationViewController.xib */; settings = {ASSET_TAGS = (); }; };
		C2431F3C1C846BD60061FAB1 /* WLLUserViewController.m in Sources */ = {isa = PBXBuildFile; fileRef = C2431F3A1C846BD60061FAB1 /* WLLUserViewController.m */; settings = {ASSET_TAGS = (); }; };
		C2431F3D1C846BD60061FAB1 /* WLLUserViewController.xib in Resources */ = {isa = PBXBuildFile; fileRef = C2431F3B1C846BD60061FAB1 /* WLLUserViewController.xib */; settings = {ASSET_TAGS = (); }; };
		C2471F0D1C8AA835001042A8 /* WLLMainTableViewCell.m in Sources */ = {isa = PBXBuildFile; fileRef = C2471F0B1C8AA835001042A8 /* WLLMainTableViewCell.m */; settings = {ASSET_TAGS = (); }; };
		C2471F0E1C8AA835001042A8 /* WLLMainTableViewCell.xib in Resources */ = {isa = PBXBuildFile; fileRef = C2471F0C1C8AA835001042A8 /* WLLMainTableViewCell.xib */; settings = {ASSET_TAGS = (); }; };
		C2471F121C8AD3C7001042A8 /* WLLSearchViewController.m in Sources */ = {isa = PBXBuildFile; fileRef = C2471F101C8AD3C7001042A8 /* WLLSearchViewController.m */; settings = {ASSET_TAGS = (); }; };
		C2471F131C8AD3C7001042A8 /* WLLSearchViewController.xib in Resources */ = {isa = PBXBuildFile; fileRef = C2471F111C8AD3C7001042A8 /* WLLSearchViewController.xib */; settings = {ASSET_TAGS = (); }; };
		C2471F191C8AF55D001042A8 /* 1.png in Resources */ = {isa = PBXBuildFile; fileRef = C2471F181C8AF55D001042A8 /* 1.png */; settings = {ASSET_TAGS = (); }; };
		C2471F2E1C8B05FA001042A8 /* WLLRecommendCollectionViewCell.m in Sources */ = {isa = PBXBuildFile; fileRef = C2471F2C1C8B05FA001042A8 /* WLLRecommendCollectionViewCell.m */; settings = {ASSET_TAGS = (); }; };
		C2471F2F1C8B05FA001042A8 /* WLLRecommendCollectionViewCell.xib in Resources */ = {isa = PBXBuildFile; fileRef = C2471F2D1C8B05FA001042A8 /* WLLRecommendCollectionViewCell.xib */; settings = {ASSET_TAGS = (); }; };
		C2471F331C8B0621001042A8 /* WLLRecommendViewController.m in Sources */ = {isa = PBXBuildFile; fileRef = C2471F311C8B0621001042A8 /* WLLRecommendViewController.m */; settings = {ASSET_TAGS = (); }; };
		C2471F341C8B0621001042A8 /* WLLRecommendViewController.xib in Resources */ = {isa = PBXBuildFile; fileRef = C2471F321C8B0621001042A8 /* WLLRecommendViewController.xib */; settings = {ASSET_TAGS = (); }; };
		C2471F381C8B106E001042A8 /* WLLMoreOverViewController.m in Sources */ = {isa = PBXBuildFile; fileRef = C2471F361C8B106E001042A8 /* WLLMoreOverViewController.m */; settings = {ASSET_TAGS = (); }; };
		C2471F391C8B106E001042A8 /* WLLMoreOverViewController.xib in Resources */ = {isa = PBXBuildFile; fileRef = C2471F371C8B106E001042A8 /* WLLMoreOverViewController.xib */; settings = {ASSET_TAGS = (); }; };
		C26E9BA31C87D086001EACFB /* WLLTodayNotesTableViewCell.m in Sources */ = {isa = PBXBuildFile; fileRef = C26E9BA11C87D086001EACFB /* WLLTodayNotesTableViewCell.m */; settings = {ASSET_TAGS = (); }; };
		C26E9BA41C87D086001EACFB /* WLLTodayNotesTableViewCell.xib in Resources */ = {isa = PBXBuildFile; fileRef = C26E9BA21C87D086001EACFB /* WLLTodayNotesTableViewCell.xib */; settings = {ASSET_TAGS = (); }; };
		C26E9BA81C87E821001EACFB /* WLLPopDestinationCollectionViewCell.m in Sources */ = {isa = PBXBuildFile; fileRef = C26E9BA61C87E821001EACFB /* WLLPopDestinationCollectionViewCell.m */; settings = {ASSET_TAGS = (); }; };
		C26E9BA91C87E821001EACFB /* WLLPopDestinationCollectionViewCell.xib in Resources */ = {isa = PBXBuildFile; fileRef = C26E9BA71C87E821001EACFB /* WLLPopDestinationCollectionViewCell.xib */; settings = {ASSET_TAGS = (); }; };
		C26E9BAD1C88141A001EACFB /* WLLRecommendDestinationCollectionViewCell.m in Sources */ = {isa = PBXBuildFile; fileRef = C26E9BAB1C88141A001EACFB /* WLLRecommendDestinationCollectionViewCell.m */; settings = {ASSET_TAGS = (); }; };
		C26E9BAE1C88141A001EACFB /* WLLRecommendDestinationCollectionViewCell.xib in Resources */ = {isa = PBXBuildFile; fileRef = C26E9BAC1C88141A001EACFB /* WLLRecommendDestinationCollectionViewCell.xib */; settings = {ASSET_TAGS = (); }; };
		C26E9BF21C886CF3001EACFB /* WLLFistTableViewCell.m in Sources */ = {isa = PBXBuildFile; fileRef = C26E9BF01C886CF3001EACFB /* WLLFistTableViewCell.m */; settings = {ASSET_TAGS = (); }; };
		C26E9BF31C886CF3001EACFB /* WLLFistTableViewCell.xib in Resources */ = {isa = PBXBuildFile; fileRef = C26E9BF11C886CF3001EACFB /* WLLFistTableViewCell.xib */; settings = {ASSET_TAGS = (); }; };
		C26E9BF91C887317001EACFB /* WLLSearchedTableViewCell.m in Sources */ = {isa = PBXBuildFile; fileRef = C26E9BF71C887317001EACFB /* WLLSearchedTableViewCell.m */; settings = {ASSET_TAGS = (); }; };
		C26E9BFA1C887317001EACFB /* WLLSearchedTableViewCell.xib in Resources */ = {isa = PBXBuildFile; fileRef = C26E9BF81C887317001EACFB /* WLLSearchedTableViewCell.xib */; settings = {ASSET_TAGS = (); }; };
		C26E9BFE1C887A57001EACFB /* WLLGuidanceTableViewCell.m in Sources */ = {isa = PBXBuildFile; fileRef = C26E9BFC1C887A57001EACFB /* WLLGuidanceTableViewCell.m */; settings = {ASSET_TAGS = (); }; };
		C26E9BFF1C887A57001EACFB /* WLLGuidanceTableViewCell.xib in Resources */ = {isa = PBXBuildFile; fileRef = C26E9BFD1C887A57001EACFB /* WLLGuidanceTableViewCell.xib */; settings = {ASSET_TAGS = (); }; };
		C26E9C031C8889DE001EACFB /* WLLPopDstinationTableViewCell.m in Sources */ = {isa = PBXBuildFile; fileRef = C26E9C011C8889DE001EACFB /* WLLPopDstinationTableViewCell.m */; settings = {ASSET_TAGS = (); }; };
		C26E9C041C8889DE001EACFB /* WLLPopDstinationTableViewCell.xib in Resources */ = {isa = PBXBuildFile; fileRef = C26E9C021C8889DE001EACFB /* WLLPopDstinationTableViewCell.xib */; settings = {ASSET_TAGS = (); }; };
		C2907F3F1C8925FE0029A367 /* WLLRecommendDestinationTableViewCell.m in Sources */ = {isa = PBXBuildFile; fileRef = C2907F3D1C8925FE0029A367 /* WLLRecommendDestinationTableViewCell.m */; settings = {ASSET_TAGS = (); }; };
		C2907F401C8925FE0029A367 /* WLLRecommendDestinationTableViewCell.xib in Resources */ = {isa = PBXBuildFile; fileRef = C2907F3E1C8925FE0029A367 /* WLLRecommendDestinationTableViewCell.xib */; settings = {ASSET_TAGS = (); }; };
		C2907F441C892C7E0029A367 /* WLLReviewTableViewCell.m in Sources */ = {isa = PBXBuildFile; fileRef = C2907F421C892C7E0029A367 /* WLLReviewTableViewCell.m */; settings = {ASSET_TAGS = (); }; };
		C2907F451C892C7E0029A367 /* WLLReviewTableViewCell.xib in Resources */ = {isa = PBXBuildFile; fileRef = C2907F431C892C7E0029A367 /* WLLReviewTableViewCell.xib */; settings = {ASSET_TAGS = (); }; };
		C2907F4F1C89357A0029A367 /* WLLHomePageDataManager.m in Sources */ = {isa = PBXBuildFile; fileRef = C2907F4E1C89357A0029A367 /* WLLHomePageDataManager.m */; settings = {ASSET_TAGS = (); }; };
		C2907F531C8940030029A367 /* BC_NetTools.m in Sources */ = {isa = PBXBuildFile; fileRef = C2907F521C8940030029A367 /* BC_NetTools.m */; settings = {ASSET_TAGS = (); }; };
		C2907F561C8941290029A367 /* WLLGuidanceModel.m in Sources */ = {isa = PBXBuildFile; fileRef = C2907F551C8941290029A367 /* WLLGuidanceModel.m */; settings = {ASSET_TAGS = (); }; };
		C2907F791C89534D0029A367 /* MKAnnotationView+WebCache.m in Sources */ = {isa = PBXBuildFile; fileRef = C2907F591C89534D0029A367 /* MKAnnotationView+WebCache.m */; settings = {ASSET_TAGS = (); }; };
		C2907F7A1C89534D0029A367 /* NSData+ImageContentType.m in Sources */ = {isa = PBXBuildFile; fileRef = C2907F5B1C89534D0029A367 /* NSData+ImageContentType.m */; settings = {ASSET_TAGS = (); }; };
		C2907F7B1C89534D0029A367 /* SDImageCache.m in Sources */ = {isa = PBXBuildFile; fileRef = C2907F5D1C89534D0029A367 /* SDImageCache.m */; settings = {ASSET_TAGS = (); }; };
		C2907F7C1C89534D0029A367 /* SDWebImageCompat.m in Sources */ = {isa = PBXBuildFile; fileRef = C2907F5F1C89534D0029A367 /* SDWebImageCompat.m */; settings = {ASSET_TAGS = (); }; };
		C2907F7D1C89534D0029A367 /* SDWebImageDecoder.m in Sources */ = {isa = PBXBuildFile; fileRef = C2907F611C89534D0029A367 /* SDWebImageDecoder.m */; settings = {ASSET_TAGS = (); }; };
		C2907F7E1C89534D0029A367 /* SDWebImageDownloader.m in Sources */ = {isa = PBXBuildFile; fileRef = C2907F631C89534D0029A367 /* SDWebImageDownloader.m */; settings = {ASSET_TAGS = (); }; };
		C2907F7F1C89534D0029A367 /* SDWebImageDownloaderOperation.m in Sources */ = {isa = PBXBuildFile; fileRef = C2907F651C89534D0029A367 /* SDWebImageDownloaderOperation.m */; settings = {ASSET_TAGS = (); }; };
		C2907F801C89534D0029A367 /* SDWebImageManager.m in Sources */ = {isa = PBXBuildFile; fileRef = C2907F671C89534D0029A367 /* SDWebImageManager.m */; settings = {ASSET_TAGS = (); }; };
		C2907F811C89534D0029A367 /* SDWebImagePrefetcher.m in Sources */ = {isa = PBXBuildFile; fileRef = C2907F6A1C89534D0029A367 /* SDWebImagePrefetcher.m */; settings = {ASSET_TAGS = (); }; };
		C2907F821C89534D0029A367 /* UIButton+WebCache.m in Sources */ = {isa = PBXBuildFile; fileRef = C2907F6C1C89534D0029A367 /* UIButton+WebCache.m */; settings = {ASSET_TAGS = (); }; };
		C2907F831C89534D0029A367 /* UIImage+GIF.m in Sources */ = {isa = PBXBuildFile; fileRef = C2907F6E1C89534D0029A367 /* UIImage+GIF.m */; settings = {ASSET_TAGS = (); }; };
		C2907F841C89534D0029A367 /* UIImage+MultiFormat.m in Sources */ = {isa = PBXBuildFile; fileRef = C2907F701C89534D0029A367 /* UIImage+MultiFormat.m */; settings = {ASSET_TAGS = (); }; };
		C2907F851C89534D0029A367 /* UIImage+WebP.m in Sources */ = {isa = PBXBuildFile; fileRef = C2907F721C89534D0029A367 /* UIImage+WebP.m */; settings = {ASSET_TAGS = (); }; };
		C2907F861C89534D0029A367 /* UIImageView+HighlightedWebCache.m in Sources */ = {isa = PBXBuildFile; fileRef = C2907F741C89534D0029A367 /* UIImageView+HighlightedWebCache.m */; settings = {ASSET_TAGS = (); }; };
		C2907F871C89534D0029A367 /* UIImageView+WebCache.m in Sources */ = {isa = PBXBuildFile; fileRef = C2907F761C89534D0029A367 /* UIImageView+WebCache.m */; settings = {ASSET_TAGS = (); }; };
		C2907F881C89534D0029A367 /* UIView+WebCacheOperation.m in Sources */ = {isa = PBXBuildFile; fileRef = C2907F781C89534D0029A367 /* UIView+WebCacheOperation.m */; settings = {ASSET_TAGS = (); }; };
		C2907F8B1C8956B10029A367 /* WLLTodayNotesModel.m in Sources */ = {isa = PBXBuildFile; fileRef = C2907F8A1C8956B10029A367 /* WLLTodayNotesModel.m */; settings = {ASSET_TAGS = (); }; };
		C2907F8E1C897A600029A367 /* WLLDestinationModel.m in Sources */ = {isa = PBXBuildFile; fileRef = C2907F8D1C897A600029A367 /* WLLDestinationModel.m */; settings = {ASSET_TAGS = (); }; };
		C2907F911C8989770029A367 /* WLLRecommendModel.m in Sources */ = {isa = PBXBuildFile; fileRef = C2907F901C8989770029A367 /* WLLRecommendModel.m */; settings = {ASSET_TAGS = (); }; };
		C2907F951C89B22E0029A367 /* WLLPopViewController.m in Sources */ = {isa = PBXBuildFile; fileRef = C2907F931C89B22E0029A367 /* WLLPopViewController.m */; settings = {ASSET_TAGS = (); }; };
		C2907F961C89B22E0029A367 /* WLLPopViewController.xib in Resources */ = {isa = PBXBuildFile; fileRef = C2907F941C89B22E0029A367 /* WLLPopViewController.xib */; settings = {ASSET_TAGS = (); }; };
		C2C85A041C8C155C0092C6EB /* WLLMoreCheckViewController.m in Sources */ = {isa = PBXBuildFile; fileRef = C2C85A021C8C155C0092C6EB /* WLLMoreCheckViewController.m */; settings = {ASSET_TAGS = (); }; };
		C2C85A051C8C155C0092C6EB /* WLLMoreCheckViewController.xib in Resources */ = {isa = PBXBuildFile; fileRef = C2C85A031C8C155C0092C6EB /* WLLMoreCheckViewController.xib */; settings = {ASSET_TAGS = (); }; };
		C2C85A2E1C8C35DE0092C6EB /* WLLSeekViewController.m in Sources */ = {isa = PBXBuildFile; fileRef = C2C85A2C1C8C35DE0092C6EB /* WLLSeekViewController.m */; settings = {ASSET_TAGS = (); }; };
		C2C85A2F1C8C35DE0092C6EB /* WLLSeekViewController.xib in Resources */ = {isa = PBXBuildFile; fileRef = C2C85A2D1C8C35DE0092C6EB /* WLLSeekViewController.xib */; settings = {ASSET_TAGS = (); }; };
/* End PBXBuildFile section */

/* Begin PBXFileReference section */
		C214DBBC1C872021000C269E /* WLLSearchedCollectionViewCell.h */ = {isa = PBXFileReference; fileEncoding = 4; lastKnownFileType = sourcecode.c.h; path = WLLSearchedCollectionViewCell.h; sourceTree = "<group>"; };
		C214DBBD1C872021000C269E /* WLLSearchedCollectionViewCell.m */ = {isa = PBXFileReference; fileEncoding = 4; lastKnownFileType = sourcecode.c.objc; path = WLLSearchedCollectionViewCell.m; sourceTree = "<group>"; };
		C214DBBE1C872021000C269E /* WLLSearchedCollectionViewCell.xib */ = {isa = PBXFileReference; fileEncoding = 4; lastKnownFileType = file.xib; path = WLLSearchedCollectionViewCell.xib; sourceTree = "<group>"; };
		C214DBC11C872A2C000C269E /* WLLGuidanceCollectionViewCell.h */ = {isa = PBXFileReference; fileEncoding = 4; lastKnownFileType = sourcecode.c.h; path = WLLGuidanceCollectionViewCell.h; sourceTree = "<group>"; };
		C214DBC21C872A2C000C269E /* WLLGuidanceCollectionViewCell.m */ = {isa = PBXFileReference; fileEncoding = 4; lastKnownFileType = sourcecode.c.objc; path = WLLGuidanceCollectionViewCell.m; sourceTree = "<group>"; };
		C214DBC31C872A2C000C269E /* WLLGuidanceCollectionViewCell.xib */ = {isa = PBXFileReference; fileEncoding = 4; lastKnownFileType = file.xib; path = WLLGuidanceCollectionViewCell.xib; sourceTree = "<group>"; };
		C2431EEB1C84672A0061FAB1 /* TakingYouFurther.app */ = {isa = PBXFileReference; explicitFileType = wrapper.application; includeInIndex = 0; path = TakingYouFurther.app; sourceTree = BUILT_PRODUCTS_DIR; };
		C2431EEF1C84672A0061FAB1 /* main.m */ = {isa = PBXFileReference; lastKnownFileType = sourcecode.c.objc; path = main.m; sourceTree = "<group>"; };
		C2431EF81C84672A0061FAB1 /* Base */ = {isa = PBXFileReference; lastKnownFileType = file.storyboard; name = Base; path = Base.lproj/Main.storyboard; sourceTree = "<group>"; };
		C2431EFB1C84672A0061FAB1 /* TakingYouFurther.xcdatamodel */ = {isa = PBXFileReference; lastKnownFileType = wrapper.xcdatamodel; path = TakingYouFurther.xcdatamodel; sourceTree = "<group>"; };
		C2431EFD1C84672A0061FAB1 /* Assets.xcassets */ = {isa = PBXFileReference; lastKnownFileType = folder.assetcatalog; path = Assets.xcassets; sourceTree = "<group>"; };
		C2431F001C84672B0061FAB1 /* Base */ = {isa = PBXFileReference; lastKnownFileType = file.storyboard; name = Base; path = Base.lproj/LaunchScreen.storyboard; sourceTree = "<group>"; };
		C2431F021C84672B0061FAB1 /* Info.plist */ = {isa = PBXFileReference; lastKnownFileType = text.plist.xml; path = Info.plist; sourceTree = "<group>"; };
		C2431F0A1C84687E0061FAB1 /* AppDelegate.h */ = {isa = PBXFileReference; fileEncoding = 4; lastKnownFileType = sourcecode.c.h; path = AppDelegate.h; sourceTree = "<group>"; };
		C2431F0B1C84687E0061FAB1 /* AppDelegate.m */ = {isa = PBXFileReference; fileEncoding = 4; lastKnownFileType = sourcecode.c.objc; path = AppDelegate.m; sourceTree = "<group>"; };
		C2431F181C8468A90061FAB1 /* File1 */ = {isa = PBXFileReference; fileEncoding = 4; lastKnownFileType = text; path = File1; sourceTree = "<group>"; };
		C2431F1C1C8468BE0061FAB1 /* File3 */ = {isa = PBXFileReference; fileEncoding = 4; lastKnownFileType = text; path = File3; sourceTree = "<group>"; };
		C2431F1E1C8468C60061FAB1 /* File4 */ = {isa = PBXFileReference; fileEncoding = 4; lastKnownFileType = text; path = File4; sourceTree = "<group>"; };
		C2431F281C8468EE0061FAB1 /* dsfg */ = {isa = PBXFileReference; fileEncoding = 4; lastKnownFileType = text; path = dsfg; sourceTree = "<group>"; };
		C2431F2F1C846B870061FAB1 /* WLLHomePageViewController.h */ = {isa = PBXFileReference; fileEncoding = 4; lastKnownFileType = sourcecode.c.h; path = WLLHomePageViewController.h; sourceTree = "<group>"; };
		C2431F301C846B870061FAB1 /* WLLHomePageViewController.m */ = {isa = PBXFileReference; fileEncoding = 4; lastKnownFileType = sourcecode.c.objc; path = WLLHomePageViewController.m; sourceTree = "<group>"; };
		C2431F311C846B870061FAB1 /* WLLHomePageViewController.xib */ = {isa = PBXFileReference; fileEncoding = 4; lastKnownFileType = file.xib; path = WLLHomePageViewController.xib; sourceTree = "<group>"; };
		C2431F341C846BBE0061FAB1 /* WLLDestinationViewController.h */ = {isa = PBXFileReference; fileEncoding = 4; lastKnownFileType = sourcecode.c.h; path = WLLDestinationViewController.h; sourceTree = "<group>"; };
		C2431F351C846BBE0061FAB1 /* WLLDestinationViewController.m */ = {isa = PBXFileReference; fileEncoding = 4; lastKnownFileType = sourcecode.c.objc; path = WLLDestinationViewController.m; sourceTree = "<group>"; };
		C2431F361C846BBE0061FAB1 /* WLLDestinationViewController.xib */ = {isa = PBXFileReference; fileEncoding = 4; lastKnownFileType = file.xib; path = WLLDestinationViewController.xib; sourceTree = "<group>"; };
		C2431F391C846BD60061FAB1 /* WLLUserViewController.h */ = {isa = PBXFileReference; fileEncoding = 4; lastKnownFileType = sourcecode.c.h; path = WLLUserViewController.h; sourceTree = "<group>"; };
		C2431F3A1C846BD60061FAB1 /* WLLUserViewController.m */ = {isa = PBXFileReference; fileEncoding = 4; lastKnownFileType = sourcecode.c.objc; name = WLLUserViewController.m; path = ../ViewControllers/BaseViewControllers/WLLUserViewController.m; sourceTree = "<group>"; };
		C2431F3B1C846BD60061FAB1 /* WLLUserViewController.xib */ = {isa = PBXFileReference; fileEncoding = 4; lastKnownFileType = file.xib; path = WLLUserViewController.xib; sourceTree = "<group>"; };
		C2471F0A1C8AA835001042A8 /* WLLMainTableViewCell.h */ = {isa = PBXFileReference; fileEncoding = 4; lastKnownFileType = sourcecode.c.h; path = WLLMainTableViewCell.h; sourceTree = "<group>"; };
		C2471F0B1C8AA835001042A8 /* WLLMainTableViewCell.m */ = {isa = PBXFileReference; fileEncoding = 4; lastKnownFileType = sourcecode.c.objc; path = WLLMainTableViewCell.m; sourceTree = "<group>"; };
		C2471F0C1C8AA835001042A8 /* WLLMainTableViewCell.xib */ = {isa = PBXFileReference; fileEncoding = 4; lastKnownFileType = file.xib; path = WLLMainTableViewCell.xib; sourceTree = "<group>"; };
		C2471F0F1C8AD3C7001042A8 /* WLLSearchViewController.h */ = {isa = PBXFileReference; fileEncoding = 4; lastKnownFileType = sourcecode.c.h; path = WLLSearchViewController.h; sourceTree = "<group>"; };
		C2471F101C8AD3C7001042A8 /* WLLSearchViewController.m */ = {isa = PBXFileReference; fileEncoding = 4; lastKnownFileType = sourcecode.c.objc; path = WLLSearchViewController.m; sourceTree = "<group>"; };
		C2471F111C8AD3C7001042A8 /* WLLSearchViewController.xib */ = {isa = PBXFileReference; fileEncoding = 4; lastKnownFileType = file.xib; path = WLLSearchViewController.xib; sourceTree = "<group>"; };
		C2471F181C8AF55D001042A8 /* 1.png */ = {isa = PBXFileReference; lastKnownFileType = image.png; path = 1.png; sourceTree = "<group>"; };
		C2471F2B1C8B05FA001042A8 /* WLLRecommendCollectionViewCell.h */ = {isa = PBXFileReference; fileEncoding = 4; lastKnownFileType = sourcecode.c.h; path = WLLRecommendCollectionViewCell.h; sourceTree = "<group>"; };
		C2471F2C1C8B05FA001042A8 /* WLLRecommendCollectionViewCell.m */ = {isa = PBXFileReference; fileEncoding = 4; lastKnownFileType = sourcecode.c.objc; path = WLLRecommendCollectionViewCell.m; sourceTree = "<group>"; };
		C2471F2D1C8B05FA001042A8 /* WLLRecommendCollectionViewCell.xib */ = {isa = PBXFileReference; fileEncoding = 4; lastKnownFileType = file.xib; path = WLLRecommendCollectionViewCell.xib; sourceTree = "<group>"; };
		C2471F301C8B0621001042A8 /* WLLRecommendViewController.h */ = {isa = PBXFileReference; fileEncoding = 4; lastKnownFileType = sourcecode.c.h; path = WLLRecommendViewController.h; sourceTree = "<group>"; };
		C2471F311C8B0621001042A8 /* WLLRecommendViewController.m */ = {isa = PBXFileReference; fileEncoding = 4; lastKnownFileType = sourcecode.c.objc; path = WLLRecommendViewController.m; sourceTree = "<group>"; };
		C2471F321C8B0621001042A8 /* WLLRecommendViewController.xib */ = {isa = PBXFileReference; fileEncoding = 4; lastKnownFileType = file.xib; path = WLLRecommendViewController.xib; sourceTree = "<group>"; };
		C2471F351C8B106E001042A8 /* WLLMoreOverViewController.h */ = {isa = PBXFileReference; fileEncoding = 4; lastKnownFileType = sourcecode.c.h; path = WLLMoreOverViewController.h; sourceTree = "<group>"; };
		C2471F361C8B106E001042A8 /* WLLMoreOverViewController.m */ = {isa = PBXFileReference; fileEncoding = 4; lastKnownFileType = sourcecode.c.objc; path = WLLMoreOverViewController.m; sourceTree = "<group>"; };
		C2471F371C8B106E001042A8 /* WLLMoreOverViewController.xib */ = {isa = PBXFileReference; fileEncoding = 4; lastKnownFileType = file.xib; path = WLLMoreOverViewController.xib; sourceTree = "<group>"; };
		C26E9BA01C87D086001EACFB /* WLLTodayNotesTableViewCell.h */ = {isa = PBXFileReference; fileEncoding = 4; lastKnownFileType = sourcecode.c.h; path = WLLTodayNotesTableViewCell.h; sourceTree = "<group>"; };
		C26E9BA11C87D086001EACFB /* WLLTodayNotesTableViewCell.m */ = {isa = PBXFileReference; fileEncoding = 4; lastKnownFileType = sourcecode.c.objc; path = WLLTodayNotesTableViewCell.m; sourceTree = "<group>"; };
		C26E9BA21C87D086001EACFB /* WLLTodayNotesTableViewCell.xib */ = {isa = PBXFileReference; fileEncoding = 4; lastKnownFileType = file.xib; path = WLLTodayNotesTableViewCell.xib; sourceTree = "<group>"; };
		C26E9BA51C87E821001EACFB /* WLLPopDestinationCollectionViewCell.h */ = {isa = PBXFileReference; fileEncoding = 4; lastKnownFileType = sourcecode.c.h; path = WLLPopDestinationCollectionViewCell.h; sourceTree = "<group>"; };
		C26E9BA61C87E821001EACFB /* WLLPopDestinationCollectionViewCell.m */ = {isa = PBXFileReference; fileEncoding = 4; lastKnownFileType = sourcecode.c.objc; path = WLLPopDestinationCollectionViewCell.m; sourceTree = "<group>"; };
		C26E9BA71C87E821001EACFB /* WLLPopDestinationCollectionViewCell.xib */ = {isa = PBXFileReference; fileEncoding = 4; lastKnownFileType = file.xib; path = WLLPopDestinationCollectionViewCell.xib; sourceTree = "<group>"; };
		C26E9BAA1C88141A001EACFB /* WLLRecommendDestinationCollectionViewCell.h */ = {isa = PBXFileReference; fileEncoding = 4; lastKnownFileType = sourcecode.c.h; path = WLLRecommendDestinationCollectionViewCell.h; sourceTree = "<group>"; };
		C26E9BAB1C88141A001EACFB /* WLLRecommendDestinationCollectionViewCell.m */ = {isa = PBXFileReference; fileEncoding = 4; lastKnownFileType = sourcecode.c.objc; path = WLLRecommendDestinationCollectionViewCell.m; sourceTree = "<group>"; };
		C26E9BAC1C88141A001EACFB /* WLLRecommendDestinationCollectionViewCell.xib */ = {isa = PBXFileReference; fileEncoding = 4; lastKnownFileType = file.xib; path = WLLRecommendDestinationCollectionViewCell.xib; sourceTree = "<group>"; };
		C26E9BEF1C886CF3001EACFB /* WLLFistTableViewCell.h */ = {isa = PBXFileReference; fileEncoding = 4; lastKnownFileType = sourcecode.c.h; path = WLLFistTableViewCell.h; sourceTree = "<group>"; };
		C26E9BF01C886CF3001EACFB /* WLLFistTableViewCell.m */ = {isa = PBXFileReference; fileEncoding = 4; lastKnownFileType = sourcecode.c.objc; path = WLLFistTableViewCell.m; sourceTree = "<group>"; };
		C26E9BF11C886CF3001EACFB /* WLLFistTableViewCell.xib */ = {isa = PBXFileReference; fileEncoding = 4; lastKnownFileType = file.xib; path = WLLFistTableViewCell.xib; sourceTree = "<group>"; };
		C26E9BF61C887317001EACFB /* WLLSearchedTableViewCell.h */ = {isa = PBXFileReference; fileEncoding = 4; lastKnownFileType = sourcecode.c.h; path = WLLSearchedTableViewCell.h; sourceTree = "<group>"; };
		C26E9BF71C887317001EACFB /* WLLSearchedTableViewCell.m */ = {isa = PBXFileReference; fileEncoding = 4; lastKnownFileType = sourcecode.c.objc; path = WLLSearchedTableViewCell.m; sourceTree = "<group>"; };
		C26E9BF81C887317001EACFB /* WLLSearchedTableViewCell.xib */ = {isa = PBXFileReference; fileEncoding = 4; lastKnownFileType = file.xib; path = WLLSearchedTableViewCell.xib; sourceTree = "<group>"; };
		C26E9BFB1C887A57001EACFB /* WLLGuidanceTableViewCell.h */ = {isa = PBXFileReference; fileEncoding = 4; lastKnownFileType = sourcecode.c.h; path = WLLGuidanceTableViewCell.h; sourceTree = "<group>"; };
		C26E9BFC1C887A57001EACFB /* WLLGuidanceTableViewCell.m */ = {isa = PBXFileReference; fileEncoding = 4; lastKnownFileType = sourcecode.c.objc; path = WLLGuidanceTableViewCell.m; sourceTree = "<group>"; };
		C26E9BFD1C887A57001EACFB /* WLLGuidanceTableViewCell.xib */ = {isa = PBXFileReference; fileEncoding = 4; lastKnownFileType = file.xib; path = WLLGuidanceTableViewCell.xib; sourceTree = "<group>"; };
		C26E9C001C8889DE001EACFB /* WLLPopDstinationTableViewCell.h */ = {isa = PBXFileReference; fileEncoding = 4; lastKnownFileType = sourcecode.c.h; path = WLLPopDstinationTableViewCell.h; sourceTree = "<group>"; };
		C26E9C011C8889DE001EACFB /* WLLPopDstinationTableViewCell.m */ = {isa = PBXFileReference; fileEncoding = 4; lastKnownFileType = sourcecode.c.objc; path = WLLPopDstinationTableViewCell.m; sourceTree = "<group>"; };
		C26E9C021C8889DE001EACFB /* WLLPopDstinationTableViewCell.xib */ = {isa = PBXFileReference; fileEncoding = 4; lastKnownFileType = file.xib; path = WLLPopDstinationTableViewCell.xib; sourceTree = "<group>"; };
		C2907F3C1C8925FE0029A367 /* WLLRecommendDestinationTableViewCell.h */ = {isa = PBXFileReference; fileEncoding = 4; lastKnownFileType = sourcecode.c.h; path = WLLRecommendDestinationTableViewCell.h; sourceTree = "<group>"; };
		C2907F3D1C8925FE0029A367 /* WLLRecommendDestinationTableViewCell.m */ = {isa = PBXFileReference; fileEncoding = 4; lastKnownFileType = sourcecode.c.objc; path = WLLRecommendDestinationTableViewCell.m; sourceTree = "<group>"; };
		C2907F3E1C8925FE0029A367 /* WLLRecommendDestinationTableViewCell.xib */ = {isa = PBXFileReference; fileEncoding = 4; lastKnownFileType = file.xib; path = WLLRecommendDestinationTableViewCell.xib; sourceTree = "<group>"; };
		C2907F411C892C7E0029A367 /* WLLReviewTableViewCell.h */ = {isa = PBXFileReference; fileEncoding = 4; lastKnownFileType = sourcecode.c.h; path = WLLReviewTableViewCell.h; sourceTree = "<group>"; };
		C2907F421C892C7E0029A367 /* WLLReviewTableViewCell.m */ = {isa = PBXFileReference; fileEncoding = 4; lastKnownFileType = sourcecode.c.objc; path = WLLReviewTableViewCell.m; sourceTree = "<group>"; };
		C2907F431C892C7E0029A367 /* WLLReviewTableViewCell.xib */ = {isa = PBXFileReference; fileEncoding = 4; lastKnownFileType = file.xib; path = WLLReviewTableViewCell.xib; sourceTree = "<group>"; };
		C2907F4D1C89357A0029A367 /* WLLHomePageDataManager.h */ = {isa = PBXFileReference; fileEncoding = 4; lastKnownFileType = sourcecode.c.h; path = WLLHomePageDataManager.h; sourceTree = "<group>"; };
		C2907F4E1C89357A0029A367 /* WLLHomePageDataManager.m */ = {isa = PBXFileReference; fileEncoding = 4; lastKnownFileType = sourcecode.c.objc; path = WLLHomePageDataManager.m; sourceTree = "<group>"; };
		C2907F501C893F3D0029A367 /* WLLHomePageUrlHeader.h */ = {isa = PBXFileReference; lastKnownFileType = sourcecode.c.h; path = WLLHomePageUrlHeader.h; sourceTree = "<group>"; };
		C2907F511C8940030029A367 /* BC_NetTools.h */ = {isa = PBXFileReference; fileEncoding = 4; lastKnownFileType = sourcecode.c.h; path = BC_NetTools.h; sourceTree = "<group>"; };
		C2907F521C8940030029A367 /* BC_NetTools.m */ = {isa = PBXFileReference; fileEncoding = 4; lastKnownFileType = sourcecode.c.objc; path = BC_NetTools.m; sourceTree = "<group>"; };
		C2907F541C8941290029A367 /* WLLGuidanceModel.h */ = {isa = PBXFileReference; fileEncoding = 4; lastKnownFileType = sourcecode.c.h; path = WLLGuidanceModel.h; sourceTree = "<group>"; };
		C2907F551C8941290029A367 /* WLLGuidanceModel.m */ = {isa = PBXFileReference; fileEncoding = 4; lastKnownFileType = sourcecode.c.objc; path = WLLGuidanceModel.m; sourceTree = "<group>"; };
		C2907F581C89534D0029A367 /* MKAnnotationView+WebCache.h */ = {isa = PBXFileReference; fileEncoding = 4; lastKnownFileType = sourcecode.c.h; path = "MKAnnotationView+WebCache.h"; sourceTree = "<group>"; };
		C2907F591C89534D0029A367 /* MKAnnotationView+WebCache.m */ = {isa = PBXFileReference; fileEncoding = 4; lastKnownFileType = sourcecode.c.objc; path = "MKAnnotationView+WebCache.m"; sourceTree = "<group>"; };
		C2907F5A1C89534D0029A367 /* NSData+ImageContentType.h */ = {isa = PBXFileReference; fileEncoding = 4; lastKnownFileType = sourcecode.c.h; path = "NSData+ImageContentType.h"; sourceTree = "<group>"; };
		C2907F5B1C89534D0029A367 /* NSData+ImageContentType.m */ = {isa = PBXFileReference; fileEncoding = 4; lastKnownFileType = sourcecode.c.objc; path = "NSData+ImageContentType.m"; sourceTree = "<group>"; };
		C2907F5C1C89534D0029A367 /* SDImageCache.h */ = {isa = PBXFileReference; fileEncoding = 4; lastKnownFileType = sourcecode.c.h; path = SDImageCache.h; sourceTree = "<group>"; };
		C2907F5D1C89534D0029A367 /* SDImageCache.m */ = {isa = PBXFileReference; fileEncoding = 4; lastKnownFileType = sourcecode.c.objc; path = SDImageCache.m; sourceTree = "<group>"; };
		C2907F5E1C89534D0029A367 /* SDWebImageCompat.h */ = {isa = PBXFileReference; fileEncoding = 4; lastKnownFileType = sourcecode.c.h; path = SDWebImageCompat.h; sourceTree = "<group>"; };
		C2907F5F1C89534D0029A367 /* SDWebImageCompat.m */ = {isa = PBXFileReference; fileEncoding = 4; lastKnownFileType = sourcecode.c.objc; path = SDWebImageCompat.m; sourceTree = "<group>"; };
		C2907F601C89534D0029A367 /* SDWebImageDecoder.h */ = {isa = PBXFileReference; fileEncoding = 4; lastKnownFileType = sourcecode.c.h; path = SDWebImageDecoder.h; sourceTree = "<group>"; };
		C2907F611C89534D0029A367 /* SDWebImageDecoder.m */ = {isa = PBXFileReference; fileEncoding = 4; lastKnownFileType = sourcecode.c.objc; path = SDWebImageDecoder.m; sourceTree = "<group>"; };
		C2907F621C89534D0029A367 /* SDWebImageDownloader.h */ = {isa = PBXFileReference; fileEncoding = 4; lastKnownFileType = sourcecode.c.h; path = SDWebImageDownloader.h; sourceTree = "<group>"; };
		C2907F631C89534D0029A367 /* SDWebImageDownloader.m */ = {isa = PBXFileReference; fileEncoding = 4; lastKnownFileType = sourcecode.c.objc; path = SDWebImageDownloader.m; sourceTree = "<group>"; };
		C2907F641C89534D0029A367 /* SDWebImageDownloaderOperation.h */ = {isa = PBXFileReference; fileEncoding = 4; lastKnownFileType = sourcecode.c.h; path = SDWebImageDownloaderOperation.h; sourceTree = "<group>"; };
		C2907F651C89534D0029A367 /* SDWebImageDownloaderOperation.m */ = {isa = PBXFileReference; fileEncoding = 4; lastKnownFileType = sourcecode.c.objc; path = SDWebImageDownloaderOperation.m; sourceTree = "<group>"; };
		C2907F661C89534D0029A367 /* SDWebImageManager.h */ = {isa = PBXFileReference; fileEncoding = 4; lastKnownFileType = sourcecode.c.h; path = SDWebImageManager.h; sourceTree = "<group>"; };
		C2907F671C89534D0029A367 /* SDWebImageManager.m */ = {isa = PBXFileReference; fileEncoding = 4; lastKnownFileType = sourcecode.c.objc; path = SDWebImageManager.m; sourceTree = "<group>"; };
		C2907F681C89534D0029A367 /* SDWebImageOperation.h */ = {isa = PBXFileReference; fileEncoding = 4; lastKnownFileType = sourcecode.c.h; path = SDWebImageOperation.h; sourceTree = "<group>"; };
		C2907F691C89534D0029A367 /* SDWebImagePrefetcher.h */ = {isa = PBXFileReference; fileEncoding = 4; lastKnownFileType = sourcecode.c.h; path = SDWebImagePrefetcher.h; sourceTree = "<group>"; };
		C2907F6A1C89534D0029A367 /* SDWebImagePrefetcher.m */ = {isa = PBXFileReference; fileEncoding = 4; lastKnownFileType = sourcecode.c.objc; path = SDWebImagePrefetcher.m; sourceTree = "<group>"; };
		C2907F6B1C89534D0029A367 /* UIButton+WebCache.h */ = {isa = PBXFileReference; fileEncoding = 4; lastKnownFileType = sourcecode.c.h; path = "UIButton+WebCache.h"; sourceTree = "<group>"; };
		C2907F6C1C89534D0029A367 /* UIButton+WebCache.m */ = {isa = PBXFileReference; fileEncoding = 4; lastKnownFileType = sourcecode.c.objc; path = "UIButton+WebCache.m"; sourceTree = "<group>"; };
		C2907F6D1C89534D0029A367 /* UIImage+GIF.h */ = {isa = PBXFileReference; fileEncoding = 4; lastKnownFileType = sourcecode.c.h; path = "UIImage+GIF.h"; sourceTree = "<group>"; };
		C2907F6E1C89534D0029A367 /* UIImage+GIF.m */ = {isa = PBXFileReference; fileEncoding = 4; lastKnownFileType = sourcecode.c.objc; path = "UIImage+GIF.m"; sourceTree = "<group>"; };
		C2907F6F1C89534D0029A367 /* UIImage+MultiFormat.h */ = {isa = PBXFileReference; fileEncoding = 4; lastKnownFileType = sourcecode.c.h; path = "UIImage+MultiFormat.h"; sourceTree = "<group>"; };
		C2907F701C89534D0029A367 /* UIImage+MultiFormat.m */ = {isa = PBXFileReference; fileEncoding = 4; lastKnownFileType = sourcecode.c.objc; path = "UIImage+MultiFormat.m"; sourceTree = "<group>"; };
		C2907F711C89534D0029A367 /* UIImage+WebP.h */ = {isa = PBXFileReference; fileEncoding = 4; lastKnownFileType = sourcecode.c.h; path = "UIImage+WebP.h"; sourceTree = "<group>"; };
		C2907F721C89534D0029A367 /* UIImage+WebP.m */ = {isa = PBXFileReference; fileEncoding = 4; lastKnownFileType = sourcecode.c.objc; path = "UIImage+WebP.m"; sourceTree = "<group>"; };
		C2907F731C89534D0029A367 /* UIImageView+HighlightedWebCache.h */ = {isa = PBXFileReference; fileEncoding = 4; lastKnownFileType = sourcecode.c.h; path = "UIImageView+HighlightedWebCache.h"; sourceTree = "<group>"; };
		C2907F741C89534D0029A367 /* UIImageView+HighlightedWebCache.m */ = {isa = PBXFileReference; fileEncoding = 4; lastKnownFileType = sourcecode.c.objc; path = "UIImageView+HighlightedWebCache.m"; sourceTree = "<group>"; };
		C2907F751C89534D0029A367 /* UIImageView+WebCache.h */ = {isa = PBXFileReference; fileEncoding = 4; lastKnownFileType = sourcecode.c.h; path = "UIImageView+WebCache.h"; sourceTree = "<group>"; };
		C2907F761C89534D0029A367 /* UIImageView+WebCache.m */ = {isa = PBXFileReference; fileEncoding = 4; lastKnownFileType = sourcecode.c.objc; path = "UIImageView+WebCache.m"; sourceTree = "<group>"; };
		C2907F771C89534D0029A367 /* UIView+WebCacheOperation.h */ = {isa = PBXFileReference; fileEncoding = 4; lastKnownFileType = sourcecode.c.h; path = "UIView+WebCacheOperation.h"; sourceTree = "<group>"; };
		C2907F781C89534D0029A367 /* UIView+WebCacheOperation.m */ = {isa = PBXFileReference; fileEncoding = 4; lastKnownFileType = sourcecode.c.objc; path = "UIView+WebCacheOperation.m"; sourceTree = "<group>"; };
		C2907F891C8956B10029A367 /* WLLTodayNotesModel.h */ = {isa = PBXFileReference; fileEncoding = 4; lastKnownFileType = sourcecode.c.h; path = WLLTodayNotesModel.h; sourceTree = "<group>"; };
		C2907F8A1C8956B10029A367 /* WLLTodayNotesModel.m */ = {isa = PBXFileReference; fileEncoding = 4; lastKnownFileType = sourcecode.c.objc; path = WLLTodayNotesModel.m; sourceTree = "<group>"; };
		C2907F8C1C897A600029A367 /* WLLDestinationModel.h */ = {isa = PBXFileReference; fileEncoding = 4; lastKnownFileType = sourcecode.c.h; path = WLLDestinationModel.h; sourceTree = "<group>"; };
		C2907F8D1C897A600029A367 /* WLLDestinationModel.m */ = {isa = PBXFileReference; fileEncoding = 4; lastKnownFileType = sourcecode.c.objc; path = WLLDestinationModel.m; sourceTree = "<group>"; };
		C2907F8F1C8989770029A367 /* WLLRecommendModel.h */ = {isa = PBXFileReference; fileEncoding = 4; lastKnownFileType = sourcecode.c.h; path = WLLRecommendModel.h; sourceTree = "<group>"; };
		C2907F901C8989770029A367 /* WLLRecommendModel.m */ = {isa = PBXFileReference; fileEncoding = 4; lastKnownFileType = sourcecode.c.objc; path = WLLRecommendModel.m; sourceTree = "<group>"; };
		C2907F921C89B22E0029A367 /* WLLPopViewController.h */ = {isa = PBXFileReference; fileEncoding = 4; lastKnownFileType = sourcecode.c.h; path = WLLPopViewController.h; sourceTree = "<group>"; };
		C2907F931C89B22E0029A367 /* WLLPopViewController.m */ = {isa = PBXFileReference; fileEncoding = 4; lastKnownFileType = sourcecode.c.objc; path = WLLPopViewController.m; sourceTree = "<group>"; };
		C2907F941C89B22E0029A367 /* WLLPopViewController.xib */ = {isa = PBXFileReference; fileEncoding = 4; lastKnownFileType = file.xib; path = WLLPopViewController.xib; sourceTree = "<group>"; };
		C2C85A011C8C155C0092C6EB /* WLLMoreCheckViewController.h */ = {isa = PBXFileReference; fileEncoding = 4; lastKnownFileType = sourcecode.c.h; path = WLLMoreCheckViewController.h; sourceTree = "<group>"; };
		C2C85A021C8C155C0092C6EB /* WLLMoreCheckViewController.m */ = {isa = PBXFileReference; fileEncoding = 4; lastKnownFileType = sourcecode.c.objc; path = WLLMoreCheckViewController.m; sourceTree = "<group>"; };
		C2C85A031C8C155C0092C6EB /* WLLMoreCheckViewController.xib */ = {isa = PBXFileReference; fileEncoding = 4; lastKnownFileType = file.xib; path = WLLMoreCheckViewController.xib; sourceTree = "<group>"; };
		C2C85A2B1C8C35DE0092C6EB /* WLLSeekViewController.h */ = {isa = PBXFileReference; fileEncoding = 4; lastKnownFileType = sourcecode.c.h; path = WLLSeekViewController.h; sourceTree = "<group>"; };
		C2C85A2C1C8C35DE0092C6EB /* WLLSeekViewController.m */ = {isa = PBXFileReference; fileEncoding = 4; lastKnownFileType = sourcecode.c.objc; path = WLLSeekViewController.m; sourceTree = "<group>"; };
		C2C85A2D1C8C35DE0092C6EB /* WLLSeekViewController.xib */ = {isa = PBXFileReference; fileEncoding = 4; lastKnownFileType = file.xib; path = WLLSeekViewController.xib; sourceTree = "<group>"; };
/* End PBXFileReference section */

/* Begin PBXFrameworksBuildPhase section */
		C2431EE81C84672A0061FAB1 /* Frameworks */ = {
			isa = PBXFrameworksBuildPhase;
			buildActionMask = 2147483647;
			files = (
			);
			runOnlyForDeploymentPostprocessing = 0;
		};
/* End PBXFrameworksBuildPhase section */

/* Begin PBXGroup section */
		C214DBB61C871FFB000C269E /* HomePageViews */ = {
			isa = PBXGroup;
			children = (
				C26E9BEF1C886CF3001EACFB /* WLLFistTableViewCell.h */,
				C26E9BF01C886CF3001EACFB /* WLLFistTableViewCell.m */,
				C26E9BF11C886CF3001EACFB /* WLLFistTableViewCell.xib */,
				C26E9BF61C887317001EACFB /* WLLSearchedTableViewCell.h */,
				C26E9BF71C887317001EACFB /* WLLSearchedTableViewCell.m */,
				C26E9BF81C887317001EACFB /* WLLSearchedTableViewCell.xib */,
				C214DBBC1C872021000C269E /* WLLSearchedCollectionViewCell.h */,
				C214DBBD1C872021000C269E /* WLLSearchedCollectionViewCell.m */,
				C214DBBE1C872021000C269E /* WLLSearchedCollectionViewCell.xib */,
				C26E9BFB1C887A57001EACFB /* WLLGuidanceTableViewCell.h */,
				C26E9BFC1C887A57001EACFB /* WLLGuidanceTableViewCell.m */,
				C26E9BFD1C887A57001EACFB /* WLLGuidanceTableViewCell.xib */,
				C214DBC11C872A2C000C269E /* WLLGuidanceCollectionViewCell.h */,
				C214DBC21C872A2C000C269E /* WLLGuidanceCollectionViewCell.m */,
				C214DBC31C872A2C000C269E /* WLLGuidanceCollectionViewCell.xib */,
				C26E9BA01C87D086001EACFB /* WLLTodayNotesTableViewCell.h */,
				C26E9BA11C87D086001EACFB /* WLLTodayNotesTableViewCell.m */,
				C26E9BA21C87D086001EACFB /* WLLTodayNotesTableViewCell.xib */,
				C26E9C001C8889DE001EACFB /* WLLPopDstinationTableViewCell.h */,
				C26E9C011C8889DE001EACFB /* WLLPopDstinationTableViewCell.m */,
				C26E9C021C8889DE001EACFB /* WLLPopDstinationTableViewCell.xib */,
				C26E9BA51C87E821001EACFB /* WLLPopDestinationCollectionViewCell.h */,
				C26E9BA61C87E821001EACFB /* WLLPopDestinationCollectionViewCell.m */,
				C26E9BA71C87E821001EACFB /* WLLPopDestinationCollectionViewCell.xib */,
				C2907F3C1C8925FE0029A367 /* WLLRecommendDestinationTableViewCell.h */,
				C2907F3D1C8925FE0029A367 /* WLLRecommendDestinationTableViewCell.m */,
				C2907F3E1C8925FE0029A367 /* WLLRecommendDestinationTableViewCell.xib */,
				C26E9BAA1C88141A001EACFB /* WLLRecommendDestinationCollectionViewCell.h */,
				C26E9BAB1C88141A001EACFB /* WLLRecommendDestinationCollectionViewCell.m */,
				C26E9BAC1C88141A001EACFB /* WLLRecommendDestinationCollectionViewCell.xib */,
				C2907F411C892C7E0029A367 /* WLLReviewTableViewCell.h */,
				C2907F421C892C7E0029A367 /* WLLReviewTableViewCell.m */,
				C2907F431C892C7E0029A367 /* WLLReviewTableViewCell.xib */,
				C2471F041C8AA7F5001042A8 /* PopPageView */,
			);
			path = HomePageViews;
			sourceTree = "<group>";
		};
		C2431EE21C84672A0061FAB1 = {
			isa = PBXGroup;
			children = (
				C2431EED1C84672A0061FAB1 /* TakingYouFurther */,
				C2431EEC1C84672A0061FAB1 /* Products */,
			);
			sourceTree = "<group>";
		};
		C2431EEC1C84672A0061FAB1 /* Products */ = {
			isa = PBXGroup;
			children = (
				C2431EEB1C84672A0061FAB1 /* TakingYouFurther.app */,
			);
			name = Products;
			sourceTree = "<group>";
		};
		C2431EED1C84672A0061FAB1 /* TakingYouFurther */ = {
			isa = PBXGroup;
			children = (
				C2431F081C84687E0061FAB1 /* Classes */,
				C2431EFD1C84672A0061FAB1 /* Assets.xcassets */,
				C2431EFF1C84672B0061FAB1 /* LaunchScreen.storyboard */,
				C2431F021C84672B0061FAB1 /* Info.plist */,
				C2431EFA1C84672A0061FAB1 /* TakingYouFurther.xcdatamodeld */,
				C2431EEE1C84672A0061FAB1 /* Supporting Files */,
			);
			path = TakingYouFurther;
			sourceTree = "<group>";
		};
		C2431EEE1C84672A0061FAB1 /* Supporting Files */ = {
			isa = PBXGroup;
			children = (
				C2431EEF1C84672A0061FAB1 /* main.m */,
			);
			name = "Supporting Files";
			sourceTree = "<group>";
		};
		C2431F081C84687E0061FAB1 /* Classes */ = {
			isa = PBXGroup;
			children = (
				C2431F091C84687E0061FAB1 /* AppDelegate */,
				C2431F0C1C84687E0061FAB1 /* Headers */,
				C2431F0D1C84687E0061FAB1 /* Helpers */,
				C2431F0E1C84687E0061FAB1 /* Models */,
				C2431F0F1C84687E0061FAB1 /* Resources */,
				C2431F101C84687E0061FAB1 /* ThirdParties */,
				C2431F111C84687E0061FAB1 /* ViewControllers */,
				C2431F141C84687E0061FAB1 /* Views */,
			);
			path = Classes;
			sourceTree = "<group>";
		};
		C2431F091C84687E0061FAB1 /* AppDelegate */ = {
			isa = PBXGroup;
			children = (
				C2431F0A1C84687E0061FAB1 /* AppDelegate.h */,
				C2431F0B1C84687E0061FAB1 /* AppDelegate.m */,
			);
			path = AppDelegate;
			sourceTree = "<group>";
		};
		C2431F0C1C84687E0061FAB1 /* Headers */ = {
			isa = PBXGroup;
			children = (
				C2431F181C8468A90061FAB1 /* File1 */,
				C2907F501C893F3D0029A367 /* WLLHomePageUrlHeader.h */,
			);
			path = Headers;
			sourceTree = "<group>";
		};
		C2431F0D1C84687E0061FAB1 /* Helpers */ = {
			isa = PBXGroup;
			children = (
				C2907F491C8935410029A367 /* HomePageHelper */,
			);
			path = Helpers;
			sourceTree = "<group>";
		};
		C2431F0E1C84687E0061FAB1 /* Models */ = {
			isa = PBXGroup;
			children = (
				C2431F1C1C8468BE0061FAB1 /* File3 */,
				C2907F541C8941290029A367 /* WLLGuidanceModel.h */,
				C2907F551C8941290029A367 /* WLLGuidanceModel.m */,
				C2907F891C8956B10029A367 /* WLLTodayNotesModel.h */,
				C2907F8A1C8956B10029A367 /* WLLTodayNotesModel.m */,
				C2907F8C1C897A600029A367 /* WLLDestinationModel.h */,
				C2907F8D1C897A600029A367 /* WLLDestinationModel.m */,
				C2907F8F1C8989770029A367 /* WLLRecommendModel.h */,
				C2907F901C8989770029A367 /* WLLRecommendModel.m */,
			);
			path = Models;
			sourceTree = "<group>";
		};
		C2431F0F1C84687E0061FAB1 /* Resources */ = {
			isa = PBXGroup;
			children = (
				C2431F1E1C8468C60061FAB1 /* File4 */,
			);
			path = Resources;
			sourceTree = "<group>";
		};
		C2431F101C84687E0061FAB1 /* ThirdParties */ = {
			isa = PBXGroup;
			children = (
				C2907F511C8940030029A367 /* BC_NetTools.h */,
				C2431F3A1C846BD60061FAB1 /* WLLUserViewController.m */,
				C2907F521C8940030029A367 /* BC_NetTools.m */,
				C2907F571C89534D0029A367 /* SDWebImage */,
			);
			path = ThirdParties;
			sourceTree = "<group>";
		};
		C2431F111C84687E0061FAB1 /* ViewControllers */ = {
			isa = PBXGroup;
			children = (
				C2431F121C84687E0061FAB1 /* BaseViewControllers */,
				C2431F131C84687E0061FAB1 /* NormalViewControllers */,
			);
			path = ViewControllers;
			sourceTree = "<group>";
		};
		C2431F121C84687E0061FAB1 /* BaseViewControllers */ = {
			isa = PBXGroup;
			children = (
				C2431F2F1C846B870061FAB1 /* WLLHomePageViewController.h */,
				C2431F301C846B870061FAB1 /* WLLHomePageViewController.m */,
				C2431F311C846B870061FAB1 /* WLLHomePageViewController.xib */,
				C2471F181C8AF55D001042A8 /* 1.png */,
				C2431F341C846BBE0061FAB1 /* WLLDestinationViewController.h */,
				C2431F351C846BBE0061FAB1 /* WLLDestinationViewController.m */,
				C2431F361C846BBE0061FAB1 /* WLLDestinationViewController.xib */,
				C2431F391C846BD60061FAB1 /* WLLUserViewController.h */,
				C2431F3B1C846BD60061FAB1 /* WLLUserViewController.xib */,
			);
			path = BaseViewControllers;
			sourceTree = "<group>";
		};
		C2431F131C84687E0061FAB1 /* NormalViewControllers */ = {
			isa = PBXGroup;
			children = (
				C2C85A2A1C8C35DE0092C6EB /* GuidancePageViewController */,
				C2907F921C89B22E0029A367 /* WLLPopViewController.h */,
				C2907F931C89B22E0029A367 /* WLLPopViewController.m */,
				C2907F941C89B22E0029A367 /* WLLPopViewController.xib */,
				C2471F0F1C8AD3C7001042A8 /* WLLSearchViewController.h */,
				C2471F101C8AD3C7001042A8 /* WLLSearchViewController.m */,
				C2471F111C8AD3C7001042A8 /* WLLSearchViewController.xib */,
				C2471F301C8B0621001042A8 /* WLLRecommendViewController.h */,
				C2471F311C8B0621001042A8 /* WLLRecommendViewController.m */,
				C2471F321C8B0621001042A8 /* WLLRecommendViewController.xib */,
				C2471F351C8B106E001042A8 /* WLLMoreOverViewController.h */,
				C2471F361C8B106E001042A8 /* WLLMoreOverViewController.m */,
				C2471F371C8B106E001042A8 /* WLLMoreOverViewController.xib */,
				C2C85A011C8C155C0092C6EB /* WLLMoreCheckViewController.h */,
				C2C85A021C8C155C0092C6EB /* WLLMoreCheckViewController.m */,
				C2C85A031C8C155C0092C6EB /* WLLMoreCheckViewController.xib */,
			);
			path = NormalViewControllers;
			sourceTree = "<group>";
		};
		C2431F141C84687E0061FAB1 /* Views */ = {
			isa = PBXGroup;
			children = (
				C2431EF71C84672A0061FAB1 /* Main.storyboard */,
				C2431F151C84687E0061FAB1 /* BaseViews */,
				C2431F161C84687E0061FAB1 /* NormalViews */,
			);
			path = Views;
			sourceTree = "<group>";
		};
		C2431F151C84687E0061FAB1 /* BaseViews */ = {
			isa = PBXGroup;
			children = (
				C214DBB61C871FFB000C269E /* HomePageViews */,
			);
			path = BaseViews;
			sourceTree = "<group>";
		};
		C2431F161C84687E0061FAB1 /* NormalViews */ = {
			isa = PBXGroup;
			children = (
				C2431F281C8468EE0061FAB1 /* dsfg */,
			);
			path = NormalViews;
			sourceTree = "<group>";
		};
		C2471F041C8AA7F5001042A8 /* PopPageView */ = {
			isa = PBXGroup;
			children = (
				C2471F0A1C8AA835001042A8 /* WLLMainTableViewCell.h */,
				C2471F0B1C8AA835001042A8 /* WLLMainTableViewCell.m */,
				C2471F0C1C8AA835001042A8 /* WLLMainTableViewCell.xib */,
				C2471F2B1C8B05FA001042A8 /* WLLRecommendCollectionViewCell.h */,
				C2471F2C1C8B05FA001042A8 /* WLLRecommendCollectionViewCell.m */,
				C2471F2D1C8B05FA001042A8 /* WLLRecommendCollectionViewCell.xib */,
			);
			path = PopPageView;
			sourceTree = "<group>";
		};
		C2907F491C8935410029A367 /* HomePageHelper */ = {
			isa = PBXGroup;
			children = (
				C2907F4D1C89357A0029A367 /* WLLHomePageDataManager.h */,
				C2907F4E1C89357A0029A367 /* WLLHomePageDataManager.m */,
			);
			path = HomePageHelper;
			sourceTree = "<group>";
		};
		C2907F571C89534D0029A367 /* SDWebImage */ = {
			isa = PBXGroup;
			children = (
				C2907F581C89534D0029A367 /* MKAnnotationView+WebCache.h */,
				C2907F591C89534D0029A367 /* MKAnnotationView+WebCache.m */,
				C2907F5A1C89534D0029A367 /* NSData+ImageContentType.h */,
				C2907F5B1C89534D0029A367 /* NSData+ImageContentType.m */,
				C2907F5C1C89534D0029A367 /* SDImageCache.h */,
				C2907F5D1C89534D0029A367 /* SDImageCache.m */,
				C2907F5E1C89534D0029A367 /* SDWebImageCompat.h */,
				C2907F5F1C89534D0029A367 /* SDWebImageCompat.m */,
				C2907F601C89534D0029A367 /* SDWebImageDecoder.h */,
				C2907F611C89534D0029A367 /* SDWebImageDecoder.m */,
				C2907F621C89534D0029A367 /* SDWebImageDownloader.h */,
				C2907F631C89534D0029A367 /* SDWebImageDownloader.m */,
				C2907F641C89534D0029A367 /* SDWebImageDownloaderOperation.h */,
				C2907F651C89534D0029A367 /* SDWebImageDownloaderOperation.m */,
				C2907F661C89534D0029A367 /* SDWebImageManager.h */,
				C2907F671C89534D0029A367 /* SDWebImageManager.m */,
				C2907F681C89534D0029A367 /* SDWebImageOperation.h */,
				C2907F691C89534D0029A367 /* SDWebImagePrefetcher.h */,
				C2907F6A1C89534D0029A367 /* SDWebImagePrefetcher.m */,
				C2907F6B1C89534D0029A367 /* UIButton+WebCache.h */,
				C2907F6C1C89534D0029A367 /* UIButton+WebCache.m */,
				C2907F6D1C89534D0029A367 /* UIImage+GIF.h */,
				C2907F6E1C89534D0029A367 /* UIImage+GIF.m */,
				C2907F6F1C89534D0029A367 /* UIImage+MultiFormat.h */,
				C2907F701C89534D0029A367 /* UIImage+MultiFormat.m */,
				C2907F711C89534D0029A367 /* UIImage+WebP.h */,
				C2907F721C89534D0029A367 /* UIImage+WebP.m */,
				C2907F731C89534D0029A367 /* UIImageView+HighlightedWebCache.h */,
				C2907F741C89534D0029A367 /* UIImageView+HighlightedWebCache.m */,
				C2907F751C89534D0029A367 /* UIImageView+WebCache.h */,
				C2907F761C89534D0029A367 /* UIImageView+WebCache.m */,
				C2907F771C89534D0029A367 /* UIView+WebCacheOperation.h */,
				C2907F781C89534D0029A367 /* UIView+WebCacheOperation.m */,
			);
			path = SDWebImage;
			sourceTree = "<group>";
		};
		C2C85A2A1C8C35DE0092C6EB /* GuidancePageViewController */ = {
			isa = PBXGroup;
			children = (
				C2C85A2B1C8C35DE0092C6EB /* WLLSeekViewController.h */,
				C2C85A2C1C8C35DE0092C6EB /* WLLSeekViewController.m */,
				C2C85A2D1C8C35DE0092C6EB /* WLLSeekViewController.xib */,
			);
			path = GuidancePageViewController;
			sourceTree = "<group>";
		};
/* End PBXGroup section */

/* Begin PBXNativeTarget section */
		C2431EEA1C84672A0061FAB1 /* TakingYouFurther */ = {
			isa = PBXNativeTarget;
			buildConfigurationList = C2431F051C84672B0061FAB1 /* Build configuration list for PBXNativeTarget "TakingYouFurther" */;
			buildPhases = (
				C2431EE71C84672A0061FAB1 /* Sources */,
				C2431EE81C84672A0061FAB1 /* Frameworks */,
				C2431EE91C84672A0061FAB1 /* Resources */,
			);
			buildRules = (
			);
			dependencies = (
			);
			name = TakingYouFurther;
			productName = TakingYouFurther;
			productReference = C2431EEB1C84672A0061FAB1 /* TakingYouFurther.app */;
			productType = "com.apple.product-type.application";
		};
/* End PBXNativeTarget section */

/* Begin PBXProject section */
		C2431EE31C84672A0061FAB1 /* Project object */ = {
			isa = PBXProject;
			attributes = {
				LastUpgradeCheck = 0700;
				ORGANIZATIONNAME = lanou3g;
				TargetAttributes = {
					C2431EEA1C84672A0061FAB1 = {
						CreatedOnToolsVersion = 7.0;
					};
				};
			};
			buildConfigurationList = C2431EE61C84672A0061FAB1 /* Build configuration list for PBXProject "TakingYouFurther" */;
			compatibilityVersion = "Xcode 3.2";
			developmentRegion = English;
			hasScannedForEncodings = 0;
			knownRegions = (
				en,
				Base,
			);
			mainGroup = C2431EE21C84672A0061FAB1;
			productRefGroup = C2431EEC1C84672A0061FAB1 /* Products */;
			projectDirPath = "";
			projectRoot = "";
			targets = (
				C2431EEA1C84672A0061FAB1 /* TakingYouFurther */,
			);
		};
/* End PBXProject section */

/* Begin PBXResourcesBuildPhase section */
		C2431EE91C84672A0061FAB1 /* Resources */ = {
			isa = PBXResourcesBuildPhase;
			buildActionMask = 2147483647;
			files = (
				C2431F191C8468A90061FAB1 /* File1 in Resources */,
				C214DBC51C872A2C000C269E /* WLLGuidanceCollectionViewCell.xib in Resources */,
				C2431F011C84672B0061FAB1 /* LaunchScreen.storyboard in Resources */,
				C2907F451C892C7E0029A367 /* WLLReviewTableViewCell.xib in Resources */,
				C2431F1F1C8468C60061FAB1 /* File4 in Resources */,
				C2907F961C89B22E0029A367 /* WLLPopViewController.xib in Resources */,
				C2431F1D1C8468BE0061FAB1 /* File3 in Resources */,
				C2C85A051C8C155C0092C6EB /* WLLMoreCheckViewController.xib in Resources */,
				C26E9BFA1C887317001EACFB /* WLLSearchedTableViewCell.xib in Resources */,
				C214DBC01C872021000C269E /* WLLSearchedCollectionViewCell.xib in Resources */,
				C2471F131C8AD3C7001042A8 /* WLLSearchViewController.xib in Resources */,
				C26E9BA91C87E821001EACFB /* WLLPopDestinationCollectionViewCell.xib in Resources */,
				C2471F341C8B0621001042A8 /* WLLRecommendViewController.xib in Resources */,
				C2431F381C846BBE0061FAB1 /* WLLDestinationViewController.xib in Resources */,
				C2431EFE1C84672A0061FAB1 /* Assets.xcassets in Resources */,
				C26E9BF31C886CF3001EACFB /* WLLFistTableViewCell.xib in Resources */,
				C2431F291C8468EE0061FAB1 /* dsfg in Resources */,
				C2471F0E1C8AA835001042A8 /* WLLMainTableViewCell.xib in Resources */,
				C2471F191C8AF55D001042A8 /* 1.png in Resources */,
				C2471F2F1C8B05FA001042A8 /* WLLRecommendCollectionViewCell.xib in Resources */,
				C2471F391C8B106E001042A8 /* WLLMoreOverViewController.xib in Resources */,
				C2907F401C8925FE0029A367 /* WLLRecommendDestinationTableViewCell.xib in Resources */,
				C2C85A2F1C8C35DE0092C6EB /* WLLSeekViewController.xib in Resources */,
				C26E9BA41C87D086001EACFB /* WLLTodayNotesTableViewCell.xib in Resources */,
				C2431EF91C84672A0061FAB1 /* Main.storyboard in Resources */,
				C26E9BFF1C887A57001EACFB /* WLLGuidanceTableViewCell.xib in Resources */,
				C26E9C041C8889DE001EACFB /* WLLPopDstinationTableViewCell.xib in Resources */,
				C26E9BAE1C88141A001EACFB /* WLLRecommendDestinationCollectionViewCell.xib in Resources */,
				C2431F3D1C846BD60061FAB1 /* WLLUserViewController.xib in Resources */,
				C2431F331C846B870061FAB1 /* WLLHomePageViewController.xib in Resources */,
			);
			runOnlyForDeploymentPostprocessing = 0;
		};
/* End PBXResourcesBuildPhase section */

/* Begin PBXSourcesBuildPhase section */
		C2431EE71C84672A0061FAB1 /* Sources */ = {
			isa = PBXSourcesBuildPhase;
			buildActionMask = 2147483647;
			files = (
				C2C85A2E1C8C35DE0092C6EB /* WLLSeekViewController.m in Sources */,
				C2907F861C89534D0029A367 /* UIImageView+HighlightedWebCache.m in Sources */,
				C214DBC41C872A2C000C269E /* WLLGuidanceCollectionViewCell.m in Sources */,
				C2907F801C89534D0029A367 /* SDWebImageManager.m in Sources */,
				C2907F7C1C89534D0029A367 /* SDWebImageCompat.m in Sources */,
				C2471F121C8AD3C7001042A8 /* WLLSearchViewController.m in Sources */,
				C2907F811C89534D0029A367 /* SDWebImagePrefetcher.m in Sources */,
				C2907F4F1C89357A0029A367 /* WLLHomePageDataManager.m in Sources */,
				C2907F7B1C89534D0029A367 /* SDImageCache.m in Sources */,
				C2471F2E1C8B05FA001042A8 /* WLLRecommendCollectionViewCell.m in Sources */,
				C26E9C031C8889DE001EACFB /* WLLPopDstinationTableViewCell.m in Sources */,
				C2907F821C89534D0029A367 /* UIButton+WebCache.m in Sources */,
				C26E9BAD1C88141A001EACFB /* WLLRecommendDestinationCollectionViewCell.m in Sources */,
				C26E9BA31C87D086001EACFB /* WLLTodayNotesTableViewCell.m in Sources */,
				C2907F851C89534D0029A367 /* UIImage+WebP.m in Sources */,
				C2907F531C8940030029A367 /* BC_NetTools.m in Sources */,
				C2907F911C8989770029A367 /* WLLRecommendModel.m in Sources */,
				C2431F371C846BBE0061FAB1 /* WLLDestinationViewController.m in Sources */,
				C2907F8B1C8956B10029A367 /* WLLTodayNotesModel.m in Sources */,
				C2431EFC1C84672A0061FAB1 /* TakingYouFurther.xcdatamodeld in Sources */,
				C2471F331C8B0621001042A8 /* WLLRecommendViewController.m in Sources */,
				C2907F831C89534D0029A367 /* UIImage+GIF.m in Sources */,
				C2907F881C89534D0029A367 /* UIView+WebCacheOperation.m in Sources */,
				C2431EF01C84672A0061FAB1 /* main.m in Sources */,
				C2431F321C846B870061FAB1 /* WLLHomePageViewController.m in Sources */,
				C2907F841C89534D0029A367 /* UIImage+MultiFormat.m in Sources */,
				C2907F7D1C89534D0029A367 /* SDWebImageDecoder.m in Sources */,
				C2907F7A1C89534D0029A367 /* NSData+ImageContentType.m in Sources */,
				C2471F381C8B106E001042A8 /* WLLMoreOverViewController.m in Sources */,
				C26E9BFE1C887A57001EACFB /* WLLGuidanceTableViewCell.m in Sources */,
				C2907F7F1C89534D0029A367 /* SDWebImageDownloaderOperation.m in Sources */,
				C2471F0D1C8AA835001042A8 /* WLLMainTableViewCell.m in Sources */,
				C2907F791C89534D0029A367 /* MKAnnotationView+WebCache.m in Sources */,
				C214DBBF1C872021000C269E /* WLLSearchedCollectionViewCell.m in Sources */,
				C26E9BA81C87E821001EACFB /* WLLPopDestinationCollectionViewCell.m in Sources */,
				C26E9BF21C886CF3001EACFB /* WLLFistTableViewCell.m in Sources */,
				C2431F171C84687E0061FAB1 /* AppDelegate.m in Sources */,
				C2907F7E1C89534D0029A367 /* SDWebImageDownloader.m in Sources */,
				C2431F3C1C846BD60061FAB1 /* WLLUserViewController.m in Sources */,
				C2C85A041C8C155C0092C6EB /* WLLMoreCheckViewController.m in Sources */,
				C26E9BF91C887317001EACFB /* WLLSearchedTableViewCell.m in Sources */,
				C2907F561C8941290029A367 /* WLLGuidanceModel.m in Sources */,
				C2907F8E1C897A600029A367 /* WLLDestinationModel.m in Sources */,
				C2907F871C89534D0029A367 /* UIImageView+WebCache.m in Sources */,
				C2907F3F1C8925FE0029A367 /* WLLRecommendDestinationTableViewCell.m in Sources */,
				C2907F951C89B22E0029A367 /* WLLPopViewController.m in Sources */,
				C2907F441C892C7E0029A367 /* WLLReviewTableViewCell.m in Sources */,
			);
			runOnlyForDeploymentPostprocessing = 0;
		};
/* End PBXSourcesBuildPhase section */

/* Begin PBXVariantGroup section */
		C2431EF71C84672A0061FAB1 /* Main.storyboard */ = {
			isa = PBXVariantGroup;
			children = (
				C2431EF81C84672A0061FAB1 /* Base */,
			);
			name = Main.storyboard;
			path = ../..;
			sourceTree = "<group>";
		};
		C2431EFF1C84672B0061FAB1 /* LaunchScreen.storyboard */ = {
			isa = PBXVariantGroup;
			children = (
				C2431F001C84672B0061FAB1 /* Base */,
			);
			name = LaunchScreen.storyboard;
			sourceTree = "<group>";
		};
/* End PBXVariantGroup section */

/* Begin XCBuildConfiguration section */
		C2431F031C84672B0061FAB1 /* Debug */ = {
			isa = XCBuildConfiguration;
			buildSettings = {
				ALWAYS_SEARCH_USER_PATHS = NO;
				CLANG_CXX_LANGUAGE_STANDARD = "gnu++0x";
				CLANG_CXX_LIBRARY = "libc++";
				CLANG_ENABLE_MODULES = YES;
				CLANG_ENABLE_OBJC_ARC = YES;
				CLANG_WARN_BOOL_CONVERSION = YES;
				CLANG_WARN_CONSTANT_CONVERSION = YES;
				CLANG_WARN_DIRECT_OBJC_ISA_USAGE = YES_ERROR;
				CLANG_WARN_EMPTY_BODY = YES;
				CLANG_WARN_ENUM_CONVERSION = YES;
				CLANG_WARN_INT_CONVERSION = YES;
				CLANG_WARN_OBJC_ROOT_CLASS = YES_ERROR;
				CLANG_WARN_UNREACHABLE_CODE = YES;
				CLANG_WARN__DUPLICATE_METHOD_MATCH = YES;
				"CODE_SIGN_IDENTITY[sdk=iphoneos*]" = "iPhone Developer";
				COPY_PHASE_STRIP = NO;
				DEBUG_INFORMATION_FORMAT = dwarf;
				ENABLE_STRICT_OBJC_MSGSEND = YES;
				ENABLE_TESTABILITY = YES;
				GCC_C_LANGUAGE_STANDARD = gnu99;
				GCC_DYNAMIC_NO_PIC = NO;
				GCC_NO_COMMON_BLOCKS = YES;
				GCC_OPTIMIZATION_LEVEL = 0;
				GCC_PREPROCESSOR_DEFINITIONS = (
					"DEBUG=1",
					"$(inherited)",
				);
				GCC_WARN_64_TO_32_BIT_CONVERSION = YES;
				GCC_WARN_ABOUT_RETURN_TYPE = YES_ERROR;
				GCC_WARN_UNDECLARED_SELECTOR = YES;
				GCC_WARN_UNINITIALIZED_AUTOS = YES_AGGRESSIVE;
				GCC_WARN_UNUSED_FUNCTION = YES;
				GCC_WARN_UNUSED_VARIABLE = YES;
				IPHONEOS_DEPLOYMENT_TARGET = 9.0;
				MTL_ENABLE_DEBUG_INFO = YES;
				ONLY_ACTIVE_ARCH = YES;
				SDKROOT = iphoneos;
			};
			name = Debug;
		};
		C2431F041C84672B0061FAB1 /* Release */ = {
			isa = XCBuildConfiguration;
			buildSettings = {
				ALWAYS_SEARCH_USER_PATHS = NO;
				CLANG_CXX_LANGUAGE_STANDARD = "gnu++0x";
				CLANG_CXX_LIBRARY = "libc++";
				CLANG_ENABLE_MODULES = YES;
				CLANG_ENABLE_OBJC_ARC = YES;
				CLANG_WARN_BOOL_CONVERSION = YES;
				CLANG_WARN_CONSTANT_CONVERSION = YES;
				CLANG_WARN_DIRECT_OBJC_ISA_USAGE = YES_ERROR;
				CLANG_WARN_EMPTY_BODY = YES;
				CLANG_WARN_ENUM_CONVERSION = YES;
				CLANG_WARN_INT_CONVERSION = YES;
				CLANG_WARN_OBJC_ROOT_CLASS = YES_ERROR;
				CLANG_WARN_UNREACHABLE_CODE = YES;
				CLANG_WARN__DUPLICATE_METHOD_MATCH = YES;
				"CODE_SIGN_IDENTITY[sdk=iphoneos*]" = "iPhone Developer";
				COPY_PHASE_STRIP = NO;
				DEBUG_INFORMATION_FORMAT = "dwarf-with-dsym";
				ENABLE_NS_ASSERTIONS = NO;
				ENABLE_STRICT_OBJC_MSGSEND = YES;
				GCC_C_LANGUAGE_STANDARD = gnu99;
				GCC_NO_COMMON_BLOCKS = YES;
				GCC_WARN_64_TO_32_BIT_CONVERSION = YES;
				GCC_WARN_ABOUT_RETURN_TYPE = YES_ERROR;
				GCC_WARN_UNDECLARED_SELECTOR = YES;
				GCC_WARN_UNINITIALIZED_AUTOS = YES_AGGRESSIVE;
				GCC_WARN_UNUSED_FUNCTION = YES;
				GCC_WARN_UNUSED_VARIABLE = YES;
				IPHONEOS_DEPLOYMENT_TARGET = 9.0;
				MTL_ENABLE_DEBUG_INFO = NO;
				SDKROOT = iphoneos;
				VALIDATE_PRODUCT = YES;
			};
			name = Release;
		};
		C2431F061C84672B0061FAB1 /* Debug */ = {
			isa = XCBuildConfiguration;
			buildSettings = {
				ASSETCATALOG_COMPILER_APPICON_NAME = AppIcon;
				INFOPLIST_FILE = TakingYouFurther/Info.plist;
				LD_RUNPATH_SEARCH_PATHS = "$(inherited) @executable_path/Frameworks";
				PRODUCT_BUNDLE_IDENTIFIER = com.lanou3g.TakingYouFurther;
				PRODUCT_NAME = "$(TARGET_NAME)";
			};
			name = Debug;
		};
		C2431F071C84672B0061FAB1 /* Release */ = {
			isa = XCBuildConfiguration;
			buildSettings = {
				ASSETCATALOG_COMPILER_APPICON_NAME = AppIcon;
				INFOPLIST_FILE = TakingYouFurther/Info.plist;
				LD_RUNPATH_SEARCH_PATHS = "$(inherited) @executable_path/Frameworks";
				PRODUCT_BUNDLE_IDENTIFIER = com.lanou3g.TakingYouFurther;
				PRODUCT_NAME = "$(TARGET_NAME)";
			};
			name = Release;
		};
/* End XCBuildConfiguration section */

/* Begin XCConfigurationList section */
		C2431EE61C84672A0061FAB1 /* Build configuration list for PBXProject "TakingYouFurther" */ = {
			isa = XCConfigurationList;
			buildConfigurations = (
				C2431F031C84672B0061FAB1 /* Debug */,
				C2431F041C84672B0061FAB1 /* Release */,
			);
			defaultConfigurationIsVisible = 0;
			defaultConfigurationName = Release;
		};
		C2431F051C84672B0061FAB1 /* Build configuration list for PBXNativeTarget "TakingYouFurther" */ = {
			isa = XCConfigurationList;
			buildConfigurations = (
				C2431F061C84672B0061FAB1 /* Debug */,
				C2431F071C84672B0061FAB1 /* Release */,
			);
			defaultConfigurationIsVisible = 0;
			defaultConfigurationName = Release;
		};
/* End XCConfigurationList section */

/* Begin XCVersionGroup section */
		C2431EFA1C84672A0061FAB1 /* TakingYouFurther.xcdatamodeld */ = {
			isa = XCVersionGroup;
			children = (
				C2431EFB1C84672A0061FAB1 /* TakingYouFurther.xcdatamodel */,
			);
			currentVersion = C2431EFB1C84672A0061FAB1 /* TakingYouFurther.xcdatamodel */;
			path = TakingYouFurther.xcdatamodeld;
			sourceTree = "<group>";
			versionGroupType = wrapper.xcdatamodel;
		};
/* End XCVersionGroup section */
	};
	rootObject = C2431EE31C84672A0061FAB1 /* Project object */;
}
