// !$*UTF8*$!
{
	archiveVersion = 1;
	classes = {
	};
	objectVersion = 46;
	objects = {

/* Begin PBXBuildFile section */
		8F4392DFC54211A4C6A6C54D /* libPods.a in Frameworks */ = {isa = PBXBuildFile; fileRef = F72FA55B1A9167E3A182948E /* libPods.a */; };
		C21574A41C8E82420021A172 /* WLLPhoneNumberSignUpViewController.m in Sources */ = {isa = PBXBuildFile; fileRef = C21574A21C8E82420021A172 /* WLLPhoneNumberSignUpViewController.m */; };
		C21574A51C8E82420021A172 /* WLLPhoneNumberSignUpViewController.xib in Resources */ = {isa = PBXBuildFile; fileRef = C21574A31C8E82420021A172 /* WLLPhoneNumberSignUpViewController.xib */; };
		C21574AC1C8EF0440021A172 /* logInFirstTableViewCell.m in Sources */ = {isa = PBXBuildFile; fileRef = C21574AA1C8EF0440021A172 /* logInFirstTableViewCell.m */; };
		C21574AD1C8EF0440021A172 /* logInFirstTableViewCell.xib in Resources */ = {isa = PBXBuildFile; fileRef = C21574AB1C8EF0440021A172 /* logInFirstTableViewCell.xib */; };
		C21574B01C8EF9270021A172 /* LogInfirstCellModel.m in Sources */ = {isa = PBXBuildFile; fileRef = C21574AF1C8EF9270021A172 /* LogInfirstCellModel.m */; };
		C21574B31C8EFBA20021A172 /* LogInSecondCellModel.m in Sources */ = {isa = PBXBuildFile; fileRef = C21574B21C8EFBA20021A172 /* LogInSecondCellModel.m */; };
		C21574B71C8EFC830021A172 /* LogInSecondTableViewCell.m in Sources */ = {isa = PBXBuildFile; fileRef = C21574B51C8EFC830021A172 /* LogInSecondTableViewCell.m */; };
		C21574B81C8EFC830021A172 /* LogInSecondTableViewCell.xib in Resources */ = {isa = PBXBuildFile; fileRef = C21574B61C8EFC830021A172 /* LogInSecondTableViewCell.xib */; };
		C21EBB901C8FB7BC00AB15CB /* WLLPersonalPageViewController.m in Sources */ = {isa = PBXBuildFile; fileRef = C21EBB8E1C8FB7BC00AB15CB /* WLLPersonalPageViewController.m */; };
		C21EBB911C8FB7BC00AB15CB /* WLLPersonalPageViewController.xib in Resources */ = {isa = PBXBuildFile; fileRef = C21EBB8F1C8FB7BC00AB15CB /* WLLPersonalPageViewController.xib */; };
		C21EBBA41C9014A400AB15CB /* WLLCollectionViewController.m in Sources */ = {isa = PBXBuildFile; fileRef = C21EBBA21C9014A400AB15CB /* WLLCollectionViewController.m */; };
		C21EBBA51C9014A400AB15CB /* WLLCollectionViewController.xib in Resources */ = {isa = PBXBuildFile; fileRef = C21EBBA31C9014A400AB15CB /* WLLCollectionViewController.xib */; };
		C21EBBA91C9020E700AB15CB /* LogOutTableViewCell.m in Sources */ = {isa = PBXBuildFile; fileRef = C21EBBA71C9020E700AB15CB /* LogOutTableViewCell.m */; };
		C21EBBAA1C9020E700AB15CB /* LogOutTableViewCell.xib in Resources */ = {isa = PBXBuildFile; fileRef = C21EBBA81C9020E700AB15CB /* LogOutTableViewCell.xib */; };
		C21EBBAD1C90216000AB15CB /* LogOutModel.m in Sources */ = {isa = PBXBuildFile; fileRef = C21EBBAC1C90216000AB15CB /* LogOutModel.m */; };
		C21EBBBB1C905AAD00AB15CB /* WLLResetPasswordViewController.m in Sources */ = {isa = PBXBuildFile; fileRef = C21EBBB91C905AAD00AB15CB /* WLLResetPasswordViewController.m */; };
		C21EBBBC1C905AAD00AB15CB /* WLLResetPasswordViewController.xib in Resources */ = {isa = PBXBuildFile; fileRef = C21EBBBA1C905AAD00AB15CB /* WLLResetPasswordViewController.xib */; };
		C2431EF01C84672A0061FAB1 /* main.m in Sources */ = {isa = PBXBuildFile; fileRef = C2431EEF1C84672A0061FAB1 /* main.m */; };
		C2431EF91C84672A0061FAB1 /* Main.storyboard in Resources */ = {isa = PBXBuildFile; fileRef = C2431EF71C84672A0061FAB1 /* Main.storyboard */; };
		C2431EFC1C84672A0061FAB1 /* TakingYouFurther.xcdatamodeld in Sources */ = {isa = PBXBuildFile; fileRef = C2431EFA1C84672A0061FAB1 /* TakingYouFurther.xcdatamodeld */; };
		C2431EFE1C84672A0061FAB1 /* Assets.xcassets in Resources */ = {isa = PBXBuildFile; fileRef = C2431EFD1C84672A0061FAB1 /* Assets.xcassets */; };
		C2431F011C84672B0061FAB1 /* LaunchScreen.storyboard in Resources */ = {isa = PBXBuildFile; fileRef = C2431EFF1C84672B0061FAB1 /* LaunchScreen.storyboard */; };
		C2431F171C84687E0061FAB1 /* AppDelegate.m in Sources */ = {isa = PBXBuildFile; fileRef = C2431F0B1C84687E0061FAB1 /* AppDelegate.m */; };
		C2431F191C8468A90061FAB1 /* file1 in Resources */ = {isa = PBXBuildFile; fileRef = C2431F181C8468A90061FAB1 /* file1 */; };
		C2431F1B1C8468B40061FAB1 /* file2 in Resources */ = {isa = PBXBuildFile; fileRef = C2431F1A1C8468B40061FAB1 /* file2 */; };
		C2431F1D1C8468BE0061FAB1 /* file3 in Resources */ = {isa = PBXBuildFile; fileRef = C2431F1C1C8468BE0061FAB1 /* file3 */; };
		C2431F1F1C8468C60061FAB1 /* file4 in Resources */ = {isa = PBXBuildFile; fileRef = C2431F1E1C8468C60061FAB1 /* file4 */; };
		C2431F211C8468CE0061FAB1 /* file5 in Resources */ = {isa = PBXBuildFile; fileRef = C2431F201C8468CE0061FAB1 /* file5 */; };
		C2431F251C8468DD0061FAB1 /* file6 in Resources */ = {isa = PBXBuildFile; fileRef = C2431F241C8468DD0061FAB1 /* file6 */; };
		C2431F271C8468E60061FAB1 /* file7 in Resources */ = {isa = PBXBuildFile; fileRef = C2431F261C8468E60061FAB1 /* file7 */; };
		C2431F291C8468EE0061FAB1 /* file8 in Resources */ = {isa = PBXBuildFile; fileRef = C2431F281C8468EE0061FAB1 /* file8 */; };
		C2431F321C846B870061FAB1 /* WLLHomePageViewController.m in Sources */ = {isa = PBXBuildFile; fileRef = C2431F301C846B870061FAB1 /* WLLHomePageViewController.m */; };
		C2431F331C846B870061FAB1 /* WLLHomePageViewController.xib in Resources */ = {isa = PBXBuildFile; fileRef = C2431F311C846B870061FAB1 /* WLLHomePageViewController.xib */; };
		C2431F371C846BBE0061FAB1 /* WLLDestinationViewController.m in Sources */ = {isa = PBXBuildFile; fileRef = C2431F351C846BBE0061FAB1 /* WLLDestinationViewController.m */; };
		C2431F381C846BBE0061FAB1 /* WLLDestinationViewController.xib in Resources */ = {isa = PBXBuildFile; fileRef = C2431F361C846BBE0061FAB1 /* WLLDestinationViewController.xib */; };
		C2431F3C1C846BD60061FAB1 /* WLLUserViewController.m in Sources */ = {isa = PBXBuildFile; fileRef = C2431F3A1C846BD60061FAB1 /* WLLUserViewController.m */; };
		C2431F3D1C846BD60061FAB1 /* WLLUserViewController.xib in Resources */ = {isa = PBXBuildFile; fileRef = C2431F3B1C846BD60061FAB1 /* WLLUserViewController.xib */; };
		C266EC8B1C8C14D000586C17 /* RecommendedModel.m in Sources */ = {isa = PBXBuildFile; fileRef = C266EC731C8C14D000586C17 /* RecommendedModel.m */; };
		C266EC8C1C8C14D000586C17 /* ListModel.m in Sources */ = {isa = PBXBuildFile; fileRef = C266EC761C8C14D000586C17 /* ListModel.m */; };
		C266EC8D1C8C14D000586C17 /* NOfiticationRadioFirstModel.m in Sources */ = {isa = PBXBuildFile; fileRef = C266EC781C8C14D000586C17 /* NOfiticationRadioFirstModel.m */; };
		C266EC8E1C8C14D000586C17 /* RadioModel.m in Sources */ = {isa = PBXBuildFile; fileRef = C266EC7A1C8C14D000586C17 /* RadioModel.m */; };
		C266EC8F1C8C14D000586C17 /* TheContentModel.m in Sources */ = {isa = PBXBuildFile; fileRef = C266EC7C1C8C14D000586C17 /* TheContentModel.m */; };
		C266EC901C8C14D000586C17 /* TheDataModel.m in Sources */ = {isa = PBXBuildFile; fileRef = C266EC7E1C8C14D000586C17 /* TheDataModel.m */; };
		C266EC911C8C14D000586C17 /* TheExtModel.m in Sources */ = {isa = PBXBuildFile; fileRef = C266EC801C8C14D000586C17 /* TheExtModel.m */; };
		C266EC921C8C14D000586C17 /* TheImageModel.m in Sources */ = {isa = PBXBuildFile; fileRef = C266EC821C8C14D000586C17 /* TheImageModel.m */; };
		C266EC931C8C14D000586C17 /* TheMessageModel.m in Sources */ = {isa = PBXBuildFile; fileRef = C266EC841C8C14D000586C17 /* TheMessageModel.m */; };
		C266EC941C8C14D000586C17 /* TheMoreModel.m in Sources */ = {isa = PBXBuildFile; fileRef = C266EC861C8C14D000586C17 /* TheMoreModel.m */; };
		C266EC951C8C14D000586C17 /* TheSenderModel.m in Sources */ = {isa = PBXBuildFile; fileRef = C266EC881C8C14D000586C17 /* TheSenderModel.m */; };
		C266EC961C8C14D000586C17 /* UserModel.m in Sources */ = {isa = PBXBuildFile; fileRef = C266EC8A1C8C14D000586C17 /* UserModel.m */; };
		C266EC9E1C8C15E000586C17 /* WC_NetTools.m in Sources */ = {isa = PBXBuildFile; fileRef = C266EC9B1C8C15DF00586C17 /* WC_NetTools.m */; };
		C266EC9F1C8C15E000586C17 /* WLLUserViewManager.m in Sources */ = {isa = PBXBuildFile; fileRef = C266EC9D1C8C15DF00586C17 /* WLLUserViewManager.m */; };
		C266ECAD1C8C168A00586C17 /* NotificationViewController.m in Sources */ = {isa = PBXBuildFile; fileRef = C266ECA21C8C168A00586C17 /* NotificationViewController.m */; };
		C266ECAE1C8C168A00586C17 /* NotificationViewController.xib in Resources */ = {isa = PBXBuildFile; fileRef = C266ECA31C8C168A00586C17 /* NotificationViewController.xib */; };
		C266ECAF1C8C168A00586C17 /* SettingInTableViewController.m in Sources */ = {isa = PBXBuildFile; fileRef = C266ECA51C8C168A00586C17 /* SettingInTableViewController.m */; };
		C266ECB01C8C168A00586C17 /* SettingInTableViewController.xib in Resources */ = {isa = PBXBuildFile; fileRef = C266ECA61C8C168A00586C17 /* SettingInTableViewController.xib */; };
		C266ECB11C8C168A00586C17 /* WLLLogInViewController.m in Sources */ = {isa = PBXBuildFile; fileRef = C266ECA81C8C168A00586C17 /* WLLLogInViewController.m */; };
		C266ECB21C8C168A00586C17 /* WLLLogInViewController.xib in Resources */ = {isa = PBXBuildFile; fileRef = C266ECA91C8C168A00586C17 /* WLLLogInViewController.xib */; };
		C266ECB31C8C168A00586C17 /* WLLMyDownloadViewController.m in Sources */ = {isa = PBXBuildFile; fileRef = C266ECAB1C8C168A00586C17 /* WLLMyDownloadViewController.m */; };
		C266ECB41C8C168A00586C17 /* WLLMyDownloadViewController.xib in Resources */ = {isa = PBXBuildFile; fileRef = C266ECAC1C8C168A00586C17 /* WLLMyDownloadViewController.xib */; };
		C266ECBF1C8C16FF00586C17 /* NotificationRadioTableViewCell.m in Sources */ = {isa = PBXBuildFile; fileRef = C266ECB71C8C16FF00586C17 /* NotificationRadioTableViewCell.m */; };
		C266ECC01C8C16FF00586C17 /* NotificationRadioTableViewCell.xib in Resources */ = {isa = PBXBuildFile; fileRef = C266ECB81C8C16FF00586C17 /* NotificationRadioTableViewCell.xib */; };
		C266ECC11C8C16FF00586C17 /* SettingInTableViewCell.m in Sources */ = {isa = PBXBuildFile; fileRef = C266ECBA1C8C16FF00586C17 /* SettingInTableViewCell.m */; };
		C266ECC21C8C16FF00586C17 /* SettingInTableViewCell.xib in Resources */ = {isa = PBXBuildFile; fileRef = C266ECBB1C8C16FF00586C17 /* SettingInTableViewCell.xib */; };
		C266ECC31C8C16FF00586C17 /* UserTableViewCell.m in Sources */ = {isa = PBXBuildFile; fileRef = C266ECBD1C8C16FF00586C17 /* UserTableViewCell.m */; };
		C266ECC41C8C16FF00586C17 /* UserTableViewCell.xib in Resources */ = {isa = PBXBuildFile; fileRef = C266ECBE1C8C16FF00586C17 /* UserTableViewCell.xib */; };
		C2D0D3F31C8D726900555F58 /* libicucore.tbd in Frameworks */ = {isa = PBXBuildFile; fileRef = C2D0D3F21C8D726900555F58 /* libicucore.tbd */; };
		C2D0D3F51C8D728900555F58 /* libz.tbd in Frameworks */ = {isa = PBXBuildFile; fileRef = C2D0D3F41C8D728900555F58 /* libz.tbd */; };
		C2D0D3F71C8D72A900555F58 /* MessageUI.framework in Frameworks */ = {isa = PBXBuildFile; fileRef = C2D0D3F61C8D72A900555F58 /* MessageUI.framework */; };
		C2D0D3F91C8D72C800555F58 /* JavaScriptCore.framework in Frameworks */ = {isa = PBXBuildFile; fileRef = C2D0D3F81C8D72C800555F58 /* JavaScriptCore.framework */; };
		C2D0D3FB1C8D72D800555F58 /* libstdc++.tbd in Frameworks */ = {isa = PBXBuildFile; fileRef = C2D0D3FA1C8D72D800555F58 /* libstdc++.tbd */; };
/* End PBXBuildFile section */

/* Begin PBXFileReference section */
		4B75252F52C4AAA28E41E917 /* Pods.release.xcconfig */ = {isa = PBXFileReference; includeInIndex = 1; lastKnownFileType = text.xcconfig; name = Pods.release.xcconfig; path = "Pods/Target Support Files/Pods/Pods.release.xcconfig"; sourceTree = "<group>"; };
		C21574A11C8E82420021A172 /* WLLPhoneNumberSignUpViewController.h */ = {isa = PBXFileReference; fileEncoding = 4; lastKnownFileType = sourcecode.c.h; path = WLLPhoneNumberSignUpViewController.h; sourceTree = "<group>"; };
		C21574A21C8E82420021A172 /* WLLPhoneNumberSignUpViewController.m */ = {isa = PBXFileReference; fileEncoding = 4; lastKnownFileType = sourcecode.c.objc; path = WLLPhoneNumberSignUpViewController.m; sourceTree = "<group>"; };
		C21574A31C8E82420021A172 /* WLLPhoneNumberSignUpViewController.xib */ = {isa = PBXFileReference; fileEncoding = 4; lastKnownFileType = file.xib; path = WLLPhoneNumberSignUpViewController.xib; sourceTree = "<group>"; };
		C21574A91C8EF0440021A172 /* logInFirstTableViewCell.h */ = {isa = PBXFileReference; fileEncoding = 4; lastKnownFileType = sourcecode.c.h; path = logInFirstTableViewCell.h; sourceTree = "<group>"; };
		C21574AA1C8EF0440021A172 /* logInFirstTableViewCell.m */ = {isa = PBXFileReference; fileEncoding = 4; lastKnownFileType = sourcecode.c.objc; path = logInFirstTableViewCell.m; sourceTree = "<group>"; };
		C21574AB1C8EF0440021A172 /* logInFirstTableViewCell.xib */ = {isa = PBXFileReference; fileEncoding = 4; lastKnownFileType = file.xib; path = logInFirstTableViewCell.xib; sourceTree = "<group>"; };
		C21574AE1C8EF9270021A172 /* LogInfirstCellModel.h */ = {isa = PBXFileReference; fileEncoding = 4; lastKnownFileType = sourcecode.c.h; path = LogInfirstCellModel.h; sourceTree = "<group>"; };
		C21574AF1C8EF9270021A172 /* LogInfirstCellModel.m */ = {isa = PBXFileReference; fileEncoding = 4; lastKnownFileType = sourcecode.c.objc; path = LogInfirstCellModel.m; sourceTree = "<group>"; };
		C21574B11C8EFBA20021A172 /* LogInSecondCellModel.h */ = {isa = PBXFileReference; fileEncoding = 4; lastKnownFileType = sourcecode.c.h; path = LogInSecondCellModel.h; sourceTree = "<group>"; };
		C21574B21C8EFBA20021A172 /* LogInSecondCellModel.m */ = {isa = PBXFileReference; fileEncoding = 4; lastKnownFileType = sourcecode.c.objc; path = LogInSecondCellModel.m; sourceTree = "<group>"; };
		C21574B41C8EFC830021A172 /* LogInSecondTableViewCell.h */ = {isa = PBXFileReference; fileEncoding = 4; lastKnownFileType = sourcecode.c.h; path = LogInSecondTableViewCell.h; sourceTree = "<group>"; };
		C21574B51C8EFC830021A172 /* LogInSecondTableViewCell.m */ = {isa = PBXFileReference; fileEncoding = 4; lastKnownFileType = sourcecode.c.objc; path = LogInSecondTableViewCell.m; sourceTree = "<group>"; };
		C21574B61C8EFC830021A172 /* LogInSecondTableViewCell.xib */ = {isa = PBXFileReference; fileEncoding = 4; lastKnownFileType = file.xib; path = LogInSecondTableViewCell.xib; sourceTree = "<group>"; };
		C21EBB8D1C8FB7BC00AB15CB /* WLLPersonalPageViewController.h */ = {isa = PBXFileReference; fileEncoding = 4; lastKnownFileType = sourcecode.c.h; path = WLLPersonalPageViewController.h; sourceTree = "<group>"; };
		C21EBB8E1C8FB7BC00AB15CB /* WLLPersonalPageViewController.m */ = {isa = PBXFileReference; fileEncoding = 4; lastKnownFileType = sourcecode.c.objc; path = WLLPersonalPageViewController.m; sourceTree = "<group>"; };
		C21EBB8F1C8FB7BC00AB15CB /* WLLPersonalPageViewController.xib */ = {isa = PBXFileReference; fileEncoding = 4; lastKnownFileType = file.xib; path = WLLPersonalPageViewController.xib; sourceTree = "<group>"; };
		C21EBBA11C9014A400AB15CB /* WLLCollectionViewController.h */ = {isa = PBXFileReference; fileEncoding = 4; lastKnownFileType = sourcecode.c.h; path = WLLCollectionViewController.h; sourceTree = "<group>"; };
		C21EBBA21C9014A400AB15CB /* WLLCollectionViewController.m */ = {isa = PBXFileReference; fileEncoding = 4; lastKnownFileType = sourcecode.c.objc; path = WLLCollectionViewController.m; sourceTree = "<group>"; };
		C21EBBA31C9014A400AB15CB /* WLLCollectionViewController.xib */ = {isa = PBXFileReference; fileEncoding = 4; lastKnownFileType = file.xib; path = WLLCollectionViewController.xib; sourceTree = "<group>"; };
		C21EBBA61C9020E700AB15CB /* LogOutTableViewCell.h */ = {isa = PBXFileReference; fileEncoding = 4; lastKnownFileType = sourcecode.c.h; path = LogOutTableViewCell.h; sourceTree = "<group>"; };
		C21EBBA71C9020E700AB15CB /* LogOutTableViewCell.m */ = {isa = PBXFileReference; fileEncoding = 4; lastKnownFileType = sourcecode.c.objc; path = LogOutTableViewCell.m; sourceTree = "<group>"; };
		C21EBBA81C9020E700AB15CB /* LogOutTableViewCell.xib */ = {isa = PBXFileReference; fileEncoding = 4; lastKnownFileType = file.xib; path = LogOutTableViewCell.xib; sourceTree = "<group>"; };
		C21EBBAB1C90216000AB15CB /* LogOutModel.h */ = {isa = PBXFileReference; fileEncoding = 4; lastKnownFileType = sourcecode.c.h; path = LogOutModel.h; sourceTree = "<group>"; };
		C21EBBAC1C90216000AB15CB /* LogOutModel.m */ = {isa = PBXFileReference; fileEncoding = 4; lastKnownFileType = sourcecode.c.objc; path = LogOutModel.m; sourceTree = "<group>"; };
		C21EBBB81C905AAD00AB15CB /* WLLResetPasswordViewController.h */ = {isa = PBXFileReference; fileEncoding = 4; lastKnownFileType = sourcecode.c.h; path = WLLResetPasswordViewController.h; sourceTree = "<group>"; };
		C21EBBB91C905AAD00AB15CB /* WLLResetPasswordViewController.m */ = {isa = PBXFileReference; fileEncoding = 4; lastKnownFileType = sourcecode.c.objc; path = WLLResetPasswordViewController.m; sourceTree = "<group>"; };
		C21EBBBA1C905AAD00AB15CB /* WLLResetPasswordViewController.xib */ = {isa = PBXFileReference; fileEncoding = 4; lastKnownFileType = file.xib; path = WLLResetPasswordViewController.xib; sourceTree = "<group>"; };
		C2431EEB1C84672A0061FAB1 /* TakingYouFurther.app */ = {isa = PBXFileReference; explicitFileType = wrapper.application; includeInIndex = 0; path = TakingYouFurther.app; sourceTree = BUILT_PRODUCTS_DIR; };
		C2431EEF1C84672A0061FAB1 /* main.m */ = {isa = PBXFileReference; lastKnownFileType = sourcecode.c.objc; path = main.m; sourceTree = "<group>"; };
		C2431EF81C84672A0061FAB1 /* Base */ = {isa = PBXFileReference; lastKnownFileType = file.storyboard; name = Base; path = Base.lproj/Main.storyboard; sourceTree = "<group>"; };
		C2431EFB1C84672A0061FAB1 /* TakingYouFurther.xcdatamodel */ = {isa = PBXFileReference; lastKnownFileType = wrapper.xcdatamodel; path = TakingYouFurther.xcdatamodel; sourceTree = "<group>"; };
		C2431EFD1C84672A0061FAB1 /* Assets.xcassets */ = {isa = PBXFileReference; lastKnownFileType = folder.assetcatalog; path = Assets.xcassets; sourceTree = "<group>"; };
		C2431F001C84672B0061FAB1 /* Base */ = {isa = PBXFileReference; lastKnownFileType = file.storyboard; name = Base; path = Base.lproj/LaunchScreen.storyboard; sourceTree = "<group>"; };
		C2431F021C84672B0061FAB1 /* Info.plist */ = {isa = PBXFileReference; lastKnownFileType = text.plist.xml; path = Info.plist; sourceTree = "<group>"; };
		C2431F0A1C84687E0061FAB1 /* AppDelegate.h */ = {isa = PBXFileReference; fileEncoding = 4; lastKnownFileType = sourcecode.c.h; path = AppDelegate.h; sourceTree = "<group>"; };
		C2431F0B1C84687E0061FAB1 /* AppDelegate.m */ = {isa = PBXFileReference; fileEncoding = 4; lastKnownFileType = sourcecode.c.objc; path = AppDelegate.m; sourceTree = "<group>"; };
		C2431F181C8468A90061FAB1 /* file1 */ = {isa = PBXFileReference; fileEncoding = 4; lastKnownFileType = text; path = file1; sourceTree = "<group>"; };
		C2431F1A1C8468B40061FAB1 /* file2 */ = {isa = PBXFileReference; fileEncoding = 4; lastKnownFileType = text; path = file2; sourceTree = "<group>"; };
		C2431F1C1C8468BE0061FAB1 /* file3 */ = {isa = PBXFileReference; fileEncoding = 4; lastKnownFileType = text; path = file3; sourceTree = "<group>"; };
		C2431F1E1C8468C60061FAB1 /* file4 */ = {isa = PBXFileReference; fileEncoding = 4; lastKnownFileType = text; path = file4; sourceTree = "<group>"; };
		C2431F201C8468CE0061FAB1 /* file5 */ = {isa = PBXFileReference; fileEncoding = 4; lastKnownFileType = text; path = file5; sourceTree = "<group>"; };
		C2431F241C8468DD0061FAB1 /* file6 */ = {isa = PBXFileReference; fileEncoding = 4; lastKnownFileType = text; path = file6; sourceTree = "<group>"; };
		C2431F261C8468E60061FAB1 /* file7 */ = {isa = PBXFileReference; fileEncoding = 4; lastKnownFileType = text; path = file7; sourceTree = "<group>"; };
		C2431F281C8468EE0061FAB1 /* file8 */ = {isa = PBXFileReference; fileEncoding = 4; lastKnownFileType = text; path = file8; sourceTree = "<group>"; };
		C2431F2F1C846B870061FAB1 /* WLLHomePageViewController.h */ = {isa = PBXFileReference; fileEncoding = 4; lastKnownFileType = sourcecode.c.h; path = WLLHomePageViewController.h; sourceTree = "<group>"; };
		C2431F301C846B870061FAB1 /* WLLHomePageViewController.m */ = {isa = PBXFileReference; fileEncoding = 4; lastKnownFileType = sourcecode.c.objc; path = WLLHomePageViewController.m; sourceTree = "<group>"; };
		C2431F311C846B870061FAB1 /* WLLHomePageViewController.xib */ = {isa = PBXFileReference; fileEncoding = 4; lastKnownFileType = file.xib; path = WLLHomePageViewController.xib; sourceTree = "<group>"; };
		C2431F341C846BBE0061FAB1 /* WLLDestinationViewController.h */ = {isa = PBXFileReference; fileEncoding = 4; lastKnownFileType = sourcecode.c.h; path = WLLDestinationViewController.h; sourceTree = "<group>"; };
		C2431F351C846BBE0061FAB1 /* WLLDestinationViewController.m */ = {isa = PBXFileReference; fileEncoding = 4; lastKnownFileType = sourcecode.c.objc; path = WLLDestinationViewController.m; sourceTree = "<group>"; };
		C2431F361C846BBE0061FAB1 /* WLLDestinationViewController.xib */ = {isa = PBXFileReference; fileEncoding = 4; lastKnownFileType = file.xib; path = WLLDestinationViewController.xib; sourceTree = "<group>"; };
		C2431F391C846BD60061FAB1 /* WLLUserViewController.h */ = {isa = PBXFileReference; fileEncoding = 4; lastKnownFileType = sourcecode.c.h; path = WLLUserViewController.h; sourceTree = "<group>"; };
		C2431F3A1C846BD60061FAB1 /* WLLUserViewController.m */ = {isa = PBXFileReference; fileEncoding = 4; lastKnownFileType = sourcecode.c.objc; path = WLLUserViewController.m; sourceTree = "<group>"; };
		C2431F3B1C846BD60061FAB1 /* WLLUserViewController.xib */ = {isa = PBXFileReference; fileEncoding = 4; lastKnownFileType = file.xib; path = WLLUserViewController.xib; sourceTree = "<group>"; };
		C266EC721C8C14D000586C17 /* RecommendedModel.h */ = {isa = PBXFileReference; fileEncoding = 4; lastKnownFileType = sourcecode.c.h; path = RecommendedModel.h; sourceTree = "<group>"; };
		C266EC731C8C14D000586C17 /* RecommendedModel.m */ = {isa = PBXFileReference; fileEncoding = 4; lastKnownFileType = sourcecode.c.objc; path = RecommendedModel.m; sourceTree = "<group>"; };
		C266EC751C8C14D000586C17 /* ListModel.h */ = {isa = PBXFileReference; fileEncoding = 4; lastKnownFileType = sourcecode.c.h; path = ListModel.h; sourceTree = "<group>"; };
		C266EC761C8C14D000586C17 /* ListModel.m */ = {isa = PBXFileReference; fileEncoding = 4; lastKnownFileType = sourcecode.c.objc; path = ListModel.m; sourceTree = "<group>"; };
		C266EC771C8C14D000586C17 /* NOfiticationRadioFirstModel.h */ = {isa = PBXFileReference; fileEncoding = 4; lastKnownFileType = sourcecode.c.h; path = NOfiticationRadioFirstModel.h; sourceTree = "<group>"; };
		C266EC781C8C14D000586C17 /* NOfiticationRadioFirstModel.m */ = {isa = PBXFileReference; fileEncoding = 4; lastKnownFileType = sourcecode.c.objc; path = NOfiticationRadioFirstModel.m; sourceTree = "<group>"; };
		C266EC791C8C14D000586C17 /* RadioModel.h */ = {isa = PBXFileReference; fileEncoding = 4; lastKnownFileType = sourcecode.c.h; path = RadioModel.h; sourceTree = "<group>"; };
		C266EC7A1C8C14D000586C17 /* RadioModel.m */ = {isa = PBXFileReference; fileEncoding = 4; lastKnownFileType = sourcecode.c.objc; path = RadioModel.m; sourceTree = "<group>"; };
		C266EC7B1C8C14D000586C17 /* TheContentModel.h */ = {isa = PBXFileReference; fileEncoding = 4; lastKnownFileType = sourcecode.c.h; path = TheContentModel.h; sourceTree = "<group>"; };
		C266EC7C1C8C14D000586C17 /* TheContentModel.m */ = {isa = PBXFileReference; fileEncoding = 4; lastKnownFileType = sourcecode.c.objc; path = TheContentModel.m; sourceTree = "<group>"; };
		C266EC7D1C8C14D000586C17 /* TheDataModel.h */ = {isa = PBXFileReference; fileEncoding = 4; lastKnownFileType = sourcecode.c.h; path = TheDataModel.h; sourceTree = "<group>"; };
		C266EC7E1C8C14D000586C17 /* TheDataModel.m */ = {isa = PBXFileReference; fileEncoding = 4; lastKnownFileType = sourcecode.c.objc; path = TheDataModel.m; sourceTree = "<group>"; };
		C266EC7F1C8C14D000586C17 /* TheExtModel.h */ = {isa = PBXFileReference; fileEncoding = 4; lastKnownFileType = sourcecode.c.h; path = TheExtModel.h; sourceTree = "<group>"; };
		C266EC801C8C14D000586C17 /* TheExtModel.m */ = {isa = PBXFileReference; fileEncoding = 4; lastKnownFileType = sourcecode.c.objc; path = TheExtModel.m; sourceTree = "<group>"; };
		C266EC811C8C14D000586C17 /* TheImageModel.h */ = {isa = PBXFileReference; fileEncoding = 4; lastKnownFileType = sourcecode.c.h; path = TheImageModel.h; sourceTree = "<group>"; };
		C266EC821C8C14D000586C17 /* TheImageModel.m */ = {isa = PBXFileReference; fileEncoding = 4; lastKnownFileType = sourcecode.c.objc; path = TheImageModel.m; sourceTree = "<group>"; };
		C266EC831C8C14D000586C17 /* TheMessageModel.h */ = {isa = PBXFileReference; fileEncoding = 4; lastKnownFileType = sourcecode.c.h; path = TheMessageModel.h; sourceTree = "<group>"; };
		C266EC841C8C14D000586C17 /* TheMessageModel.m */ = {isa = PBXFileReference; fileEncoding = 4; lastKnownFileType = sourcecode.c.objc; path = TheMessageModel.m; sourceTree = "<group>"; };
		C266EC851C8C14D000586C17 /* TheMoreModel.h */ = {isa = PBXFileReference; fileEncoding = 4; lastKnownFileType = sourcecode.c.h; path = TheMoreModel.h; sourceTree = "<group>"; };
		C266EC861C8C14D000586C17 /* TheMoreModel.m */ = {isa = PBXFileReference; fileEncoding = 4; lastKnownFileType = sourcecode.c.objc; path = TheMoreModel.m; sourceTree = "<group>"; };
		C266EC871C8C14D000586C17 /* TheSenderModel.h */ = {isa = PBXFileReference; fileEncoding = 4; lastKnownFileType = sourcecode.c.h; path = TheSenderModel.h; sourceTree = "<group>"; };
		C266EC881C8C14D000586C17 /* TheSenderModel.m */ = {isa = PBXFileReference; fileEncoding = 4; lastKnownFileType = sourcecode.c.objc; path = TheSenderModel.m; sourceTree = "<group>"; };
		C266EC891C8C14D000586C17 /* UserModel.h */ = {isa = PBXFileReference; fileEncoding = 4; lastKnownFileType = sourcecode.c.h; path = UserModel.h; sourceTree = "<group>"; };
		C266EC8A1C8C14D000586C17 /* UserModel.m */ = {isa = PBXFileReference; fileEncoding = 4; lastKnownFileType = sourcecode.c.objc; path = UserModel.m; sourceTree = "<group>"; };
		C266EC981C8C154900586C17 /* UserPrefixHeader.pch */ = {isa = PBXFileReference; fileEncoding = 4; lastKnownFileType = sourcecode.c.h; path = UserPrefixHeader.pch; sourceTree = "<group>"; };
		C266EC9A1C8C15DF00586C17 /* WC_NetTools.h */ = {isa = PBXFileReference; fileEncoding = 4; lastKnownFileType = sourcecode.c.h; path = WC_NetTools.h; sourceTree = "<group>"; };
		C266EC9B1C8C15DF00586C17 /* WC_NetTools.m */ = {isa = PBXFileReference; fileEncoding = 4; lastKnownFileType = sourcecode.c.objc; path = WC_NetTools.m; sourceTree = "<group>"; };
		C266EC9C1C8C15DF00586C17 /* WLLUserViewManager.h */ = {isa = PBXFileReference; fileEncoding = 4; lastKnownFileType = sourcecode.c.h; path = WLLUserViewManager.h; sourceTree = "<group>"; };
		C266EC9D1C8C15DF00586C17 /* WLLUserViewManager.m */ = {isa = PBXFileReference; fileEncoding = 4; lastKnownFileType = sourcecode.c.objc; path = WLLUserViewManager.m; sourceTree = "<group>"; };
		C266ECA11C8C168A00586C17 /* NotificationViewController.h */ = {isa = PBXFileReference; fileEncoding = 4; lastKnownFileType = sourcecode.c.h; path = NotificationViewController.h; sourceTree = "<group>"; };
		C266ECA21C8C168A00586C17 /* NotificationViewController.m */ = {isa = PBXFileReference; fileEncoding = 4; lastKnownFileType = sourcecode.c.objc; path = NotificationViewController.m; sourceTree = "<group>"; };
		C266ECA31C8C168A00586C17 /* NotificationViewController.xib */ = {isa = PBXFileReference; fileEncoding = 4; lastKnownFileType = file.xib; path = NotificationViewController.xib; sourceTree = "<group>"; };
		C266ECA41C8C168A00586C17 /* SettingInTableViewController.h */ = {isa = PBXFileReference; fileEncoding = 4; lastKnownFileType = sourcecode.c.h; path = SettingInTableViewController.h; sourceTree = "<group>"; };
		C266ECA51C8C168A00586C17 /* SettingInTableViewController.m */ = {isa = PBXFileReference; fileEncoding = 4; lastKnownFileType = sourcecode.c.objc; path = SettingInTableViewController.m; sourceTree = "<group>"; };
		C266ECA61C8C168A00586C17 /* SettingInTableViewController.xib */ = {isa = PBXFileReference; fileEncoding = 4; lastKnownFileType = file.xib; path = SettingInTableViewController.xib; sourceTree = "<group>"; };
		C266ECA71C8C168A00586C17 /* WLLLogInViewController.h */ = {isa = PBXFileReference; fileEncoding = 4; lastKnownFileType = sourcecode.c.h; path = WLLLogInViewController.h; sourceTree = "<group>"; };
		C266ECA81C8C168A00586C17 /* WLLLogInViewController.m */ = {isa = PBXFileReference; fileEncoding = 4; lastKnownFileType = sourcecode.c.objc; path = WLLLogInViewController.m; sourceTree = "<group>"; };
		C266ECA91C8C168A00586C17 /* WLLLogInViewController.xib */ = {isa = PBXFileReference; fileEncoding = 4; lastKnownFileType = file.xib; path = WLLLogInViewController.xib; sourceTree = "<group>"; };
		C266ECAA1C8C168A00586C17 /* WLLMyDownloadViewController.h */ = {isa = PBXFileReference; fileEncoding = 4; lastKnownFileType = sourcecode.c.h; path = WLLMyDownloadViewController.h; sourceTree = "<group>"; };
		C266ECAB1C8C168A00586C17 /* WLLMyDownloadViewController.m */ = {isa = PBXFileReference; fileEncoding = 4; lastKnownFileType = sourcecode.c.objc; path = WLLMyDownloadViewController.m; sourceTree = "<group>"; };
		C266ECAC1C8C168A00586C17 /* WLLMyDownloadViewController.xib */ = {isa = PBXFileReference; fileEncoding = 4; lastKnownFileType = file.xib; path = WLLMyDownloadViewController.xib; sourceTree = "<group>"; };
		C266ECB61C8C16FF00586C17 /* NotificationRadioTableViewCell.h */ = {isa = PBXFileReference; fileEncoding = 4; lastKnownFileType = sourcecode.c.h; path = NotificationRadioTableViewCell.h; sourceTree = "<group>"; };
		C266ECB71C8C16FF00586C17 /* NotificationRadioTableViewCell.m */ = {isa = PBXFileReference; fileEncoding = 4; lastKnownFileType = sourcecode.c.objc; path = NotificationRadioTableViewCell.m; sourceTree = "<group>"; };
		C266ECB81C8C16FF00586C17 /* NotificationRadioTableViewCell.xib */ = {isa = PBXFileReference; fileEncoding = 4; lastKnownFileType = file.xib; path = NotificationRadioTableViewCell.xib; sourceTree = "<group>"; };
		C266ECB91C8C16FF00586C17 /* SettingInTableViewCell.h */ = {isa = PBXFileReference; fileEncoding = 4; lastKnownFileType = sourcecode.c.h; path = SettingInTableViewCell.h; sourceTree = "<group>"; };
		C266ECBA1C8C16FF00586C17 /* SettingInTableViewCell.m */ = {isa = PBXFileReference; fileEncoding = 4; lastKnownFileType = sourcecode.c.objc; path = SettingInTableViewCell.m; sourceTree = "<group>"; };
		C266ECBB1C8C16FF00586C17 /* SettingInTableViewCell.xib */ = {isa = PBXFileReference; fileEncoding = 4; lastKnownFileType = file.xib; path = SettingInTableViewCell.xib; sourceTree = "<group>"; };
		C266ECBC1C8C16FF00586C17 /* UserTableViewCell.h */ = {isa = PBXFileReference; fileEncoding = 4; lastKnownFileType = sourcecode.c.h; path = UserTableViewCell.h; sourceTree = "<group>"; };
		C266ECBD1C8C16FF00586C17 /* UserTableViewCell.m */ = {isa = PBXFileReference; fileEncoding = 4; lastKnownFileType = sourcecode.c.objc; path = UserTableViewCell.m; sourceTree = "<group>"; };
		C266ECBE1C8C16FF00586C17 /* UserTableViewCell.xib */ = {isa = PBXFileReference; fileEncoding = 4; lastKnownFileType = file.xib; path = UserTableViewCell.xib; sourceTree = "<group>"; };
		C2D0D3F21C8D726900555F58 /* libicucore.tbd */ = {isa = PBXFileReference; lastKnownFileType = "sourcecode.text-based-dylib-definition"; name = libicucore.tbd; path = usr/lib/libicucore.tbd; sourceTree = SDKROOT; };
		C2D0D3F41C8D728900555F58 /* libz.tbd */ = {isa = PBXFileReference; lastKnownFileType = "sourcecode.text-based-dylib-definition"; name = libz.tbd; path = usr/lib/libz.tbd; sourceTree = SDKROOT; };
		C2D0D3F61C8D72A900555F58 /* MessageUI.framework */ = {isa = PBXFileReference; lastKnownFileType = wrapper.framework; name = MessageUI.framework; path = System/Library/Frameworks/MessageUI.framework; sourceTree = SDKROOT; };
		C2D0D3F81C8D72C800555F58 /* JavaScriptCore.framework */ = {isa = PBXFileReference; lastKnownFileType = wrapper.framework; name = JavaScriptCore.framework; path = System/Library/Frameworks/JavaScriptCore.framework; sourceTree = SDKROOT; };
		C2D0D3FA1C8D72D800555F58 /* libstdc++.tbd */ = {isa = PBXFileReference; lastKnownFileType = "sourcecode.text-based-dylib-definition"; name = "libstdc++.tbd"; path = "usr/lib/libstdc++.tbd"; sourceTree = SDKROOT; };
		F72FA55B1A9167E3A182948E /* libPods.a */ = {isa = PBXFileReference; explicitFileType = archive.ar; includeInIndex = 0; path = libPods.a; sourceTree = BUILT_PRODUCTS_DIR; };
		FEBD28042374DBC921FDACE7 /* Pods.debug.xcconfig */ = {isa = PBXFileReference; includeInIndex = 1; lastKnownFileType = text.xcconfig; name = Pods.debug.xcconfig; path = "Pods/Target Support Files/Pods/Pods.debug.xcconfig"; sourceTree = "<group>"; };
/* End PBXFileReference section */

/* Begin PBXFrameworksBuildPhase section */
		C2431EE81C84672A0061FAB1 /* Frameworks */ = {
			isa = PBXFrameworksBuildPhase;
			buildActionMask = 2147483647;
			files = (
				C2D0D3FB1C8D72D800555F58 /* libstdc++.tbd in Frameworks */,
				C2D0D3F91C8D72C800555F58 /* JavaScriptCore.framework in Frameworks */,
				C2D0D3F71C8D72A900555F58 /* MessageUI.framework in Frameworks */,
				C2D0D3F51C8D728900555F58 /* libz.tbd in Frameworks */,
				C2D0D3F31C8D726900555F58 /* libicucore.tbd in Frameworks */,
				8F4392DFC54211A4C6A6C54D /* libPods.a in Frameworks */,
			);
			runOnlyForDeploymentPostprocessing = 0;
		};
/* End PBXFrameworksBuildPhase section */

/* Begin PBXGroup section */
		0ADCC3C105CF61F8C6ECAC36 /* Pods */ = {
			isa = PBXGroup;
			children = (
				FEBD28042374DBC921FDACE7 /* Pods.debug.xcconfig */,
				4B75252F52C4AAA28E41E917 /* Pods.release.xcconfig */,
			);
			name = Pods;
			sourceTree = "<group>";
		};
		C2431EE21C84672A0061FAB1 = {
			isa = PBXGroup;
			children = (
				C2431EED1C84672A0061FAB1 /* TakingYouFurther */,
				C2431EEC1C84672A0061FAB1 /* Products */,
				0ADCC3C105CF61F8C6ECAC36 /* Pods */,
				F34BFDCBEF020DC1B7AEBDD9 /* Frameworks */,
			);
			sourceTree = "<group>";
		};
		C2431EEC1C84672A0061FAB1 /* Products */ = {
			isa = PBXGroup;
			children = (
				C2431EEB1C84672A0061FAB1 /* TakingYouFurther.app */,
			);
			name = Products;
			sourceTree = "<group>";
		};
		C2431EED1C84672A0061FAB1 /* TakingYouFurther */ = {
			isa = PBXGroup;
			children = (
				C2431F081C84687E0061FAB1 /* Classes */,
				C2431EF71C84672A0061FAB1 /* Main.storyboard */,
				C2431EFD1C84672A0061FAB1 /* Assets.xcassets */,
				C2431EFF1C84672B0061FAB1 /* LaunchScreen.storyboard */,
				C2431F021C84672B0061FAB1 /* Info.plist */,
				C2431EFA1C84672A0061FAB1 /* TakingYouFurther.xcdatamodeld */,
				C2431EEE1C84672A0061FAB1 /* Supporting Files */,
			);
			path = TakingYouFurther;
			sourceTree = "<group>";
		};
		C2431EEE1C84672A0061FAB1 /* Supporting Files */ = {
			isa = PBXGroup;
			children = (
				C2431EEF1C84672A0061FAB1 /* main.m */,
			);
			name = "Supporting Files";
			sourceTree = "<group>";
		};
		C2431F081C84687E0061FAB1 /* Classes */ = {
			isa = PBXGroup;
			children = (
				C2431F091C84687E0061FAB1 /* AppDelegate */,
				C2431F0C1C84687E0061FAB1 /* Headers */,
				C2431F0D1C84687E0061FAB1 /* Helpers */,
				C2431F0E1C84687E0061FAB1 /* Models */,
				C2431F0F1C84687E0061FAB1 /* Resources */,
				C2431F101C84687E0061FAB1 /* ThirdParties */,
				C2431F111C84687E0061FAB1 /* ViewControllers */,
				C2431F141C84687E0061FAB1 /* Views */,
			);
			path = Classes;
			sourceTree = "<group>";
		};
		C2431F091C84687E0061FAB1 /* AppDelegate */ = {
			isa = PBXGroup;
			children = (
				C2431F0A1C84687E0061FAB1 /* AppDelegate.h */,
				C2431F0B1C84687E0061FAB1 /* AppDelegate.m */,
			);
			path = AppDelegate;
			sourceTree = "<group>";
		};
		C2431F0C1C84687E0061FAB1 /* Headers */ = {
			isa = PBXGroup;
			children = (
				C266EC971C8C154900586C17 /* CWHeaderPCH */,
				C2431F181C8468A90061FAB1 /* file1 */,
			);
			path = Headers;
			sourceTree = "<group>";
		};
		C2431F0D1C84687E0061FAB1 /* Helpers */ = {
			isa = PBXGroup;
			children = (
				C266EC991C8C15DF00586C17 /* WCHelpers */,
				C2431F1A1C8468B40061FAB1 /* file2 */,
			);
			path = Helpers;
			sourceTree = "<group>";
		};
		C2431F0E1C84687E0061FAB1 /* Models */ = {
			isa = PBXGroup;
			children = (
				C266EC711C8C14D000586C17 /* CWMFWRecommendedMOdels */,
				C266EC741C8C14D000586C17 /* CWNOtificationModels */,
				C2431F1C1C8468BE0061FAB1 /* file3 */,
				C21574AE1C8EF9270021A172 /* LogInfirstCellModel.h */,
				C21574AF1C8EF9270021A172 /* LogInfirstCellModel.m */,
				C21574B11C8EFBA20021A172 /* LogInSecondCellModel.h */,
				C21574B21C8EFBA20021A172 /* LogInSecondCellModel.m */,
			);
			path = Models;
			sourceTree = "<group>";
		};
		C2431F0F1C84687E0061FAB1 /* Resources */ = {
			isa = PBXGroup;
			children = (
				C2431F1E1C8468C60061FAB1 /* file4 */,
			);
			path = Resources;
			sourceTree = "<group>";
		};
		C2431F101C84687E0061FAB1 /* ThirdParties */ = {
			isa = PBXGroup;
			children = (
				C2431F201C8468CE0061FAB1 /* file5 */,
			);
			path = ThirdParties;
			sourceTree = "<group>";
		};
		C2431F111C84687E0061FAB1 /* ViewControllers */ = {
			isa = PBXGroup;
			children = (
				C2431F121C84687E0061FAB1 /* BaseViewControllers */,
				C2431F131C84687E0061FAB1 /* NormalViewControllers */,
			);
			path = ViewControllers;
			sourceTree = "<group>";
		};
		C2431F121C84687E0061FAB1 /* BaseViewControllers */ = {
			isa = PBXGroup;
			children = (
				C2431F2F1C846B870061FAB1 /* WLLHomePageViewController.h */,
				C2431F301C846B870061FAB1 /* WLLHomePageViewController.m */,
				C2431F311C846B870061FAB1 /* WLLHomePageViewController.xib */,
				C2431F341C846BBE0061FAB1 /* WLLDestinationViewController.h */,
				C2431F351C846BBE0061FAB1 /* WLLDestinationViewController.m */,
				C2431F361C846BBE0061FAB1 /* WLLDestinationViewController.xib */,
				C2431F391C846BD60061FAB1 /* WLLUserViewController.h */,
				C2431F3A1C846BD60061FAB1 /* WLLUserViewController.m */,
				C2431F3B1C846BD60061FAB1 /* WLLUserViewController.xib */,
			);
			path = BaseViewControllers;
			sourceTree = "<group>";
		};
		C2431F131C84687E0061FAB1 /* NormalViewControllers */ = {
			isa = PBXGroup;
			children = (
				C266ECA01C8C168A00586C17 /* CWNormalViewControllers */,
				C2431F241C8468DD0061FAB1 /* file6 */,
			);
			path = NormalViewControllers;
			sourceTree = "<group>";
		};
		C2431F141C84687E0061FAB1 /* Views */ = {
			isa = PBXGroup;
			children = (
				C2431F151C84687E0061FAB1 /* BaseViews */,
				C2431F161C84687E0061FAB1 /* NormalViews */,
			);
			path = Views;
			sourceTree = "<group>";
		};
		C2431F151C84687E0061FAB1 /* BaseViews */ = {
			isa = PBXGroup;
			children = (
				C266ECB51C8C16FF00586C17 /* CWBaseViews */,
				C2431F261C8468E60061FAB1 /* file7 */,
			);
			path = BaseViews;
			sourceTree = "<group>";
		};
		C2431F161C84687E0061FAB1 /* NormalViews */ = {
			isa = PBXGroup;
			children = (
				C2431F281C8468EE0061FAB1 /* file8 */,
			);
			path = NormalViews;
			sourceTree = "<group>";
		};
		C266EC711C8C14D000586C17 /* CWMFWRecommendedMOdels */ = {
			isa = PBXGroup;
			children = (
				C266EC721C8C14D000586C17 /* RecommendedModel.h */,
				C266EC731C8C14D000586C17 /* RecommendedModel.m */,
			);
			path = CWMFWRecommendedMOdels;
			sourceTree = "<group>";
		};
		C266EC741C8C14D000586C17 /* CWNOtificationModels */ = {
			isa = PBXGroup;
			children = (
				C266EC751C8C14D000586C17 /* ListModel.h */,
				C266EC761C8C14D000586C17 /* ListModel.m */,
				C266EC771C8C14D000586C17 /* NOfiticationRadioFirstModel.h */,
				C266EC781C8C14D000586C17 /* NOfiticationRadioFirstModel.m */,
				C266EC791C8C14D000586C17 /* RadioModel.h */,
				C266EC7A1C8C14D000586C17 /* RadioModel.m */,
				C266EC7B1C8C14D000586C17 /* TheContentModel.h */,
				C266EC7C1C8C14D000586C17 /* TheContentModel.m */,
				C266EC7D1C8C14D000586C17 /* TheDataModel.h */,
				C266EC7E1C8C14D000586C17 /* TheDataModel.m */,
				C266EC7F1C8C14D000586C17 /* TheExtModel.h */,
				C266EC801C8C14D000586C17 /* TheExtModel.m */,
				C266EC811C8C14D000586C17 /* TheImageModel.h */,
				C266EC821C8C14D000586C17 /* TheImageModel.m */,
				C266EC831C8C14D000586C17 /* TheMessageModel.h */,
				C266EC841C8C14D000586C17 /* TheMessageModel.m */,
				C266EC851C8C14D000586C17 /* TheMoreModel.h */,
				C266EC861C8C14D000586C17 /* TheMoreModel.m */,
				C21EBBAB1C90216000AB15CB /* LogOutModel.h */,
				C21EBBAC1C90216000AB15CB /* LogOutModel.m */,
				C266EC871C8C14D000586C17 /* TheSenderModel.h */,
				C266EC881C8C14D000586C17 /* TheSenderModel.m */,
				C266EC891C8C14D000586C17 /* UserModel.h */,
				C266EC8A1C8C14D000586C17 /* UserModel.m */,
			);
			path = CWNOtificationModels;
			sourceTree = "<group>";
		};
		C266EC971C8C154900586C17 /* CWHeaderPCH */ = {
			isa = PBXGroup;
			children = (
				C266EC981C8C154900586C17 /* UserPrefixHeader.pch */,
			);
			path = CWHeaderPCH;
			sourceTree = "<group>";
		};
		C266EC991C8C15DF00586C17 /* WCHelpers */ = {
			isa = PBXGroup;
			children = (
				C266EC9A1C8C15DF00586C17 /* WC_NetTools.h */,
				C266EC9B1C8C15DF00586C17 /* WC_NetTools.m */,
				C266EC9C1C8C15DF00586C17 /* WLLUserViewManager.h */,
				C266EC9D1C8C15DF00586C17 /* WLLUserViewManager.m */,
			);
			path = WCHelpers;
			sourceTree = "<group>";
		};
		C266ECA01C8C168A00586C17 /* CWNormalViewControllers */ = {
			isa = PBXGroup;
			children = (
				C266ECA11C8C168A00586C17 /* NotificationViewController.h */,
				C266ECA21C8C168A00586C17 /* NotificationViewController.m */,
				C266ECA31C8C168A00586C17 /* NotificationViewController.xib */,
				C266ECA41C8C168A00586C17 /* SettingInTableViewController.h */,
				C266ECA51C8C168A00586C17 /* SettingInTableViewController.m */,
				C266ECA61C8C168A00586C17 /* SettingInTableViewController.xib */,
				C266ECA71C8C168A00586C17 /* WLLLogInViewController.h */,
				C266ECA81C8C168A00586C17 /* WLLLogInViewController.m */,
				C266ECA91C8C168A00586C17 /* WLLLogInViewController.xib */,
				C266ECAA1C8C168A00586C17 /* WLLMyDownloadViewController.h */,
				C266ECAB1C8C168A00586C17 /* WLLMyDownloadViewController.m */,
				C266ECAC1C8C168A00586C17 /* WLLMyDownloadViewController.xib */,
				C21574A11C8E82420021A172 /* WLLPhoneNumberSignUpViewController.h */,
				C21574A21C8E82420021A172 /* WLLPhoneNumberSignUpViewController.m */,
				C21574A31C8E82420021A172 /* WLLPhoneNumberSignUpViewController.xib */,
				C21EBB8D1C8FB7BC00AB15CB /* WLLPersonalPageViewController.h */,
				C21EBB8E1C8FB7BC00AB15CB /* WLLPersonalPageViewController.m */,
				C21EBB8F1C8FB7BC00AB15CB /* WLLPersonalPageViewController.xib */,
				C21EBBA11C9014A400AB15CB /* WLLCollectionViewController.h */,
				C21EBBA21C9014A400AB15CB /* WLLCollectionViewController.m */,
				C21EBBA31C9014A400AB15CB /* WLLCollectionViewController.xib */,
				C21EBBB81C905AAD00AB15CB /* WLLResetPasswordViewController.h */,
				C21EBBB91C905AAD00AB15CB /* WLLResetPasswordViewController.m */,
				C21EBBBA1C905AAD00AB15CB /* WLLResetPasswordViewController.xib */,
			);
			path = CWNormalViewControllers;
			sourceTree = "<group>";
		};
		C266ECB51C8C16FF00586C17 /* CWBaseViews */ = {
			isa = PBXGroup;
			children = (
				C266ECB61C8C16FF00586C17 /* NotificationRadioTableViewCell.h */,
				C266ECB71C8C16FF00586C17 /* NotificationRadioTableViewCell.m */,
				C266ECB81C8C16FF00586C17 /* NotificationRadioTableViewCell.xib */,
				C266ECB91C8C16FF00586C17 /* SettingInTableViewCell.h */,
				C266ECBA1C8C16FF00586C17 /* SettingInTableViewCell.m */,
				C266ECBB1C8C16FF00586C17 /* SettingInTableViewCell.xib */,
				C21EBBA61C9020E700AB15CB /* LogOutTableViewCell.h */,
				C21EBBA71C9020E700AB15CB /* LogOutTableViewCell.m */,
				C21EBBA81C9020E700AB15CB /* LogOutTableViewCell.xib */,
				C266ECBC1C8C16FF00586C17 /* UserTableViewCell.h */,
				C266ECBD1C8C16FF00586C17 /* UserTableViewCell.m */,
				C266ECBE1C8C16FF00586C17 /* UserTableViewCell.xib */,
				C21574A91C8EF0440021A172 /* logInFirstTableViewCell.h */,
				C21574AA1C8EF0440021A172 /* logInFirstTableViewCell.m */,
				C21574AB1C8EF0440021A172 /* logInFirstTableViewCell.xib */,
				C21574B41C8EFC830021A172 /* LogInSecondTableViewCell.h */,
				C21574B51C8EFC830021A172 /* LogInSecondTableViewCell.m */,
				C21574B61C8EFC830021A172 /* LogInSecondTableViewCell.xib */,
			);
			path = CWBaseViews;
			sourceTree = "<group>";
		};
		F34BFDCBEF020DC1B7AEBDD9 /* Frameworks */ = {
			isa = PBXGroup;
			children = (
				C2D0D3FA1C8D72D800555F58 /* libstdc++.tbd */,
				C2D0D3F81C8D72C800555F58 /* JavaScriptCore.framework */,
				C2D0D3F61C8D72A900555F58 /* MessageUI.framework */,
				C2D0D3F41C8D728900555F58 /* libz.tbd */,
				C2D0D3F21C8D726900555F58 /* libicucore.tbd */,
				F72FA55B1A9167E3A182948E /* libPods.a */,
			);
			name = Frameworks;
			sourceTree = "<group>";
		};
/* End PBXGroup section */

/* Begin PBXNativeTarget section */
		C2431EEA1C84672A0061FAB1 /* TakingYouFurther */ = {
			isa = PBXNativeTarget;
			buildConfigurationList = C2431F051C84672B0061FAB1 /* Build configuration list for PBXNativeTarget "TakingYouFurther" */;
			buildPhases = (
				C27A6E97EB20CD163B8DEB68 /* Check Pods Manifest.lock */,
				C2431EE71C84672A0061FAB1 /* Sources */,
				C2431EE81C84672A0061FAB1 /* Frameworks */,
				C2431EE91C84672A0061FAB1 /* Resources */,
				4AAAC4A00E96C0499BB9B21A /* Embed Pods Frameworks */,
				002068C98E2F48452BE74E9A /* Copy Pods Resources */,
			);
			buildRules = (
			);
			dependencies = (
			);
			name = TakingYouFurther;
			productName = TakingYouFurther;
			productReference = C2431EEB1C84672A0061FAB1 /* TakingYouFurther.app */;
			productType = "com.apple.product-type.application";
		};
/* End PBXNativeTarget section */

/* Begin PBXProject section */
		C2431EE31C84672A0061FAB1 /* Project object */ = {
			isa = PBXProject;
			attributes = {
				LastUpgradeCheck = 0700;
				ORGANIZATIONNAME = lanou3g;
				TargetAttributes = {
					C2431EEA1C84672A0061FAB1 = {
						CreatedOnToolsVersion = 7.0;
					};
				};
			};
			buildConfigurationList = C2431EE61C84672A0061FAB1 /* Build configuration list for PBXProject "TakingYouFurther" */;
			compatibilityVersion = "Xcode 3.2";
			developmentRegion = English;
			hasScannedForEncodings = 0;
			knownRegions = (
				en,
				Base,
			);
			mainGroup = C2431EE21C84672A0061FAB1;
			productRefGroup = C2431EEC1C84672A0061FAB1 /* Products */;
			projectDirPath = "";
			projectRoot = "";
			targets = (
				C2431EEA1C84672A0061FAB1 /* TakingYouFurther */,
			);
		};
/* End PBXProject section */

/* Begin PBXResourcesBuildPhase section */
		C2431EE91C84672A0061FAB1 /* Resources */ = {
			isa = PBXResourcesBuildPhase;
			buildActionMask = 2147483647;
			files = (
				C266ECB01C8C168A00586C17 /* SettingInTableViewController.xib in Resources */,
				C266ECB41C8C168A00586C17 /* WLLMyDownloadViewController.xib in Resources */,
				C21EBBA51C9014A400AB15CB /* WLLCollectionViewController.xib in Resources */,
				C2431F191C8468A90061FAB1 /* file1 in Resources */,
				C2431F011C84672B0061FAB1 /* LaunchScreen.storyboard in Resources */,
				C2431F1F1C8468C60061FAB1 /* file4 in Resources */,
				C21574B81C8EFC830021A172 /* LogInSecondTableViewCell.xib in Resources */,
				C2431F1D1C8468BE0061FAB1 /* file3 in Resources */,
				C2431F251C8468DD0061FAB1 /* file6 in Resources */,
				C21574AD1C8EF0440021A172 /* logInFirstTableViewCell.xib in Resources */,
				C2431F211C8468CE0061FAB1 /* file5 in Resources */,
				C266ECC01C8C16FF00586C17 /* NotificationRadioTableViewCell.xib in Resources */,
				C2431F381C846BBE0061FAB1 /* WLLDestinationViewController.xib in Resources */,
				C21574A51C8E82420021A172 /* WLLPhoneNumberSignUpViewController.xib in Resources */,
				C266ECC41C8C16FF00586C17 /* UserTableViewCell.xib in Resources */,
				C2431F271C8468E60061FAB1 /* file7 in Resources */,
				C266ECC21C8C16FF00586C17 /* SettingInTableViewCell.xib in Resources */,
				C2431EFE1C84672A0061FAB1 /* Assets.xcassets in Resources */,
				C2431F291C8468EE0061FAB1 /* file8 in Resources */,
				C21EBBAA1C9020E700AB15CB /* LogOutTableViewCell.xib in Resources */,
				C2431EF91C84672A0061FAB1 /* Main.storyboard in Resources */,
				C266ECB21C8C168A00586C17 /* WLLLogInViewController.xib in Resources */,
				C2431F3D1C846BD60061FAB1 /* WLLUserViewController.xib in Resources */,
				C266ECAE1C8C168A00586C17 /* NotificationViewController.xib in Resources */,
				C21EBB911C8FB7BC00AB15CB /* WLLPersonalPageViewController.xib in Resources */,
				C2431F1B1C8468B40061FAB1 /* file2 in Resources */,
				C2431F331C846B870061FAB1 /* WLLHomePageViewController.xib in Resources */,
				C21EBBBC1C905AAD00AB15CB /* WLLResetPasswordViewController.xib in Resources */,
			);
			runOnlyForDeploymentPostprocessing = 0;
		};
/* End PBXResourcesBuildPhase section */

/* Begin PBXShellScriptBuildPhase section */
		002068C98E2F48452BE74E9A /* Copy Pods Resources */ = {
			isa = PBXShellScriptBuildPhase;
			buildActionMask = 2147483647;
			files = (
			);
			inputPaths = (
			);
			name = "Copy Pods Resources";
			outputPaths = (
			);
			runOnlyForDeploymentPostprocessing = 0;
			shellPath = /bin/sh;
			shellScript = "\"${SRCROOT}/Pods/Target Support Files/Pods/Pods-resources.sh\"\n";
			showEnvVarsInLog = 0;
		};
		4AAAC4A00E96C0499BB9B21A /* Embed Pods Frameworks */ = {
			isa = PBXShellScriptBuildPhase;
			buildActionMask = 2147483647;
			files = (
			);
			inputPaths = (
			);
			name = "Embed Pods Frameworks";
			outputPaths = (
			);
			runOnlyForDeploymentPostprocessing = 0;
			shellPath = /bin/sh;
			shellScript = "\"${SRCROOT}/Pods/Target Support Files/Pods/Pods-frameworks.sh\"\n";
			showEnvVarsInLog = 0;
		};
		C27A6E97EB20CD163B8DEB68 /* Check Pods Manifest.lock */ = {
			isa = PBXShellScriptBuildPhase;
			buildActionMask = 2147483647;
			files = (
			);
			inputPaths = (
			);
			name = "Check Pods Manifest.lock";
			outputPaths = (
			);
			runOnlyForDeploymentPostprocessing = 0;
			shellPath = /bin/sh;
			shellScript = "diff \"${PODS_ROOT}/../Podfile.lock\" \"${PODS_ROOT}/Manifest.lock\" > /dev/null\nif [[ $? != 0 ]] ; then\n    cat << EOM\nerror: The sandbox is not in sync with the Podfile.lock. Run 'pod install' or update your CocoaPods installation.\nEOM\n    exit 1\nfi\n";
			showEnvVarsInLog = 0;
		};
/* End PBXShellScriptBuildPhase section */

/* Begin PBXSourcesBuildPhase section */
		C2431EE71C84672A0061FAB1 /* Sources */ = {
			isa = PBXSourcesBuildPhase;
			buildActionMask = 2147483647;
			files = (
				C266EC911C8C14D000586C17 /* TheExtModel.m in Sources */,
				C21EBB901C8FB7BC00AB15CB /* WLLPersonalPageViewController.m in Sources */,
				C21EBBA91C9020E700AB15CB /* LogOutTableViewCell.m in Sources */,
				C266EC8F1C8C14D000586C17 /* TheContentModel.m in Sources */,
				C21574B31C8EFBA20021A172 /* LogInSecondCellModel.m in Sources */,
				C21EBBA41C9014A400AB15CB /* WLLCollectionViewController.m in Sources */,
				C266ECC31C8C16FF00586C17 /* UserTableViewCell.m in Sources */,
				C266EC931C8C14D000586C17 /* TheMessageModel.m in Sources */,
				C266EC951C8C14D000586C17 /* TheSenderModel.m in Sources */,
				C266ECAD1C8C168A00586C17 /* NotificationViewController.m in Sources */,
				C266EC8B1C8C14D000586C17 /* RecommendedModel.m in Sources */,
				C266ECBF1C8C16FF00586C17 /* NotificationRadioTableViewCell.m in Sources */,
				C2431F371C846BBE0061FAB1 /* WLLDestinationViewController.m in Sources */,
				C266EC901C8C14D000586C17 /* TheDataModel.m in Sources */,
				C2431EFC1C84672A0061FAB1 /* TakingYouFurther.xcdatamodeld in Sources */,
				C21EBBAD1C90216000AB15CB /* LogOutModel.m in Sources */,
				C21EBBBB1C905AAD00AB15CB /* WLLResetPasswordViewController.m in Sources */,
				C266ECB11C8C168A00586C17 /* WLLLogInViewController.m in Sources */,
				C21574B71C8EFC830021A172 /* LogInSecondTableViewCell.m in Sources */,
				C21574AC1C8EF0440021A172 /* logInFirstTableViewCell.m in Sources */,
				C2431EF01C84672A0061FAB1 /* main.m in Sources */,
				C266EC8D1C8C14D000586C17 /* NOfiticationRadioFirstModel.m in Sources */,
				C21574A41C8E82420021A172 /* WLLPhoneNumberSignUpViewController.m in Sources */,
				C21574B01C8EF9270021A172 /* LogInfirstCellModel.m in Sources */,
				C266ECC11C8C16FF00586C17 /* SettingInTableViewCell.m in Sources */,
				C266EC8E1C8C14D000586C17 /* RadioModel.m in Sources */,
				C266EC941C8C14D000586C17 /* TheMoreModel.m in Sources */,
				C266EC961C8C14D000586C17 /* UserModel.m in Sources */,
				C266EC9E1C8C15E000586C17 /* WC_NetTools.m in Sources */,
				C2431F321C846B870061FAB1 /* WLLHomePageViewController.m in Sources */,
				C2431F171C84687E0061FAB1 /* AppDelegate.m in Sources */,
				C266ECAF1C8C168A00586C17 /* SettingInTableViewController.m in Sources */,
				C266ECB31C8C168A00586C17 /* WLLMyDownloadViewController.m in Sources */,
				C266EC921C8C14D000586C17 /* TheImageModel.m in Sources */,
				C2431F3C1C846BD60061FAB1 /* WLLUserViewController.m in Sources */,
				C266EC8C1C8C14D000586C17 /* ListModel.m in Sources */,
				C266EC9F1C8C15E000586C17 /* WLLUserViewManager.m in Sources */,
			);
			runOnlyForDeploymentPostprocessing = 0;
		};
/* End PBXSourcesBuildPhase section */

/* Begin PBXVariantGroup section */
		C2431EF71C84672A0061FAB1 /* Main.storyboard */ = {
			isa = PBXVariantGroup;
			children = (
				C2431EF81C84672A0061FAB1 /* Base */,
			);
			name = Main.storyboard;
			sourceTree = "<group>";
		};
		C2431EFF1C84672B0061FAB1 /* LaunchScreen.storyboard */ = {
			isa = PBXVariantGroup;
			children = (
				C2431F001C84672B0061FAB1 /* Base */,
			);
			name = LaunchScreen.storyboard;
			sourceTree = "<group>";
		};
/* End PBXVariantGroup section */

/* Begin XCBuildConfiguration section */
		C2431F031C84672B0061FAB1 /* Debug */ = {
			isa = XCBuildConfiguration;
			buildSettings = {
				ALWAYS_SEARCH_USER_PATHS = NO;
				CLANG_CXX_LANGUAGE_STANDARD = "gnu++0x";
				CLANG_CXX_LIBRARY = "libc++";
				CLANG_ENABLE_MODULES = YES;
				CLANG_ENABLE_OBJC_ARC = YES;
				CLANG_WARN_BOOL_CONVERSION = YES;
				CLANG_WARN_CONSTANT_CONVERSION = YES;
				CLANG_WARN_DIRECT_OBJC_ISA_USAGE = YES_ERROR;
				CLANG_WARN_EMPTY_BODY = YES;
				CLANG_WARN_ENUM_CONVERSION = YES;
				CLANG_WARN_INT_CONVERSION = YES;
				CLANG_WARN_OBJC_ROOT_CLASS = YES_ERROR;
				CLANG_WARN_UNREACHABLE_CODE = YES;
				CLANG_WARN__DUPLICATE_METHOD_MATCH = YES;
				"CODE_SIGN_IDENTITY[sdk=iphoneos*]" = "iPhone Developer";
				COPY_PHASE_STRIP = NO;
				DEBUG_INFORMATION_FORMAT = dwarf;
				ENABLE_STRICT_OBJC_MSGSEND = YES;
				ENABLE_TESTABILITY = YES;
				GCC_C_LANGUAGE_STANDARD = gnu99;
				GCC_DYNAMIC_NO_PIC = NO;
				GCC_NO_COMMON_BLOCKS = YES;
				GCC_OPTIMIZATION_LEVEL = 0;
				GCC_PREPROCESSOR_DEFINITIONS = (
					"DEBUG=1",
					"$(inherited)",
				);
				GCC_WARN_64_TO_32_BIT_CONVERSION = YES;
				GCC_WARN_ABOUT_RETURN_TYPE = YES_ERROR;
				GCC_WARN_UNDECLARED_SELECTOR = YES;
				GCC_WARN_UNINITIALIZED_AUTOS = YES_AGGRESSIVE;
				GCC_WARN_UNUSED_FUNCTION = YES;
				GCC_WARN_UNUSED_VARIABLE = YES;
				IPHONEOS_DEPLOYMENT_TARGET = 9.0;
				MTL_ENABLE_DEBUG_INFO = YES;
				ONLY_ACTIVE_ARCH = YES;
				SDKROOT = iphoneos;
			};
			name = Debug;
		};
		C2431F041C84672B0061FAB1 /* Release */ = {
			isa = XCBuildConfiguration;
			buildSettings = {
				ALWAYS_SEARCH_USER_PATHS = NO;
				CLANG_CXX_LANGUAGE_STANDARD = "gnu++0x";
				CLANG_CXX_LIBRARY = "libc++";
				CLANG_ENABLE_MODULES = YES;
				CLANG_ENABLE_OBJC_ARC = YES;
				CLANG_WARN_BOOL_CONVERSION = YES;
				CLANG_WARN_CONSTANT_CONVERSION = YES;
				CLANG_WARN_DIRECT_OBJC_ISA_USAGE = YES_ERROR;
				CLANG_WARN_EMPTY_BODY = YES;
				CLANG_WARN_ENUM_CONVERSION = YES;
				CLANG_WARN_INT_CONVERSION = YES;
				CLANG_WARN_OBJC_ROOT_CLASS = YES_ERROR;
				CLANG_WARN_UNREACHABLE_CODE = YES;
				CLANG_WARN__DUPLICATE_METHOD_MATCH = YES;
				"CODE_SIGN_IDENTITY[sdk=iphoneos*]" = "iPhone Developer";
				COPY_PHASE_STRIP = NO;
				DEBUG_INFORMATION_FORMAT = "dwarf-with-dsym";
				ENABLE_NS_ASSERTIONS = NO;
				ENABLE_STRICT_OBJC_MSGSEND = YES;
				GCC_C_LANGUAGE_STANDARD = gnu99;
				GCC_NO_COMMON_BLOCKS = YES;
				GCC_WARN_64_TO_32_BIT_CONVERSION = YES;
				GCC_WARN_ABOUT_RETURN_TYPE = YES_ERROR;
				GCC_WARN_UNDECLARED_SELECTOR = YES;
				GCC_WARN_UNINITIALIZED_AUTOS = YES_AGGRESSIVE;
				GCC_WARN_UNUSED_FUNCTION = YES;
				GCC_WARN_UNUSED_VARIABLE = YES;
				IPHONEOS_DEPLOYMENT_TARGET = 9.0;
				MTL_ENABLE_DEBUG_INFO = NO;
				SDKROOT = iphoneos;
				VALIDATE_PRODUCT = YES;
			};
			name = Release;
		};
		C2431F061C84672B0061FAB1 /* Debug */ = {
			isa = XCBuildConfiguration;
			baseConfigurationReference = FEBD28042374DBC921FDACE7 /* Pods.debug.xcconfig */;
			buildSettings = {
				ASSETCATALOG_COMPILER_APPICON_NAME = AppIcon;
				CODE_SIGN_IDENTITY = "iPhone Developer";
				GCC_PREFIX_HEADER = /Users/lanou3g/Desktop/TakingYouFurther/TakingYouFurther/TakingYouFurther/Classes/Headers/CWHeaderPCH/UserPrefixHeader.pch;
				INFOPLIST_FILE = TakingYouFurther/Info.plist;
				IPHONEOS_DEPLOYMENT_TARGET = 9.2;
				LD_RUNPATH_SEARCH_PATHS = "$(inherited) @executable_path/Frameworks";
				PRODUCT_BUNDLE_IDENTIFIER = com.lanou3g.TakingYouFurther;
				PRODUCT_NAME = "$(TARGET_NAME)";
			};
			name = Debug;
		};
		C2431F071C84672B0061FAB1 /* Release */ = {
			isa = XCBuildConfiguration;
			baseConfigurationReference = 4B75252F52C4AAA28E41E917 /* Pods.release.xcconfig */;
			buildSettings = {
				ASSETCATALOG_COMPILER_APPICON_NAME = AppIcon;
				CODE_SIGN_IDENTITY = "iPhone Developer";
				GCC_PREFIX_HEADER = /Users/lanou3g/Desktop/TakingYouFurther/TakingYouFurther/TakingYouFurther/Classes/Headers/CWHeaderPCH/UserPrefixHeader.pch;
				INFOPLIST_FILE = TakingYouFurther/Info.plist;
				IPHONEOS_DEPLOYMENT_TARGET = 9.2;
				LD_RUNPATH_SEARCH_PATHS = "$(inherited) @executable_path/Frameworks";
				PRODUCT_BUNDLE_IDENTIFIER = com.lanou3g.TakingYouFurther;
				PRODUCT_NAME = "$(TARGET_NAME)";
			};
			name = Release;
		};
/* End XCBuildConfiguration section */

/* Begin XCConfigurationList section */
		C2431EE61C84672A0061FAB1 /* Build configuration list for PBXProject "TakingYouFurther" */ = {
			isa = XCConfigurationList;
			buildConfigurations = (
				C2431F031C84672B0061FAB1 /* Debug */,
				C2431F041C84672B0061FAB1 /* Release */,
			);
			defaultConfigurationIsVisible = 0;
			defaultConfigurationName = Release;
		};
		C2431F051C84672B0061FAB1 /* Build configuration list for PBXNativeTarget "TakingYouFurther" */ = {
			isa = XCConfigurationList;
			buildConfigurations = (
				C2431F061C84672B0061FAB1 /* Debug */,
				C2431F071C84672B0061FAB1 /* Release */,
			);
			defaultConfigurationIsVisible = 0;
			defaultConfigurationName = Release;
		};
/* End XCConfigurationList section */

/* Begin XCVersionGroup section */
		C2431EFA1C84672A0061FAB1 /* TakingYouFurther.xcdatamodeld */ = {
			isa = XCVersionGroup;
			children = (
				C2431EFB1C84672A0061FAB1 /* TakingYouFurther.xcdatamodel */,
			);
			currentVersion = C2431EFB1C84672A0061FAB1 /* TakingYouFurther.xcdatamodel */;
			path = TakingYouFurther.xcdatamodeld;
			sourceTree = "<group>";
			versionGroupType = wrapper.xcdatamodel;
		};
/* End XCVersionGroup section */
	};
	rootObject = C2431EE31C84672A0061FAB1 /* Project object */;
}
